Microsoft Visual Studio Solution File, Format Version 9.00
# Visual Studio 2005
Project("{8BC9CEB8-8B4A-11D0-8D11-00A0C91BC942}") = "libexiv2", "libexiv2\libexiv2.vcproj", "{831EF580-92C8-4CA8-B0CE-3D906280A54D}"
	ProjectSection(ProjectDependencies) = postProject
		{09877CF4-83B6-44FE-A2E2-629AA5C8093E} = {09877CF4-83B6-44FE-A2E2-629AA5C8093E}
		{2C117585-9BA4-4BFE-8335-E3E9D51D4DA7} = {2C117585-9BA4-4BFE-8335-E3E9D51D4DA7}
		{729E4E11-3BBA-4306-B53C-8AEC45E70E10} = {729E4E11-3BBA-4306-B53C-8AEC45E70E10}
		{6ABBF8BA-0A23-4C5C-8AEB-1B2577625DFA} = {6ABBF8BA-0A23-4C5C-8AEB-1B2577625DFA}
		{6C4C06A3-6F8F-4067-AA4C-D5F41E1FFF9A} = {6C4C06A3-6F8F-4067-AA4C-D5F41E1FFF9A}
		{8308C68D-E12B-4C71-96F4-7137F6BEB654} = {8308C68D-E12B-4C71-96F4-7137F6BEB654}
		{F36F075A-880D-47BA-805F-C47850062121} = {F36F075A-880D-47BA-805F-C47850062121}
	EndProjectSection
EndProject
Project("{8BC9CEB8-8B4A-11D0-8D11-00A0C91BC942}") = "exiv2", "exiv2\exiv2.vcproj", "{07293CAC-00DA-493E-90C9-5D010C2B1B53}"
	ProjectSection(ProjectDependencies) = postProject
		{6C4C06A3-6F8F-4067-AA4C-D5F41E1FFF9A} = {6C4C06A3-6F8F-4067-AA4C-D5F41E1FFF9A}
		{6ABBF8BA-0A23-4C5C-8AEB-1B2577625DFA} = {6ABBF8BA-0A23-4C5C-8AEB-1B2577625DFA}
		{2C117585-9BA4-4BFE-8335-E3E9D51D4DA7} = {2C117585-9BA4-4BFE-8335-E3E9D51D4DA7}
		{729E4E11-3BBA-4306-B53C-8AEC45E70E10} = {729E4E11-3BBA-4306-B53C-8AEC45E70E10}
		{F36F075A-880D-47BA-805F-C47850062121} = {F36F075A-880D-47BA-805F-C47850062121}
		{831EF580-92C8-4CA8-B0CE-3D906280A54D} = {831EF580-92C8-4CA8-B0CE-3D906280A54D}
		{8308C68D-E12B-4C71-96F4-7137F6BEB654} = {8308C68D-E12B-4C71-96F4-7137F6BEB654}
		{09877CF4-83B6-44FE-A2E2-629AA5C8093E} = {09877CF4-83B6-44FE-A2E2-629AA5C8093E}
	EndProjectSection
EndProject
Project("{8BC9CEB8-8B4A-11D0-8D11-00A0C91BC942}") = "xmpsdk", "xmpsdk\xmpsdk.vcproj", "{09877CF4-83B6-44FE-A2E2-629AA5C8093E}"
EndProject
Project("{8BC9CEB8-8B4A-11D0-8D11-00A0C91BC942}") = "libexpat", "libexpat\libexpat.vcproj", "{6C4C06A3-6F8F-4067-AA4C-D5F41E1FFF9A}"
EndProject
Project("{8BC9CEB8-8B4A-11D0-8D11-00A0C91BC942}") = "zlib1", "zlib\zlib.vcproj", "{8308C68D-E12B-4C71-96F4-7137F6BEB654}"
EndProject
Project("{8BC9CEB8-8B4A-11D0-8D11-00A0C91BC942}") = "addmoddel", "addmoddel\addmoddel.vcproj", "{83914D93-57B3-4718-8A50-662C17C4AE8F}"
	ProjectSection(ProjectDependencies) = postProject
		{8308C68D-E12B-4C71-96F4-7137F6BEB654} = {8308C68D-E12B-4C71-96F4-7137F6BEB654}
		{6C4C06A3-6F8F-4067-AA4C-D5F41E1FFF9A} = {6C4C06A3-6F8F-4067-AA4C-D5F41E1FFF9A}
		{09877CF4-83B6-44FE-A2E2-629AA5C8093E} = {09877CF4-83B6-44FE-A2E2-629AA5C8093E}
		{729E4E11-3BBA-4306-B53C-8AEC45E70E10} = {729E4E11-3BBA-4306-B53C-8AEC45E70E10}
		{831EF580-92C8-4CA8-B0CE-3D906280A54D} = {831EF580-92C8-4CA8-B0CE-3D906280A54D}
		{F36F075A-880D-47BA-805F-C47850062121} = {F36F075A-880D-47BA-805F-C47850062121}
	EndProjectSection
EndProject
Project("{8BC9CEB8-8B4A-11D0-8D11-00A0C91BC942}") = "iptctest", "iptctest\iptctest.vcproj", "{AD41F87C-242B-4B61-B767-A9879F0D5C04}"
	ProjectSection(ProjectDependencies) = postProject
		{F36F075A-880D-47BA-805F-C47850062121} = {F36F075A-880D-47BA-805F-C47850062121}
		{831EF580-92C8-4CA8-B0CE-3D906280A54D} = {831EF580-92C8-4CA8-B0CE-3D906280A54D}
		{8308C68D-E12B-4C71-96F4-7137F6BEB654} = {8308C68D-E12B-4C71-96F4-7137F6BEB654}
		{6C4C06A3-6F8F-4067-AA4C-D5F41E1FFF9A} = {6C4C06A3-6F8F-4067-AA4C-D5F41E1FFF9A}
		{09877CF4-83B6-44FE-A2E2-629AA5C8093E} = {09877CF4-83B6-44FE-A2E2-629AA5C8093E}
	EndProjectSection
EndProject
Project("{8BC9CEB8-8B4A-11D0-8D11-00A0C91BC942}") = "easyaccess-test", "easyaccess-test\easyaccess-test.vcproj", "{30E18D87-0147-4601-9ED2-4D5291645DB3}"
	ProjectSection(ProjectDependencies) = postProject
		{09877CF4-83B6-44FE-A2E2-629AA5C8093E} = {09877CF4-83B6-44FE-A2E2-629AA5C8093E}
		{6C4C06A3-6F8F-4067-AA4C-D5F41E1FFF9A} = {6C4C06A3-6F8F-4067-AA4C-D5F41E1FFF9A}
		{8308C68D-E12B-4C71-96F4-7137F6BEB654} = {8308C68D-E12B-4C71-96F4-7137F6BEB654}
		{831EF580-92C8-4CA8-B0CE-3D906280A54D} = {831EF580-92C8-4CA8-B0CE-3D906280A54D}
		{F36F075A-880D-47BA-805F-C47850062121} = {F36F075A-880D-47BA-805F-C47850062121}
		{729E4E11-3BBA-4306-B53C-8AEC45E70E10} = {729E4E11-3BBA-4306-B53C-8AEC45E70E10}
	EndProjectSection
EndProject
Project("{8BC9CEB8-8B4A-11D0-8D11-00A0C91BC942}") = "largeiptc-test", "largeiptc-test\largeiptc-test.vcproj", "{953404C9-B20A-4D17-8262-9D9AD1CDC5C1}"
	ProjectSection(ProjectDependencies) = postProject
		{F36F075A-880D-47BA-805F-C47850062121} = {F36F075A-880D-47BA-805F-C47850062121}
		{831EF580-92C8-4CA8-B0CE-3D906280A54D} = {831EF580-92C8-4CA8-B0CE-3D906280A54D}
		{8308C68D-E12B-4C71-96F4-7137F6BEB654} = {8308C68D-E12B-4C71-96F4-7137F6BEB654}
		{6C4C06A3-6F8F-4067-AA4C-D5F41E1FFF9A} = {6C4C06A3-6F8F-4067-AA4C-D5F41E1FFF9A}
		{09877CF4-83B6-44FE-A2E2-629AA5C8093E} = {09877CF4-83B6-44FE-A2E2-629AA5C8093E}
	EndProjectSection
EndProject
Project("{8BC9CEB8-8B4A-11D0-8D11-00A0C91BC942}") = "convert-test", "convert-test\convert-test.vcproj", "{D802FE1E-7868-4034-92B8-00865E1CABAB}"
	ProjectSection(ProjectDependencies) = postProject
		{09877CF4-83B6-44FE-A2E2-629AA5C8093E} = {09877CF4-83B6-44FE-A2E2-629AA5C8093E}
		{6C4C06A3-6F8F-4067-AA4C-D5F41E1FFF9A} = {6C4C06A3-6F8F-4067-AA4C-D5F41E1FFF9A}
		{8308C68D-E12B-4C71-96F4-7137F6BEB654} = {8308C68D-E12B-4C71-96F4-7137F6BEB654}
		{831EF580-92C8-4CA8-B0CE-3D906280A54D} = {831EF580-92C8-4CA8-B0CE-3D906280A54D}
		{F36F075A-880D-47BA-805F-C47850062121} = {F36F075A-880D-47BA-805F-C47850062121}
		{729E4E11-3BBA-4306-B53C-8AEC45E70E10} = {729E4E11-3BBA-4306-B53C-8AEC45E70E10}
	EndProjectSection
EndProject
Project("{8BC9CEB8-8B4A-11D0-8D11-00A0C91BC942}") = "iotest", "iotest\iotest.vcproj", "{21F0CEB1-D850-4C29-88BF-1CE4171824E6}"
	ProjectSection(ProjectDependencies) = postProject
		{F36F075A-880D-47BA-805F-C47850062121} = {F36F075A-880D-47BA-805F-C47850062121}
		{831EF580-92C8-4CA8-B0CE-3D906280A54D} = {831EF580-92C8-4CA8-B0CE-3D906280A54D}
		{8308C68D-E12B-4C71-96F4-7137F6BEB654} = {8308C68D-E12B-4C71-96F4-7137F6BEB654}
		{6C4C06A3-6F8F-4067-AA4C-D5F41E1FFF9A} = {6C4C06A3-6F8F-4067-AA4C-D5F41E1FFF9A}
		{09877CF4-83B6-44FE-A2E2-629AA5C8093E} = {09877CF4-83B6-44FE-A2E2-629AA5C8093E}
	EndProjectSection
EndProject
Project("{8BC9CEB8-8B4A-11D0-8D11-00A0C91BC942}") = "iptcprint", "iptcprint\iptcprint.vcproj", "{A7D22798-1262-4194-94A5-C636BCB68329}"
	ProjectSection(ProjectDependencies) = postProject
		{F36F075A-880D-47BA-805F-C47850062121} = {F36F075A-880D-47BA-805F-C47850062121}
		{831EF580-92C8-4CA8-B0CE-3D906280A54D} = {831EF580-92C8-4CA8-B0CE-3D906280A54D}
		{8308C68D-E12B-4C71-96F4-7137F6BEB654} = {8308C68D-E12B-4C71-96F4-7137F6BEB654}
		{6C4C06A3-6F8F-4067-AA4C-D5F41E1FFF9A} = {6C4C06A3-6F8F-4067-AA4C-D5F41E1FFF9A}
		{09877CF4-83B6-44FE-A2E2-629AA5C8093E} = {09877CF4-83B6-44FE-A2E2-629AA5C8093E}
	EndProjectSection
EndProject
Project("{8BC9CEB8-8B4A-11D0-8D11-00A0C91BC942}") = "key-test", "key-test\key-test.vcproj", "{F11358FA-AA36-46E1-BA80-A17B8042BF9B}"
	ProjectSection(ProjectDependencies) = postProject
		{F36F075A-880D-47BA-805F-C47850062121} = {F36F075A-880D-47BA-805F-C47850062121}
		{831EF580-92C8-4CA8-B0CE-3D906280A54D} = {831EF580-92C8-4CA8-B0CE-3D906280A54D}
		{8308C68D-E12B-4C71-96F4-7137F6BEB654} = {8308C68D-E12B-4C71-96F4-7137F6BEB654}
		{6C4C06A3-6F8F-4067-AA4C-D5F41E1FFF9A} = {6C4C06A3-6F8F-4067-AA4C-D5F41E1FFF9A}
		{09877CF4-83B6-44FE-A2E2-629AA5C8093E} = {09877CF4-83B6-44FE-A2E2-629AA5C8093E}
	EndProjectSection
EndProject
Project("{8BC9CEB8-8B4A-11D0-8D11-00A0C91BC942}") = "mmap-test", "mmap-test\mmap-test.vcproj", "{556CB4FC-33BB-4E67-AB0E-1865E67176A5}"
	ProjectSection(ProjectDependencies) = postProject
		{8308C68D-E12B-4C71-96F4-7137F6BEB654} = {8308C68D-E12B-4C71-96F4-7137F6BEB654}
		{6C4C06A3-6F8F-4067-AA4C-D5F41E1FFF9A} = {6C4C06A3-6F8F-4067-AA4C-D5F41E1FFF9A}
		{09877CF4-83B6-44FE-A2E2-629AA5C8093E} = {09877CF4-83B6-44FE-A2E2-629AA5C8093E}
		{729E4E11-3BBA-4306-B53C-8AEC45E70E10} = {729E4E11-3BBA-4306-B53C-8AEC45E70E10}
		{831EF580-92C8-4CA8-B0CE-3D906280A54D} = {831EF580-92C8-4CA8-B0CE-3D906280A54D}
		{F36F075A-880D-47BA-805F-C47850062121} = {F36F075A-880D-47BA-805F-C47850062121}
	EndProjectSection
EndProject
Project("{8BC9CEB8-8B4A-11D0-8D11-00A0C91BC942}") = "prevtest", "prevtest\prevtest.vcproj", "{FC7120EC-BEB2-4CC3-9B90-B022F560E584}"
	ProjectSection(ProjectDependencies) = postProject
		{8308C68D-E12B-4C71-96F4-7137F6BEB654} = {8308C68D-E12B-4C71-96F4-7137F6BEB654}
		{6C4C06A3-6F8F-4067-AA4C-D5F41E1FFF9A} = {6C4C06A3-6F8F-4067-AA4C-D5F41E1FFF9A}
		{09877CF4-83B6-44FE-A2E2-629AA5C8093E} = {09877CF4-83B6-44FE-A2E2-629AA5C8093E}
		{729E4E11-3BBA-4306-B53C-8AEC45E70E10} = {729E4E11-3BBA-4306-B53C-8AEC45E70E10}
		{831EF580-92C8-4CA8-B0CE-3D906280A54D} = {831EF580-92C8-4CA8-B0CE-3D906280A54D}
		{F36F075A-880D-47BA-805F-C47850062121} = {F36F075A-880D-47BA-805F-C47850062121}
	EndProjectSection
EndProject
Project("{8BC9CEB8-8B4A-11D0-8D11-00A0C91BC942}") = "stringto-test", "stringto-test\stringto-test.vcproj", "{9DCEE051-A07B-4C6B-B2BC-0814F0C323AA}"
	ProjectSection(ProjectDependencies) = postProject
		{8308C68D-E12B-4C71-96F4-7137F6BEB654} = {8308C68D-E12B-4C71-96F4-7137F6BEB654}
		{6C4C06A3-6F8F-4067-AA4C-D5F41E1FFF9A} = {6C4C06A3-6F8F-4067-AA4C-D5F41E1FFF9A}
		{09877CF4-83B6-44FE-A2E2-629AA5C8093E} = {09877CF4-83B6-44FE-A2E2-629AA5C8093E}
		{729E4E11-3BBA-4306-B53C-8AEC45E70E10} = {729E4E11-3BBA-4306-B53C-8AEC45E70E10}
		{831EF580-92C8-4CA8-B0CE-3D906280A54D} = {831EF580-92C8-4CA8-B0CE-3D906280A54D}
		{F36F075A-880D-47BA-805F-C47850062121} = {F36F075A-880D-47BA-805F-C47850062121}
	EndProjectSection
EndProject
Project("{8BC9CEB8-8B4A-11D0-8D11-00A0C91BC942}") = "tiff-test", "tiff-test\tiff-test.vcproj", "{C34B11A1-B707-46B2-8053-2FA236B369CF}"
	ProjectSection(ProjectDependencies) = postProject
		{8308C68D-E12B-4C71-96F4-7137F6BEB654} = {8308C68D-E12B-4C71-96F4-7137F6BEB654}
		{6C4C06A3-6F8F-4067-AA4C-D5F41E1FFF9A} = {6C4C06A3-6F8F-4067-AA4C-D5F41E1FFF9A}
		{09877CF4-83B6-44FE-A2E2-629AA5C8093E} = {09877CF4-83B6-44FE-A2E2-629AA5C8093E}
		{729E4E11-3BBA-4306-B53C-8AEC45E70E10} = {729E4E11-3BBA-4306-B53C-8AEC45E70E10}
		{831EF580-92C8-4CA8-B0CE-3D906280A54D} = {831EF580-92C8-4CA8-B0CE-3D906280A54D}
		{F36F075A-880D-47BA-805F-C47850062121} = {F36F075A-880D-47BA-805F-C47850062121}
	EndProjectSection
EndProject
Project("{8BC9CEB8-8B4A-11D0-8D11-00A0C91BC942}") = "werror-test", "werror-test\werror-test.vcproj", "{430C4512-CC73-4943-8CDF-71DEA573BD47}"
	ProjectSection(ProjectDependencies) = postProject
		{8308C68D-E12B-4C71-96F4-7137F6BEB654} = {8308C68D-E12B-4C71-96F4-7137F6BEB654}
		{6C4C06A3-6F8F-4067-AA4C-D5F41E1FFF9A} = {6C4C06A3-6F8F-4067-AA4C-D5F41E1FFF9A}
		{09877CF4-83B6-44FE-A2E2-629AA5C8093E} = {09877CF4-83B6-44FE-A2E2-629AA5C8093E}
		{729E4E11-3BBA-4306-B53C-8AEC45E70E10} = {729E4E11-3BBA-4306-B53C-8AEC45E70E10}
		{831EF580-92C8-4CA8-B0CE-3D906280A54D} = {831EF580-92C8-4CA8-B0CE-3D906280A54D}
		{F36F075A-880D-47BA-805F-C47850062121} = {F36F075A-880D-47BA-805F-C47850062121}
	EndProjectSection
EndProject
Project("{8BC9CEB8-8B4A-11D0-8D11-00A0C91BC942}") = "write-test", "write-test\write-test.vcproj", "{98A9F59D-FDFE-4B27-88FE-2625F1E7597F}"
	ProjectSection(ProjectDependencies) = postProject
		{8308C68D-E12B-4C71-96F4-7137F6BEB654} = {8308C68D-E12B-4C71-96F4-7137F6BEB654}
		{6C4C06A3-6F8F-4067-AA4C-D5F41E1FFF9A} = {6C4C06A3-6F8F-4067-AA4C-D5F41E1FFF9A}
		{09877CF4-83B6-44FE-A2E2-629AA5C8093E} = {09877CF4-83B6-44FE-A2E2-629AA5C8093E}
		{729E4E11-3BBA-4306-B53C-8AEC45E70E10} = {729E4E11-3BBA-4306-B53C-8AEC45E70E10}
		{831EF580-92C8-4CA8-B0CE-3D906280A54D} = {831EF580-92C8-4CA8-B0CE-3D906280A54D}
		{F36F075A-880D-47BA-805F-C47850062121} = {F36F075A-880D-47BA-805F-C47850062121}
	EndProjectSection
EndProject
Project("{8BC9CEB8-8B4A-11D0-8D11-00A0C91BC942}") = "write2-test", "write2-test\write2-test.vcproj", "{E796088F-0EE6-4EC7-ABA0-8A18F54A4DD7}"
	ProjectSection(ProjectDependencies) = postProject
		{8308C68D-E12B-4C71-96F4-7137F6BEB654} = {8308C68D-E12B-4C71-96F4-7137F6BEB654}
		{6C4C06A3-6F8F-4067-AA4C-D5F41E1FFF9A} = {6C4C06A3-6F8F-4067-AA4C-D5F41E1FFF9A}
		{09877CF4-83B6-44FE-A2E2-629AA5C8093E} = {09877CF4-83B6-44FE-A2E2-629AA5C8093E}
		{729E4E11-3BBA-4306-B53C-8AEC45E70E10} = {729E4E11-3BBA-4306-B53C-8AEC45E70E10}
		{831EF580-92C8-4CA8-B0CE-3D906280A54D} = {831EF580-92C8-4CA8-B0CE-3D906280A54D}
		{F36F075A-880D-47BA-805F-C47850062121} = {F36F075A-880D-47BA-805F-C47850062121}
	EndProjectSection
EndProject
Project("{8BC9CEB8-8B4A-11D0-8D11-00A0C91BC942}") = "exifdata-test", "exifdata-test\exifdata-test.vcproj", "{FEF9C19E-F774-4D8A-991C-A566C1B2E8B6}"
	ProjectSection(ProjectDependencies) = postProject
		{8308C68D-E12B-4C71-96F4-7137F6BEB654} = {8308C68D-E12B-4C71-96F4-7137F6BEB654}
		{6C4C06A3-6F8F-4067-AA4C-D5F41E1FFF9A} = {6C4C06A3-6F8F-4067-AA4C-D5F41E1FFF9A}
		{09877CF4-83B6-44FE-A2E2-629AA5C8093E} = {09877CF4-83B6-44FE-A2E2-629AA5C8093E}
		{729E4E11-3BBA-4306-B53C-8AEC45E70E10} = {729E4E11-3BBA-4306-B53C-8AEC45E70E10}
		{831EF580-92C8-4CA8-B0CE-3D906280A54D} = {831EF580-92C8-4CA8-B0CE-3D906280A54D}
		{F36F075A-880D-47BA-805F-C47850062121} = {F36F075A-880D-47BA-805F-C47850062121}
	EndProjectSection
EndProject
Project("{8BC9CEB8-8B4A-11D0-8D11-00A0C91BC942}") = "exifprint", "exifprint\exifprint.vcproj", "{BFB98A96-7ABD-4F78-BA8B-2C2C257D74D8}"
	ProjectSection(ProjectDependencies) = postProject
		{8308C68D-E12B-4C71-96F4-7137F6BEB654} = {8308C68D-E12B-4C71-96F4-7137F6BEB654}
		{6C4C06A3-6F8F-4067-AA4C-D5F41E1FFF9A} = {6C4C06A3-6F8F-4067-AA4C-D5F41E1FFF9A}
		{09877CF4-83B6-44FE-A2E2-629AA5C8093E} = {09877CF4-83B6-44FE-A2E2-629AA5C8093E}
		{729E4E11-3BBA-4306-B53C-8AEC45E70E10} = {729E4E11-3BBA-4306-B53C-8AEC45E70E10}
		{831EF580-92C8-4CA8-B0CE-3D906280A54D} = {831EF580-92C8-4CA8-B0CE-3D906280A54D}
		{F36F075A-880D-47BA-805F-C47850062121} = {F36F075A-880D-47BA-805F-C47850062121}
	EndProjectSection
EndProject
Project("{8BC9CEB8-8B4A-11D0-8D11-00A0C91BC942}") = "xmpsample", "xmpsample\xmpsample.vcproj", "{45CA5427-4260-4F4A-86B0-FB7AE233D76B}"
	ProjectSection(ProjectDependencies) = postProject
		{8308C68D-E12B-4C71-96F4-7137F6BEB654} = {8308C68D-E12B-4C71-96F4-7137F6BEB654}
		{6C4C06A3-6F8F-4067-AA4C-D5F41E1FFF9A} = {6C4C06A3-6F8F-4067-AA4C-D5F41E1FFF9A}
		{09877CF4-83B6-44FE-A2E2-629AA5C8093E} = {09877CF4-83B6-44FE-A2E2-629AA5C8093E}
		{729E4E11-3BBA-4306-B53C-8AEC45E70E10} = {729E4E11-3BBA-4306-B53C-8AEC45E70E10}
		{831EF580-92C8-4CA8-B0CE-3D906280A54D} = {831EF580-92C8-4CA8-B0CE-3D906280A54D}
		{F36F075A-880D-47BA-805F-C47850062121} = {F36F075A-880D-47BA-805F-C47850062121}
	EndProjectSection
EndProject
Project("{8BC9CEB8-8B4A-11D0-8D11-00A0C91BC942}") = "xmpparser-test", "xmpparser-test\xmpparser-test.vcproj", "{85121FD0-01A1-49BA-B168-CC8D90F91A6F}"
	ProjectSection(ProjectDependencies) = postProject
		{8308C68D-E12B-4C71-96F4-7137F6BEB654} = {8308C68D-E12B-4C71-96F4-7137F6BEB654}
		{6C4C06A3-6F8F-4067-AA4C-D5F41E1FFF9A} = {6C4C06A3-6F8F-4067-AA4C-D5F41E1FFF9A}
		{09877CF4-83B6-44FE-A2E2-629AA5C8093E} = {09877CF4-83B6-44FE-A2E2-629AA5C8093E}
		{729E4E11-3BBA-4306-B53C-8AEC45E70E10} = {729E4E11-3BBA-4306-B53C-8AEC45E70E10}
		{831EF580-92C8-4CA8-B0CE-3D906280A54D} = {831EF580-92C8-4CA8-B0CE-3D906280A54D}
		{F36F075A-880D-47BA-805F-C47850062121} = {F36F075A-880D-47BA-805F-C47850062121}
	EndProjectSection
EndProject
Project("{8BC9CEB8-8B4A-11D0-8D11-00A0C91BC942}") = "xmpparse", "xmpparse\xmpparse.vcproj", "{1708EFC1-414E-4712-80A5-813A6F38814C}"
	ProjectSection(ProjectDependencies) = postProject
		{8308C68D-E12B-4C71-96F4-7137F6BEB654} = {8308C68D-E12B-4C71-96F4-7137F6BEB654}
		{6C4C06A3-6F8F-4067-AA4C-D5F41E1FFF9A} = {6C4C06A3-6F8F-4067-AA4C-D5F41E1FFF9A}
		{09877CF4-83B6-44FE-A2E2-629AA5C8093E} = {09877CF4-83B6-44FE-A2E2-629AA5C8093E}
		{729E4E11-3BBA-4306-B53C-8AEC45E70E10} = {729E4E11-3BBA-4306-B53C-8AEC45E70E10}
		{831EF580-92C8-4CA8-B0CE-3D906280A54D} = {831EF580-92C8-4CA8-B0CE-3D906280A54D}
		{F36F075A-880D-47BA-805F-C47850062121} = {F36F075A-880D-47BA-805F-C47850062121}
	EndProjectSection
EndProject
Project("{8BC9CEB8-8B4A-11D0-8D11-00A0C91BC942}") = "exifcomment", "exifcomment\exifcomment.vcproj", "{D291B6EF-986B-4222-ADA6-38A2EC2A56CE}"
	ProjectSection(ProjectDependencies) = postProject
		{8308C68D-E12B-4C71-96F4-7137F6BEB654} = {8308C68D-E12B-4C71-96F4-7137F6BEB654}
		{6C4C06A3-6F8F-4067-AA4C-D5F41E1FFF9A} = {6C4C06A3-6F8F-4067-AA4C-D5F41E1FFF9A}
		{09877CF4-83B6-44FE-A2E2-629AA5C8093E} = {09877CF4-83B6-44FE-A2E2-629AA5C8093E}
		{729E4E11-3BBA-4306-B53C-8AEC45E70E10} = {729E4E11-3BBA-4306-B53C-8AEC45E70E10}
		{831EF580-92C8-4CA8-B0CE-3D906280A54D} = {831EF580-92C8-4CA8-B0CE-3D906280A54D}
		{F36F075A-880D-47BA-805F-C47850062121} = {F36F075A-880D-47BA-805F-C47850062121}
	EndProjectSection
EndProject
Project("{8BC9CEB8-8B4A-11D0-8D11-00A0C91BC942}") = "metacopy", "metacopy\metacopy.vcproj", "{AD231915-942F-4083-9671-85E26A5798B0}"
	ProjectSection(ProjectDependencies) = postProject
		{8308C68D-E12B-4C71-96F4-7137F6BEB654} = {8308C68D-E12B-4C71-96F4-7137F6BEB654}
		{6C4C06A3-6F8F-4067-AA4C-D5F41E1FFF9A} = {6C4C06A3-6F8F-4067-AA4C-D5F41E1FFF9A}
		{09877CF4-83B6-44FE-A2E2-629AA5C8093E} = {09877CF4-83B6-44FE-A2E2-629AA5C8093E}
		{729E4E11-3BBA-4306-B53C-8AEC45E70E10} = {729E4E11-3BBA-4306-B53C-8AEC45E70E10}
		{831EF580-92C8-4CA8-B0CE-3D906280A54D} = {831EF580-92C8-4CA8-B0CE-3D906280A54D}
		{F36F075A-880D-47BA-805F-C47850062121} = {F36F075A-880D-47BA-805F-C47850062121}
	EndProjectSection
EndProject
Project("{8BC9CEB8-8B4A-11D0-8D11-00A0C91BC942}") = "path-test", "path-test\path-test.vcproj", "{E04D48BF-F529-4267-9311-908E94DF5A49}"
	ProjectSection(ProjectDependencies) = postProject
		{8308C68D-E12B-4C71-96F4-7137F6BEB654} = {8308C68D-E12B-4C71-96F4-7137F6BEB654}
		{6C4C06A3-6F8F-4067-AA4C-D5F41E1FFF9A} = {6C4C06A3-6F8F-4067-AA4C-D5F41E1FFF9A}
		{09877CF4-83B6-44FE-A2E2-629AA5C8093E} = {09877CF4-83B6-44FE-A2E2-629AA5C8093E}
		{729E4E11-3BBA-4306-B53C-8AEC45E70E10} = {729E4E11-3BBA-4306-B53C-8AEC45E70E10}
		{831EF580-92C8-4CA8-B0CE-3D906280A54D} = {831EF580-92C8-4CA8-B0CE-3D906280A54D}
		{F36F075A-880D-47BA-805F-C47850062121} = {F36F075A-880D-47BA-805F-C47850062121}
	EndProjectSection
EndProject
Project("{8BC9CEB8-8B4A-11D0-8D11-00A0C91BC942}") = "iptceasy", "iptceasy\iptceasy.vcproj", "{6860BB9B-2053-46CD-9E2D-EEC199D68982}"
	ProjectSection(ProjectDependencies) = postProject
		{F36F075A-880D-47BA-805F-C47850062121} = {F36F075A-880D-47BA-805F-C47850062121}
		{831EF580-92C8-4CA8-B0CE-3D906280A54D} = {831EF580-92C8-4CA8-B0CE-3D906280A54D}
		{8308C68D-E12B-4C71-96F4-7137F6BEB654} = {8308C68D-E12B-4C71-96F4-7137F6BEB654}
		{6C4C06A3-6F8F-4067-AA4C-D5F41E1FFF9A} = {6C4C06A3-6F8F-4067-AA4C-D5F41E1FFF9A}
		{09877CF4-83B6-44FE-A2E2-629AA5C8093E} = {09877CF4-83B6-44FE-A2E2-629AA5C8093E}
	EndProjectSection
EndProject
Project("{8BC9CEB8-8B4A-11D0-8D11-00A0C91BC942}") = "taglist", "taglist\taglist.vcproj", "{DBD630FC-0DA9-41EB-925D-70654D01F6FA}"
	ProjectSection(ProjectDependencies) = postProject
		{8308C68D-E12B-4C71-96F4-7137F6BEB654} = {8308C68D-E12B-4C71-96F4-7137F6BEB654}
		{6C4C06A3-6F8F-4067-AA4C-D5F41E1FFF9A} = {6C4C06A3-6F8F-4067-AA4C-D5F41E1FFF9A}
		{09877CF4-83B6-44FE-A2E2-629AA5C8093E} = {09877CF4-83B6-44FE-A2E2-629AA5C8093E}
		{729E4E11-3BBA-4306-B53C-8AEC45E70E10} = {729E4E11-3BBA-4306-B53C-8AEC45E70E10}
		{831EF580-92C8-4CA8-B0CE-3D906280A54D} = {831EF580-92C8-4CA8-B0CE-3D906280A54D}
		{F36F075A-880D-47BA-805F-C47850062121} = {F36F075A-880D-47BA-805F-C47850062121}
	EndProjectSection
EndProject
Project("{8BC9CEB8-8B4A-11D0-8D11-00A0C91BC942}") = "utiltest", "utiltest\utiltest.vcproj", "{495BC686-DF50-4250-B469-9C6B7B33A4B8}"
	ProjectSection(ProjectDependencies) = postProject
		{8308C68D-E12B-4C71-96F4-7137F6BEB654} = {8308C68D-E12B-4C71-96F4-7137F6BEB654}
		{6C4C06A3-6F8F-4067-AA4C-D5F41E1FFF9A} = {6C4C06A3-6F8F-4067-AA4C-D5F41E1FFF9A}
		{09877CF4-83B6-44FE-A2E2-629AA5C8093E} = {09877CF4-83B6-44FE-A2E2-629AA5C8093E}
		{729E4E11-3BBA-4306-B53C-8AEC45E70E10} = {729E4E11-3BBA-4306-B53C-8AEC45E70E10}
		{831EF580-92C8-4CA8-B0CE-3D906280A54D} = {831EF580-92C8-4CA8-B0CE-3D906280A54D}
		{F36F075A-880D-47BA-805F-C47850062121} = {F36F075A-880D-47BA-805F-C47850062121}
	EndProjectSection
EndProject
Project("{8BC9CEB8-8B4A-11D0-8D11-00A0C91BC942}") = "geotag", "geotag\geotag.vcproj", "{E3073076-4837-4DDB-89E5-5AC297C7481D}"
	ProjectSection(ProjectDependencies) = postProject
		{F36F075A-880D-47BA-805F-C47850062121} = {F36F075A-880D-47BA-805F-C47850062121}
		{831EF580-92C8-4CA8-B0CE-3D906280A54D} = {831EF580-92C8-4CA8-B0CE-3D906280A54D}
		{8308C68D-E12B-4C71-96F4-7137F6BEB654} = {8308C68D-E12B-4C71-96F4-7137F6BEB654}
		{6C4C06A3-6F8F-4067-AA4C-D5F41E1FFF9A} = {6C4C06A3-6F8F-4067-AA4C-D5F41E1FFF9A}
		{09877CF4-83B6-44FE-A2E2-629AA5C8093E} = {09877CF4-83B6-44FE-A2E2-629AA5C8093E}
	EndProjectSection
EndProject
Project("{8BC9CEB8-8B4A-11D0-8D11-00A0C91BC942}") = "httptest", "httptest\httptest.vcproj", "{4AC6B957-1506-4EDB-BF6A-CF7CCE86EC1F}"
	ProjectSection(ProjectDependencies) = postProject
		{F36F075A-880D-47BA-805F-C47850062121} = {F36F075A-880D-47BA-805F-C47850062121}
		{831EF580-92C8-4CA8-B0CE-3D906280A54D} = {831EF580-92C8-4CA8-B0CE-3D906280A54D}
		{8308C68D-E12B-4C71-96F4-7137F6BEB654} = {8308C68D-E12B-4C71-96F4-7137F6BEB654}
		{6C4C06A3-6F8F-4067-AA4C-D5F41E1FFF9A} = {6C4C06A3-6F8F-4067-AA4C-D5F41E1FFF9A}
		{09877CF4-83B6-44FE-A2E2-629AA5C8093E} = {09877CF4-83B6-44FE-A2E2-629AA5C8093E}
	EndProjectSection
EndProject
Project("{8BC9CEB8-8B4A-11D0-8D11-00A0C91BC942}") = "exiv2json", "exiv2json\exiv2json.vcproj", "{4171BC51-2FDD-4BF5-BB80-1D9B2ACB03B9}"
	ProjectSection(ProjectDependencies) = postProject
		{8308C68D-E12B-4C71-96F4-7137F6BEB654} = {8308C68D-E12B-4C71-96F4-7137F6BEB654}
		{6C4C06A3-6F8F-4067-AA4C-D5F41E1FFF9A} = {6C4C06A3-6F8F-4067-AA4C-D5F41E1FFF9A}
		{09877CF4-83B6-44FE-A2E2-629AA5C8093E} = {09877CF4-83B6-44FE-A2E2-629AA5C8093E}
		{729E4E11-3BBA-4306-B53C-8AEC45E70E10} = {729E4E11-3BBA-4306-B53C-8AEC45E70E10}
		{831EF580-92C8-4CA8-B0CE-3D906280A54D} = {831EF580-92C8-4CA8-B0CE-3D906280A54D}
		{F36F075A-880D-47BA-805F-C47850062121} = {F36F075A-880D-47BA-805F-C47850062121}
	EndProjectSection
EndProject
Project("{8BC9CEB8-8B4A-11D0-8D11-00A0C91BC942}") = "libcurl", "libcurl\libcurl.vcproj", "{F36F075A-880D-47BA-805F-C47850062121}"
	ProjectSection(ProjectDependencies) = postProject
		{729E4E11-3BBA-4306-B53C-8AEC45E70E10} = {729E4E11-3BBA-4306-B53C-8AEC45E70E10}
		{2C117585-9BA4-4BFE-8335-E3E9D51D4DA7} = {2C117585-9BA4-4BFE-8335-E3E9D51D4DA7}
		{6ABBF8BA-0A23-4C5C-8AEB-1B2577625DFA} = {6ABBF8BA-0A23-4C5C-8AEB-1B2577625DFA}
	EndProjectSection
EndProject
Project("{8BC9CEB8-8B4A-11D0-8D11-00A0C91BC942}") = "remotetest", "remotetest\remotetest.vcproj", "{B25A3F96-68E8-4FD4-860E-2C33E539B892}"
	ProjectSection(ProjectDependencies) = postProject
		{8308C68D-E12B-4C71-96F4-7137F6BEB654} = {8308C68D-E12B-4C71-96F4-7137F6BEB654}
		{6C4C06A3-6F8F-4067-AA4C-D5F41E1FFF9A} = {6C4C06A3-6F8F-4067-AA4C-D5F41E1FFF9A}
		{09877CF4-83B6-44FE-A2E2-629AA5C8093E} = {09877CF4-83B6-44FE-A2E2-629AA5C8093E}
		{729E4E11-3BBA-4306-B53C-8AEC45E70E10} = {729E4E11-3BBA-4306-B53C-8AEC45E70E10}
		{831EF580-92C8-4CA8-B0CE-3D906280A54D} = {831EF580-92C8-4CA8-B0CE-3D906280A54D}
		{F36F075A-880D-47BA-805F-C47850062121} = {F36F075A-880D-47BA-805F-C47850062121}
	EndProjectSection
EndProject
Project("{8BC9CEB8-8B4A-11D0-8D11-00A0C91BC942}") = "conntest", "conntest\conntest.vcproj", "{E015DB8C-C463-4A6B-88EA-AFC671D84B5B}"
	ProjectSection(ProjectDependencies) = postProject
		{8308C68D-E12B-4C71-96F4-7137F6BEB654} = {8308C68D-E12B-4C71-96F4-7137F6BEB654}
		{6C4C06A3-6F8F-4067-AA4C-D5F41E1FFF9A} = {6C4C06A3-6F8F-4067-AA4C-D5F41E1FFF9A}
		{09877CF4-83B6-44FE-A2E2-629AA5C8093E} = {09877CF4-83B6-44FE-A2E2-629AA5C8093E}
		{729E4E11-3BBA-4306-B53C-8AEC45E70E10} = {729E4E11-3BBA-4306-B53C-8AEC45E70E10}
		{831EF580-92C8-4CA8-B0CE-3D906280A54D} = {831EF580-92C8-4CA8-B0CE-3D906280A54D}
		{F36F075A-880D-47BA-805F-C47850062121} = {F36F075A-880D-47BA-805F-C47850062121}
	EndProjectSection
EndProject
Project("{8BC9CEB8-8B4A-11D0-8D11-00A0C91BC942}") = "libssh", "libssh\libssh.vcproj", "{729E4E11-3BBA-4306-B53C-8AEC45E70E10}"
	ProjectSection(ProjectDependencies) = postProject
		{6ABBF8BA-0A23-4C5C-8AEB-1B2577625DFA} = {6ABBF8BA-0A23-4C5C-8AEB-1B2577625DFA}
		{8308C68D-E12B-4C71-96F4-7137F6BEB654} = {8308C68D-E12B-4C71-96F4-7137F6BEB654}
		{2C117585-9BA4-4BFE-8335-E3E9D51D4DA7} = {2C117585-9BA4-4BFE-8335-E3E9D51D4DA7}
	EndProjectSection
EndProject
Project("{8BC9CEB8-8B4A-11D0-8D11-00A0C91BC942}") = "openssl", "openssl\openssl.vcproj", "{3D77E4F8-02EE-491F-B01C-EE8012CABA18}"
EndProject
Project("{8BC9CEB8-8B4A-11D0-8D11-00A0C91BC942}") = "libeay32", "libeay32\libeay32.vcproj", "{2C117585-9BA4-4BFE-8335-E3E9D51D4DA7}"
	ProjectSection(ProjectDependencies) = postProject
		{3D77E4F8-02EE-491F-B01C-EE8012CABA18} = {3D77E4F8-02EE-491F-B01C-EE8012CABA18}
	EndProjectSection
EndProject
Project("{8BC9CEB8-8B4A-11D0-8D11-00A0C91BC942}") = "ssleay32", "ssleay32\ssleay32.vcproj", "{6ABBF8BA-0A23-4C5C-8AEB-1B2577625DFA}"
	ProjectSection(ProjectDependencies) = postProject
		{3D77E4F8-02EE-491F-B01C-EE8012CABA18} = {3D77E4F8-02EE-491F-B01C-EE8012CABA18}
	EndProjectSection
EndProject
Project("{8BC9CEB8-8B4A-11D0-8D11-00A0C91BC942}") = "exifdata", "exifdata\exifdata.vcproj", "{1A091C40-C0F3-4405-B99E-CA60B9855D77}"
	ProjectSection(ProjectDependencies) = postProject
		{831EF580-92C8-4CA8-B0CE-3D906280A54D} = {831EF580-92C8-4CA8-B0CE-3D906280A54D}
	EndProjectSection
EndProject
Project("{8BC9CEB8-8B4A-11D0-8D11-00A0C91BC942}") = "exifvalue", "exifvalue\exifvalue.vcproj", "{B85BDC90-013A-4D6B-B774-F2D7E0067DA6}"
	ProjectSection(ProjectDependencies) = postProject
		{831EF580-92C8-4CA8-B0CE-3D906280A54D} = {831EF580-92C8-4CA8-B0CE-3D906280A54D}
	EndProjectSection
EndProject
Global
	GlobalSection(SolutionConfigurationPlatforms) = preSolution
		Debug|Win32 = Debug|Win32
		Debug|x64 = Debug|x64
		DebugDLL|Win32 = DebugDLL|Win32
		DebugDLL|x64 = DebugDLL|x64
		Release|Win32 = Release|Win32
		Release|x64 = Release|x64
		ReleaseDLL|Win32 = ReleaseDLL|Win32
		ReleaseDLL|x64 = ReleaseDLL|x64
	EndGlobalSection
	GlobalSection(ProjectConfigurationPlatforms) = postSolution
		{831EF580-92C8-4CA8-B0CE-3D906280A54D}.Debug|Win32.ActiveCfg = Debug|Win32
		{831EF580-92C8-4CA8-B0CE-3D906280A54D}.Debug|Win32.Build.0 = Debug|Win32
		{831EF580-92C8-4CA8-B0CE-3D906280A54D}.Debug|x64.ActiveCfg = Debug|x64
		{831EF580-92C8-4CA8-B0CE-3D906280A54D}.Debug|x64.Build.0 = Debug|x64
		{831EF580-92C8-4CA8-B0CE-3D906280A54D}.DebugDLL|Win32.ActiveCfg = DebugDLL|Win32
		{831EF580-92C8-4CA8-B0CE-3D906280A54D}.DebugDLL|Win32.Build.0 = DebugDLL|Win32
		{831EF580-92C8-4CA8-B0CE-3D906280A54D}.DebugDLL|x64.ActiveCfg = DebugDLL|x64
		{831EF580-92C8-4CA8-B0CE-3D906280A54D}.DebugDLL|x64.Build.0 = DebugDLL|x64
		{831EF580-92C8-4CA8-B0CE-3D906280A54D}.Release|Win32.ActiveCfg = Release|Win32
		{831EF580-92C8-4CA8-B0CE-3D906280A54D}.Release|Win32.Build.0 = Release|Win32
		{831EF580-92C8-4CA8-B0CE-3D906280A54D}.Release|x64.ActiveCfg = Release|x64
		{831EF580-92C8-4CA8-B0CE-3D906280A54D}.Release|x64.Build.0 = Release|x64
		{831EF580-92C8-4CA8-B0CE-3D906280A54D}.ReleaseDLL|Win32.ActiveCfg = ReleaseDLL|Win32
		{831EF580-92C8-4CA8-B0CE-3D906280A54D}.ReleaseDLL|Win32.Build.0 = ReleaseDLL|Win32
		{831EF580-92C8-4CA8-B0CE-3D906280A54D}.ReleaseDLL|x64.ActiveCfg = ReleaseDLL|x64
		{831EF580-92C8-4CA8-B0CE-3D906280A54D}.ReleaseDLL|x64.Build.0 = ReleaseDLL|x64
		{07293CAC-00DA-493E-90C9-5D010C2B1B53}.Debug|Win32.ActiveCfg = Debug|Win32
		{07293CAC-00DA-493E-90C9-5D010C2B1B53}.Debug|Win32.Build.0 = Debug|Win32
		{07293CAC-00DA-493E-90C9-5D010C2B1B53}.Debug|x64.ActiveCfg = Debug|x64
		{07293CAC-00DA-493E-90C9-5D010C2B1B53}.Debug|x64.Build.0 = Debug|x64
		{07293CAC-00DA-493E-90C9-5D010C2B1B53}.DebugDLL|Win32.ActiveCfg = DebugDLL|Win32
		{07293CAC-00DA-493E-90C9-5D010C2B1B53}.DebugDLL|Win32.Build.0 = DebugDLL|Win32
		{07293CAC-00DA-493E-90C9-5D010C2B1B53}.DebugDLL|x64.ActiveCfg = DebugDLL|x64
		{07293CAC-00DA-493E-90C9-5D010C2B1B53}.DebugDLL|x64.Build.0 = DebugDLL|x64
		{07293CAC-00DA-493E-90C9-5D010C2B1B53}.Release|Win32.ActiveCfg = Release|Win32
		{07293CAC-00DA-493E-90C9-5D010C2B1B53}.Release|Win32.Build.0 = Release|Win32
		{07293CAC-00DA-493E-90C9-5D010C2B1B53}.Release|x64.ActiveCfg = Release|x64
		{07293CAC-00DA-493E-90C9-5D010C2B1B53}.Release|x64.Build.0 = Release|x64
		{07293CAC-00DA-493E-90C9-5D010C2B1B53}.ReleaseDLL|Win32.ActiveCfg = ReleaseDLL|Win32
		{07293CAC-00DA-493E-90C9-5D010C2B1B53}.ReleaseDLL|Win32.Build.0 = ReleaseDLL|Win32
		{07293CAC-00DA-493E-90C9-5D010C2B1B53}.ReleaseDLL|x64.ActiveCfg = ReleaseDLL|x64
		{07293CAC-00DA-493E-90C9-5D010C2B1B53}.ReleaseDLL|x64.Build.0 = ReleaseDLL|x64
		{09877CF4-83B6-44FE-A2E2-629AA5C8093E}.Debug|Win32.ActiveCfg = Debug|Win32
		{09877CF4-83B6-44FE-A2E2-629AA5C8093E}.Debug|Win32.Build.0 = Debug|Win32
		{09877CF4-83B6-44FE-A2E2-629AA5C8093E}.Debug|x64.ActiveCfg = Debug|x64
		{09877CF4-83B6-44FE-A2E2-629AA5C8093E}.Debug|x64.Build.0 = Debug|x64
		{09877CF4-83B6-44FE-A2E2-629AA5C8093E}.DebugDLL|Win32.ActiveCfg = DebugDLL|Win32
		{09877CF4-83B6-44FE-A2E2-629AA5C8093E}.DebugDLL|Win32.Build.0 = DebugDLL|Win32
		{09877CF4-83B6-44FE-A2E2-629AA5C8093E}.DebugDLL|x64.ActiveCfg = DebugDLL|x64
		{09877CF4-83B6-44FE-A2E2-629AA5C8093E}.DebugDLL|x64.Build.0 = DebugDLL|x64
		{09877CF4-83B6-44FE-A2E2-629AA5C8093E}.Release|Win32.ActiveCfg = Release|Win32
		{09877CF4-83B6-44FE-A2E2-629AA5C8093E}.Release|Win32.Build.0 = Release|Win32
		{09877CF4-83B6-44FE-A2E2-629AA5C8093E}.Release|x64.ActiveCfg = Release|x64
		{09877CF4-83B6-44FE-A2E2-629AA5C8093E}.Release|x64.Build.0 = Release|x64
		{09877CF4-83B6-44FE-A2E2-629AA5C8093E}.ReleaseDLL|Win32.ActiveCfg = ReleaseDLL|Win32
		{09877CF4-83B6-44FE-A2E2-629AA5C8093E}.ReleaseDLL|Win32.Build.0 = ReleaseDLL|Win32
		{09877CF4-83B6-44FE-A2E2-629AA5C8093E}.ReleaseDLL|x64.ActiveCfg = ReleaseDLL|x64
		{09877CF4-83B6-44FE-A2E2-629AA5C8093E}.ReleaseDLL|x64.Build.0 = ReleaseDLL|x64
		{6C4C06A3-6F8F-4067-AA4C-D5F41E1FFF9A}.Debug|Win32.ActiveCfg = Debug|Win32
		{6C4C06A3-6F8F-4067-AA4C-D5F41E1FFF9A}.Debug|Win32.Build.0 = Debug|Win32
		{6C4C06A3-6F8F-4067-AA4C-D5F41E1FFF9A}.Debug|x64.ActiveCfg = Debug|x64
		{6C4C06A3-6F8F-4067-AA4C-D5F41E1FFF9A}.Debug|x64.Build.0 = Debug|x64
		{6C4C06A3-6F8F-4067-AA4C-D5F41E1FFF9A}.DebugDLL|Win32.ActiveCfg = DebugDLL|Win32
		{6C4C06A3-6F8F-4067-AA4C-D5F41E1FFF9A}.DebugDLL|Win32.Build.0 = DebugDLL|Win32
		{6C4C06A3-6F8F-4067-AA4C-D5F41E1FFF9A}.DebugDLL|x64.ActiveCfg = DebugDLL|x64
		{6C4C06A3-6F8F-4067-AA4C-D5F41E1FFF9A}.DebugDLL|x64.Build.0 = DebugDLL|x64
		{6C4C06A3-6F8F-4067-AA4C-D5F41E1FFF9A}.Release|Win32.ActiveCfg = Release|Win32
		{6C4C06A3-6F8F-4067-AA4C-D5F41E1FFF9A}.Release|Win32.Build.0 = Release|Win32
		{6C4C06A3-6F8F-4067-AA4C-D5F41E1FFF9A}.Release|x64.ActiveCfg = Release|x64
		{6C4C06A3-6F8F-4067-AA4C-D5F41E1FFF9A}.Release|x64.Build.0 = Release|x64
		{6C4C06A3-6F8F-4067-AA4C-D5F41E1FFF9A}.ReleaseDLL|Win32.ActiveCfg = ReleaseDLL|Win32
		{6C4C06A3-6F8F-4067-AA4C-D5F41E1FFF9A}.ReleaseDLL|Win32.Build.0 = ReleaseDLL|Win32
		{6C4C06A3-6F8F-4067-AA4C-D5F41E1FFF9A}.ReleaseDLL|x64.ActiveCfg = ReleaseDLL|x64
		{6C4C06A3-6F8F-4067-AA4C-D5F41E1FFF9A}.ReleaseDLL|x64.Build.0 = ReleaseDLL|x64
		{8308C68D-E12B-4C71-96F4-7137F6BEB654}.Debug|Win32.ActiveCfg = Debug|Win32
		{8308C68D-E12B-4C71-96F4-7137F6BEB654}.Debug|Win32.Build.0 = Debug|Win32
		{8308C68D-E12B-4C71-96F4-7137F6BEB654}.Debug|x64.ActiveCfg = Debug|x64
		{8308C68D-E12B-4C71-96F4-7137F6BEB654}.Debug|x64.Build.0 = Debug|x64
		{8308C68D-E12B-4C71-96F4-7137F6BEB654}.DebugDLL|Win32.ActiveCfg = DebugDLL|Win32
		{8308C68D-E12B-4C71-96F4-7137F6BEB654}.DebugDLL|Win32.Build.0 = DebugDLL|Win32
		{8308C68D-E12B-4C71-96F4-7137F6BEB654}.DebugDLL|x64.ActiveCfg = DebugDLL|x64
		{8308C68D-E12B-4C71-96F4-7137F6BEB654}.DebugDLL|x64.Build.0 = DebugDLL|x64
		{8308C68D-E12B-4C71-96F4-7137F6BEB654}.Release|Win32.ActiveCfg = Release|Win32
		{8308C68D-E12B-4C71-96F4-7137F6BEB654}.Release|Win32.Build.0 = Release|Win32
		{8308C68D-E12B-4C71-96F4-7137F6BEB654}.Release|x64.ActiveCfg = Release|x64
		{8308C68D-E12B-4C71-96F4-7137F6BEB654}.Release|x64.Build.0 = Release|x64
		{8308C68D-E12B-4C71-96F4-7137F6BEB654}.ReleaseDLL|Win32.ActiveCfg = ReleaseDLL|Win32
		{8308C68D-E12B-4C71-96F4-7137F6BEB654}.ReleaseDLL|Win32.Build.0 = ReleaseDLL|Win32
		{8308C68D-E12B-4C71-96F4-7137F6BEB654}.ReleaseDLL|x64.ActiveCfg = ReleaseDLL|x64
		{8308C68D-E12B-4C71-96F4-7137F6BEB654}.ReleaseDLL|x64.Build.0 = ReleaseDLL|x64
		{83914D93-57B3-4718-8A50-662C17C4AE8F}.Debug|Win32.ActiveCfg = Debug|Win32
		{83914D93-57B3-4718-8A50-662C17C4AE8F}.Debug|Win32.Build.0 = Debug|Win32
		{83914D93-57B3-4718-8A50-662C17C4AE8F}.Debug|x64.ActiveCfg = Debug|x64
		{83914D93-57B3-4718-8A50-662C17C4AE8F}.Debug|x64.Build.0 = Debug|x64
		{83914D93-57B3-4718-8A50-662C17C4AE8F}.DebugDLL|Win32.ActiveCfg = DebugDLL|Win32
		{83914D93-57B3-4718-8A50-662C17C4AE8F}.DebugDLL|Win32.Build.0 = DebugDLL|Win32
		{83914D93-57B3-4718-8A50-662C17C4AE8F}.DebugDLL|x64.ActiveCfg = DebugDLL|x64
		{83914D93-57B3-4718-8A50-662C17C4AE8F}.DebugDLL|x64.Build.0 = DebugDLL|x64
		{83914D93-57B3-4718-8A50-662C17C4AE8F}.Release|Win32.ActiveCfg = Release|Win32
		{83914D93-57B3-4718-8A50-662C17C4AE8F}.Release|Win32.Build.0 = Release|Win32
		{83914D93-57B3-4718-8A50-662C17C4AE8F}.Release|x64.ActiveCfg = Release|x64
		{83914D93-57B3-4718-8A50-662C17C4AE8F}.Release|x64.Build.0 = Release|x64
		{83914D93-57B3-4718-8A50-662C17C4AE8F}.ReleaseDLL|Win32.ActiveCfg = ReleaseDLL|Win32
		{83914D93-57B3-4718-8A50-662C17C4AE8F}.ReleaseDLL|Win32.Build.0 = ReleaseDLL|Win32
		{83914D93-57B3-4718-8A50-662C17C4AE8F}.ReleaseDLL|x64.ActiveCfg = ReleaseDLL|x64
		{83914D93-57B3-4718-8A50-662C17C4AE8F}.ReleaseDLL|x64.Build.0 = ReleaseDLL|x64
		{AD41F87C-242B-4B61-B767-A9879F0D5C04}.Debug|Win32.ActiveCfg = Debug|Win32
		{AD41F87C-242B-4B61-B767-A9879F0D5C04}.Debug|Win32.Build.0 = Debug|Win32
		{AD41F87C-242B-4B61-B767-A9879F0D5C04}.Debug|x64.ActiveCfg = Debug|x64
		{AD41F87C-242B-4B61-B767-A9879F0D5C04}.Debug|x64.Build.0 = Debug|x64
		{AD41F87C-242B-4B61-B767-A9879F0D5C04}.DebugDLL|Win32.ActiveCfg = DebugDLL|Win32
		{AD41F87C-242B-4B61-B767-A9879F0D5C04}.DebugDLL|Win32.Build.0 = DebugDLL|Win32
		{AD41F87C-242B-4B61-B767-A9879F0D5C04}.DebugDLL|x64.ActiveCfg = DebugDLL|x64
		{AD41F87C-242B-4B61-B767-A9879F0D5C04}.DebugDLL|x64.Build.0 = DebugDLL|x64
		{AD41F87C-242B-4B61-B767-A9879F0D5C04}.Release|Win32.ActiveCfg = Release|Win32
		{AD41F87C-242B-4B61-B767-A9879F0D5C04}.Release|Win32.Build.0 = Release|Win32
		{AD41F87C-242B-4B61-B767-A9879F0D5C04}.Release|x64.ActiveCfg = Release|x64
		{AD41F87C-242B-4B61-B767-A9879F0D5C04}.Release|x64.Build.0 = Release|x64
		{AD41F87C-242B-4B61-B767-A9879F0D5C04}.ReleaseDLL|Win32.ActiveCfg = ReleaseDLL|Win32
		{AD41F87C-242B-4B61-B767-A9879F0D5C04}.ReleaseDLL|Win32.Build.0 = ReleaseDLL|Win32
		{AD41F87C-242B-4B61-B767-A9879F0D5C04}.ReleaseDLL|x64.ActiveCfg = ReleaseDLL|x64
		{AD41F87C-242B-4B61-B767-A9879F0D5C04}.ReleaseDLL|x64.Build.0 = ReleaseDLL|x64
		{30E18D87-0147-4601-9ED2-4D5291645DB3}.Debug|Win32.ActiveCfg = Debug|Win32
		{30E18D87-0147-4601-9ED2-4D5291645DB3}.Debug|Win32.Build.0 = Debug|Win32
		{30E18D87-0147-4601-9ED2-4D5291645DB3}.Debug|x64.ActiveCfg = Debug|x64
		{30E18D87-0147-4601-9ED2-4D5291645DB3}.Debug|x64.Build.0 = Debug|x64
		{30E18D87-0147-4601-9ED2-4D5291645DB3}.DebugDLL|Win32.ActiveCfg = DebugDLL|Win32
		{30E18D87-0147-4601-9ED2-4D5291645DB3}.DebugDLL|Win32.Build.0 = DebugDLL|Win32
		{30E18D87-0147-4601-9ED2-4D5291645DB3}.DebugDLL|x64.ActiveCfg = DebugDLL|x64
		{30E18D87-0147-4601-9ED2-4D5291645DB3}.DebugDLL|x64.Build.0 = DebugDLL|x64
		{30E18D87-0147-4601-9ED2-4D5291645DB3}.Release|Win32.ActiveCfg = Release|Win32
		{30E18D87-0147-4601-9ED2-4D5291645DB3}.Release|Win32.Build.0 = Release|Win32
		{30E18D87-0147-4601-9ED2-4D5291645DB3}.Release|x64.ActiveCfg = Release|x64
		{30E18D87-0147-4601-9ED2-4D5291645DB3}.Release|x64.Build.0 = Release|x64
		{30E18D87-0147-4601-9ED2-4D5291645DB3}.ReleaseDLL|Win32.ActiveCfg = ReleaseDLL|Win32
		{30E18D87-0147-4601-9ED2-4D5291645DB3}.ReleaseDLL|Win32.Build.0 = ReleaseDLL|Win32
		{30E18D87-0147-4601-9ED2-4D5291645DB3}.ReleaseDLL|x64.ActiveCfg = ReleaseDLL|x64
		{30E18D87-0147-4601-9ED2-4D5291645DB3}.ReleaseDLL|x64.Build.0 = ReleaseDLL|x64
		{953404C9-B20A-4D17-8262-9D9AD1CDC5C1}.Debug|Win32.ActiveCfg = Debug|Win32
		{953404C9-B20A-4D17-8262-9D9AD1CDC5C1}.Debug|Win32.Build.0 = Debug|Win32
		{953404C9-B20A-4D17-8262-9D9AD1CDC5C1}.Debug|x64.ActiveCfg = Debug|x64
		{953404C9-B20A-4D17-8262-9D9AD1CDC5C1}.Debug|x64.Build.0 = Debug|x64
		{953404C9-B20A-4D17-8262-9D9AD1CDC5C1}.DebugDLL|Win32.ActiveCfg = DebugDLL|Win32
		{953404C9-B20A-4D17-8262-9D9AD1CDC5C1}.DebugDLL|Win32.Build.0 = DebugDLL|Win32
		{953404C9-B20A-4D17-8262-9D9AD1CDC5C1}.DebugDLL|x64.ActiveCfg = DebugDLL|x64
		{953404C9-B20A-4D17-8262-9D9AD1CDC5C1}.DebugDLL|x64.Build.0 = DebugDLL|x64
		{953404C9-B20A-4D17-8262-9D9AD1CDC5C1}.Release|Win32.ActiveCfg = Release|Win32
		{953404C9-B20A-4D17-8262-9D9AD1CDC5C1}.Release|Win32.Build.0 = Release|Win32
		{953404C9-B20A-4D17-8262-9D9AD1CDC5C1}.Release|x64.ActiveCfg = Release|x64
		{953404C9-B20A-4D17-8262-9D9AD1CDC5C1}.Release|x64.Build.0 = Release|x64
		{953404C9-B20A-4D17-8262-9D9AD1CDC5C1}.ReleaseDLL|Win32.ActiveCfg = ReleaseDLL|Win32
		{953404C9-B20A-4D17-8262-9D9AD1CDC5C1}.ReleaseDLL|Win32.Build.0 = ReleaseDLL|Win32
		{953404C9-B20A-4D17-8262-9D9AD1CDC5C1}.ReleaseDLL|x64.ActiveCfg = ReleaseDLL|x64
		{953404C9-B20A-4D17-8262-9D9AD1CDC5C1}.ReleaseDLL|x64.Build.0 = ReleaseDLL|x64
		{D802FE1E-7868-4034-92B8-00865E1CABAB}.Debug|Win32.ActiveCfg = Debug|Win32
		{D802FE1E-7868-4034-92B8-00865E1CABAB}.Debug|Win32.Build.0 = Debug|Win32
		{D802FE1E-7868-4034-92B8-00865E1CABAB}.Debug|x64.ActiveCfg = Debug|x64
		{D802FE1E-7868-4034-92B8-00865E1CABAB}.Debug|x64.Build.0 = Debug|x64
		{D802FE1E-7868-4034-92B8-00865E1CABAB}.DebugDLL|Win32.ActiveCfg = DebugDLL|Win32
		{D802FE1E-7868-4034-92B8-00865E1CABAB}.DebugDLL|Win32.Build.0 = DebugDLL|Win32
		{D802FE1E-7868-4034-92B8-00865E1CABAB}.DebugDLL|x64.ActiveCfg = DebugDLL|x64
		{D802FE1E-7868-4034-92B8-00865E1CABAB}.DebugDLL|x64.Build.0 = DebugDLL|x64
		{D802FE1E-7868-4034-92B8-00865E1CABAB}.Release|Win32.ActiveCfg = Release|Win32
		{D802FE1E-7868-4034-92B8-00865E1CABAB}.Release|Win32.Build.0 = Release|Win32
		{D802FE1E-7868-4034-92B8-00865E1CABAB}.Release|x64.ActiveCfg = Release|x64
		{D802FE1E-7868-4034-92B8-00865E1CABAB}.Release|x64.Build.0 = Release|x64
		{D802FE1E-7868-4034-92B8-00865E1CABAB}.ReleaseDLL|Win32.ActiveCfg = ReleaseDLL|Win32
		{D802FE1E-7868-4034-92B8-00865E1CABAB}.ReleaseDLL|Win32.Build.0 = ReleaseDLL|Win32
		{D802FE1E-7868-4034-92B8-00865E1CABAB}.ReleaseDLL|x64.ActiveCfg = ReleaseDLL|x64
		{D802FE1E-7868-4034-92B8-00865E1CABAB}.ReleaseDLL|x64.Build.0 = ReleaseDLL|x64
		{21F0CEB1-D850-4C29-88BF-1CE4171824E6}.Debug|Win32.ActiveCfg = Debug|Win32
		{21F0CEB1-D850-4C29-88BF-1CE4171824E6}.Debug|Win32.Build.0 = Debug|Win32
		{21F0CEB1-D850-4C29-88BF-1CE4171824E6}.Debug|x64.ActiveCfg = Debug|x64
		{21F0CEB1-D850-4C29-88BF-1CE4171824E6}.Debug|x64.Build.0 = Debug|x64
		{21F0CEB1-D850-4C29-88BF-1CE4171824E6}.DebugDLL|Win32.ActiveCfg = DebugDLL|Win32
		{21F0CEB1-D850-4C29-88BF-1CE4171824E6}.DebugDLL|Win32.Build.0 = DebugDLL|Win32
		{21F0CEB1-D850-4C29-88BF-1CE4171824E6}.DebugDLL|x64.ActiveCfg = DebugDLL|x64
		{21F0CEB1-D850-4C29-88BF-1CE4171824E6}.DebugDLL|x64.Build.0 = DebugDLL|x64
		{21F0CEB1-D850-4C29-88BF-1CE4171824E6}.Release|Win32.ActiveCfg = Release|Win32
		{21F0CEB1-D850-4C29-88BF-1CE4171824E6}.Release|Win32.Build.0 = Release|Win32
		{21F0CEB1-D850-4C29-88BF-1CE4171824E6}.Release|x64.ActiveCfg = Release|x64
		{21F0CEB1-D850-4C29-88BF-1CE4171824E6}.Release|x64.Build.0 = Release|x64
		{21F0CEB1-D850-4C29-88BF-1CE4171824E6}.ReleaseDLL|Win32.ActiveCfg = ReleaseDLL|Win32
		{21F0CEB1-D850-4C29-88BF-1CE4171824E6}.ReleaseDLL|Win32.Build.0 = ReleaseDLL|Win32
		{21F0CEB1-D850-4C29-88BF-1CE4171824E6}.ReleaseDLL|x64.ActiveCfg = ReleaseDLL|x64
		{21F0CEB1-D850-4C29-88BF-1CE4171824E6}.ReleaseDLL|x64.Build.0 = ReleaseDLL|x64
		{A7D22798-1262-4194-94A5-C636BCB68329}.Debug|Win32.ActiveCfg = Debug|Win32
		{A7D22798-1262-4194-94A5-C636BCB68329}.Debug|Win32.Build.0 = Debug|Win32
		{A7D22798-1262-4194-94A5-C636BCB68329}.Debug|x64.ActiveCfg = Debug|x64
		{A7D22798-1262-4194-94A5-C636BCB68329}.Debug|x64.Build.0 = Debug|x64
		{A7D22798-1262-4194-94A5-C636BCB68329}.DebugDLL|Win32.ActiveCfg = DebugDLL|Win32
		{A7D22798-1262-4194-94A5-C636BCB68329}.DebugDLL|Win32.Build.0 = DebugDLL|Win32
		{A7D22798-1262-4194-94A5-C636BCB68329}.DebugDLL|x64.ActiveCfg = DebugDLL|x64
		{A7D22798-1262-4194-94A5-C636BCB68329}.DebugDLL|x64.Build.0 = DebugDLL|x64
		{A7D22798-1262-4194-94A5-C636BCB68329}.Release|Win32.ActiveCfg = Release|Win32
		{A7D22798-1262-4194-94A5-C636BCB68329}.Release|Win32.Build.0 = Release|Win32
		{A7D22798-1262-4194-94A5-C636BCB68329}.Release|x64.ActiveCfg = Release|x64
		{A7D22798-1262-4194-94A5-C636BCB68329}.Release|x64.Build.0 = Release|x64
		{A7D22798-1262-4194-94A5-C636BCB68329}.ReleaseDLL|Win32.ActiveCfg = ReleaseDLL|Win32
		{A7D22798-1262-4194-94A5-C636BCB68329}.ReleaseDLL|Win32.Build.0 = ReleaseDLL|Win32
		{A7D22798-1262-4194-94A5-C636BCB68329}.ReleaseDLL|x64.ActiveCfg = ReleaseDLL|x64
		{A7D22798-1262-4194-94A5-C636BCB68329}.ReleaseDLL|x64.Build.0 = ReleaseDLL|x64
		{F11358FA-AA36-46E1-BA80-A17B8042BF9B}.Debug|Win32.ActiveCfg = Debug|Win32
		{F11358FA-AA36-46E1-BA80-A17B8042BF9B}.Debug|Win32.Build.0 = Debug|Win32
		{F11358FA-AA36-46E1-BA80-A17B8042BF9B}.Debug|x64.ActiveCfg = Debug|x64
		{F11358FA-AA36-46E1-BA80-A17B8042BF9B}.Debug|x64.Build.0 = Debug|x64
		{F11358FA-AA36-46E1-BA80-A17B8042BF9B}.DebugDLL|Win32.ActiveCfg = DebugDLL|Win32
		{F11358FA-AA36-46E1-BA80-A17B8042BF9B}.DebugDLL|Win32.Build.0 = DebugDLL|Win32
		{F11358FA-AA36-46E1-BA80-A17B8042BF9B}.DebugDLL|x64.ActiveCfg = DebugDLL|x64
		{F11358FA-AA36-46E1-BA80-A17B8042BF9B}.DebugDLL|x64.Build.0 = DebugDLL|x64
		{F11358FA-AA36-46E1-BA80-A17B8042BF9B}.Release|Win32.ActiveCfg = Release|Win32
		{F11358FA-AA36-46E1-BA80-A17B8042BF9B}.Release|Win32.Build.0 = Release|Win32
		{F11358FA-AA36-46E1-BA80-A17B8042BF9B}.Release|x64.ActiveCfg = Release|x64
		{F11358FA-AA36-46E1-BA80-A17B8042BF9B}.Release|x64.Build.0 = Release|x64
		{F11358FA-AA36-46E1-BA80-A17B8042BF9B}.ReleaseDLL|Win32.ActiveCfg = ReleaseDLL|Win32
		{F11358FA-AA36-46E1-BA80-A17B8042BF9B}.ReleaseDLL|Win32.Build.0 = ReleaseDLL|Win32
		{F11358FA-AA36-46E1-BA80-A17B8042BF9B}.ReleaseDLL|x64.ActiveCfg = ReleaseDLL|x64
		{F11358FA-AA36-46E1-BA80-A17B8042BF9B}.ReleaseDLL|x64.Build.0 = ReleaseDLL|x64
		{556CB4FC-33BB-4E67-AB0E-1865E67176A5}.Debug|Win32.ActiveCfg = Debug|Win32
		{556CB4FC-33BB-4E67-AB0E-1865E67176A5}.Debug|Win32.Build.0 = Debug|Win32
		{556CB4FC-33BB-4E67-AB0E-1865E67176A5}.Debug|x64.ActiveCfg = Debug|x64
		{556CB4FC-33BB-4E67-AB0E-1865E67176A5}.Debug|x64.Build.0 = Debug|x64
		{556CB4FC-33BB-4E67-AB0E-1865E67176A5}.DebugDLL|Win32.ActiveCfg = DebugDLL|Win32
		{556CB4FC-33BB-4E67-AB0E-1865E67176A5}.DebugDLL|Win32.Build.0 = DebugDLL|Win32
		{556CB4FC-33BB-4E67-AB0E-1865E67176A5}.DebugDLL|x64.ActiveCfg = DebugDLL|x64
		{556CB4FC-33BB-4E67-AB0E-1865E67176A5}.DebugDLL|x64.Build.0 = DebugDLL|x64
		{556CB4FC-33BB-4E67-AB0E-1865E67176A5}.Release|Win32.ActiveCfg = Release|Win32
		{556CB4FC-33BB-4E67-AB0E-1865E67176A5}.Release|Win32.Build.0 = Release|Win32
		{556CB4FC-33BB-4E67-AB0E-1865E67176A5}.Release|x64.ActiveCfg = Release|x64
		{556CB4FC-33BB-4E67-AB0E-1865E67176A5}.Release|x64.Build.0 = Release|x64
		{556CB4FC-33BB-4E67-AB0E-1865E67176A5}.ReleaseDLL|Win32.ActiveCfg = ReleaseDLL|Win32
		{556CB4FC-33BB-4E67-AB0E-1865E67176A5}.ReleaseDLL|Win32.Build.0 = ReleaseDLL|Win32
		{556CB4FC-33BB-4E67-AB0E-1865E67176A5}.ReleaseDLL|x64.ActiveCfg = ReleaseDLL|x64
		{556CB4FC-33BB-4E67-AB0E-1865E67176A5}.ReleaseDLL|x64.Build.0 = ReleaseDLL|x64
		{FC7120EC-BEB2-4CC3-9B90-B022F560E584}.Debug|Win32.ActiveCfg = Debug|Win32
		{FC7120EC-BEB2-4CC3-9B90-B022F560E584}.Debug|Win32.Build.0 = Debug|Win32
		{FC7120EC-BEB2-4CC3-9B90-B022F560E584}.Debug|x64.ActiveCfg = Debug|x64
		{FC7120EC-BEB2-4CC3-9B90-B022F560E584}.Debug|x64.Build.0 = Debug|x64
		{FC7120EC-BEB2-4CC3-9B90-B022F560E584}.DebugDLL|Win32.ActiveCfg = DebugDLL|Win32
		{FC7120EC-BEB2-4CC3-9B90-B022F560E584}.DebugDLL|Win32.Build.0 = DebugDLL|Win32
		{FC7120EC-BEB2-4CC3-9B90-B022F560E584}.DebugDLL|x64.ActiveCfg = DebugDLL|x64
		{FC7120EC-BEB2-4CC3-9B90-B022F560E584}.DebugDLL|x64.Build.0 = DebugDLL|x64
		{FC7120EC-BEB2-4CC3-9B90-B022F560E584}.Release|Win32.ActiveCfg = Release|Win32
		{FC7120EC-BEB2-4CC3-9B90-B022F560E584}.Release|Win32.Build.0 = Release|Win32
		{FC7120EC-BEB2-4CC3-9B90-B022F560E584}.Release|x64.ActiveCfg = Release|x64
		{FC7120EC-BEB2-4CC3-9B90-B022F560E584}.Release|x64.Build.0 = Release|x64
		{FC7120EC-BEB2-4CC3-9B90-B022F560E584}.ReleaseDLL|Win32.ActiveCfg = ReleaseDLL|Win32
		{FC7120EC-BEB2-4CC3-9B90-B022F560E584}.ReleaseDLL|Win32.Build.0 = ReleaseDLL|Win32
		{FC7120EC-BEB2-4CC3-9B90-B022F560E584}.ReleaseDLL|x64.ActiveCfg = ReleaseDLL|x64
		{FC7120EC-BEB2-4CC3-9B90-B022F560E584}.ReleaseDLL|x64.Build.0 = ReleaseDLL|x64
		{9DCEE051-A07B-4C6B-B2BC-0814F0C323AA}.Debug|Win32.ActiveCfg = Debug|Win32
		{9DCEE051-A07B-4C6B-B2BC-0814F0C323AA}.Debug|Win32.Build.0 = Debug|Win32
		{9DCEE051-A07B-4C6B-B2BC-0814F0C323AA}.Debug|x64.ActiveCfg = Debug|x64
		{9DCEE051-A07B-4C6B-B2BC-0814F0C323AA}.Debug|x64.Build.0 = Debug|x64
		{9DCEE051-A07B-4C6B-B2BC-0814F0C323AA}.DebugDLL|Win32.ActiveCfg = DebugDLL|Win32
		{9DCEE051-A07B-4C6B-B2BC-0814F0C323AA}.DebugDLL|Win32.Build.0 = DebugDLL|Win32
		{9DCEE051-A07B-4C6B-B2BC-0814F0C323AA}.DebugDLL|x64.ActiveCfg = DebugDLL|x64
		{9DCEE051-A07B-4C6B-B2BC-0814F0C323AA}.DebugDLL|x64.Build.0 = DebugDLL|x64
		{9DCEE051-A07B-4C6B-B2BC-0814F0C323AA}.Release|Win32.ActiveCfg = Release|Win32
		{9DCEE051-A07B-4C6B-B2BC-0814F0C323AA}.Release|Win32.Build.0 = Release|Win32
		{9DCEE051-A07B-4C6B-B2BC-0814F0C323AA}.Release|x64.ActiveCfg = Release|x64
		{9DCEE051-A07B-4C6B-B2BC-0814F0C323AA}.Release|x64.Build.0 = Release|x64
		{9DCEE051-A07B-4C6B-B2BC-0814F0C323AA}.ReleaseDLL|Win32.ActiveCfg = ReleaseDLL|Win32
		{9DCEE051-A07B-4C6B-B2BC-0814F0C323AA}.ReleaseDLL|Win32.Build.0 = ReleaseDLL|Win32
		{9DCEE051-A07B-4C6B-B2BC-0814F0C323AA}.ReleaseDLL|x64.ActiveCfg = ReleaseDLL|x64
		{9DCEE051-A07B-4C6B-B2BC-0814F0C323AA}.ReleaseDLL|x64.Build.0 = ReleaseDLL|x64
		{C34B11A1-B707-46B2-8053-2FA236B369CF}.Debug|Win32.ActiveCfg = Debug|Win32
		{C34B11A1-B707-46B2-8053-2FA236B369CF}.Debug|Win32.Build.0 = Debug|Win32
		{C34B11A1-B707-46B2-8053-2FA236B369CF}.Debug|x64.ActiveCfg = Debug|x64
		{C34B11A1-B707-46B2-8053-2FA236B369CF}.Debug|x64.Build.0 = Debug|x64
		{C34B11A1-B707-46B2-8053-2FA236B369CF}.DebugDLL|Win32.ActiveCfg = DebugDLL|Win32
		{C34B11A1-B707-46B2-8053-2FA236B369CF}.DebugDLL|Win32.Build.0 = DebugDLL|Win32
		{C34B11A1-B707-46B2-8053-2FA236B369CF}.DebugDLL|x64.ActiveCfg = DebugDLL|x64
		{C34B11A1-B707-46B2-8053-2FA236B369CF}.DebugDLL|x64.Build.0 = DebugDLL|x64
		{C34B11A1-B707-46B2-8053-2FA236B369CF}.Release|Win32.ActiveCfg = Release|Win32
		{C34B11A1-B707-46B2-8053-2FA236B369CF}.Release|Win32.Build.0 = Release|Win32
		{C34B11A1-B707-46B2-8053-2FA236B369CF}.Release|x64.ActiveCfg = Release|x64
		{C34B11A1-B707-46B2-8053-2FA236B369CF}.Release|x64.Build.0 = Release|x64
		{C34B11A1-B707-46B2-8053-2FA236B369CF}.ReleaseDLL|Win32.ActiveCfg = ReleaseDLL|Win32
		{C34B11A1-B707-46B2-8053-2FA236B369CF}.ReleaseDLL|Win32.Build.0 = ReleaseDLL|Win32
		{C34B11A1-B707-46B2-8053-2FA236B369CF}.ReleaseDLL|x64.ActiveCfg = ReleaseDLL|x64
		{C34B11A1-B707-46B2-8053-2FA236B369CF}.ReleaseDLL|x64.Build.0 = ReleaseDLL|x64
		{430C4512-CC73-4943-8CDF-71DEA573BD47}.Debug|Win32.ActiveCfg = Debug|Win32
		{430C4512-CC73-4943-8CDF-71DEA573BD47}.Debug|Win32.Build.0 = Debug|Win32
		{430C4512-CC73-4943-8CDF-71DEA573BD47}.Debug|x64.ActiveCfg = Debug|x64
		{430C4512-CC73-4943-8CDF-71DEA573BD47}.Debug|x64.Build.0 = Debug|x64
		{430C4512-CC73-4943-8CDF-71DEA573BD47}.DebugDLL|Win32.ActiveCfg = DebugDLL|Win32
		{430C4512-CC73-4943-8CDF-71DEA573BD47}.DebugDLL|Win32.Build.0 = DebugDLL|Win32
		{430C4512-CC73-4943-8CDF-71DEA573BD47}.DebugDLL|x64.ActiveCfg = DebugDLL|x64
		{430C4512-CC73-4943-8CDF-71DEA573BD47}.DebugDLL|x64.Build.0 = DebugDLL|x64
		{430C4512-CC73-4943-8CDF-71DEA573BD47}.Release|Win32.ActiveCfg = Release|Win32
		{430C4512-CC73-4943-8CDF-71DEA573BD47}.Release|Win32.Build.0 = Release|Win32
		{430C4512-CC73-4943-8CDF-71DEA573BD47}.Release|x64.ActiveCfg = Release|x64
		{430C4512-CC73-4943-8CDF-71DEA573BD47}.Release|x64.Build.0 = Release|x64
		{430C4512-CC73-4943-8CDF-71DEA573BD47}.ReleaseDLL|Win32.ActiveCfg = ReleaseDLL|Win32
		{430C4512-CC73-4943-8CDF-71DEA573BD47}.ReleaseDLL|Win32.Build.0 = ReleaseDLL|Win32
		{430C4512-CC73-4943-8CDF-71DEA573BD47}.ReleaseDLL|x64.ActiveCfg = ReleaseDLL|x64
		{430C4512-CC73-4943-8CDF-71DEA573BD47}.ReleaseDLL|x64.Build.0 = ReleaseDLL|x64
		{98A9F59D-FDFE-4B27-88FE-2625F1E7597F}.Debug|Win32.ActiveCfg = Debug|Win32
		{98A9F59D-FDFE-4B27-88FE-2625F1E7597F}.Debug|Win32.Build.0 = Debug|Win32
		{98A9F59D-FDFE-4B27-88FE-2625F1E7597F}.Debug|x64.ActiveCfg = Debug|x64
		{98A9F59D-FDFE-4B27-88FE-2625F1E7597F}.Debug|x64.Build.0 = Debug|x64
		{98A9F59D-FDFE-4B27-88FE-2625F1E7597F}.DebugDLL|Win32.ActiveCfg = DebugDLL|Win32
		{98A9F59D-FDFE-4B27-88FE-2625F1E7597F}.DebugDLL|Win32.Build.0 = DebugDLL|Win32
		{98A9F59D-FDFE-4B27-88FE-2625F1E7597F}.DebugDLL|x64.ActiveCfg = DebugDLL|x64
		{98A9F59D-FDFE-4B27-88FE-2625F1E7597F}.DebugDLL|x64.Build.0 = DebugDLL|x64
		{98A9F59D-FDFE-4B27-88FE-2625F1E7597F}.Release|Win32.ActiveCfg = Release|Win32
		{98A9F59D-FDFE-4B27-88FE-2625F1E7597F}.Release|Win32.Build.0 = Release|Win32
		{98A9F59D-FDFE-4B27-88FE-2625F1E7597F}.Release|x64.ActiveCfg = Release|x64
		{98A9F59D-FDFE-4B27-88FE-2625F1E7597F}.Release|x64.Build.0 = Release|x64
		{98A9F59D-FDFE-4B27-88FE-2625F1E7597F}.ReleaseDLL|Win32.ActiveCfg = ReleaseDLL|Win32
		{98A9F59D-FDFE-4B27-88FE-2625F1E7597F}.ReleaseDLL|Win32.Build.0 = ReleaseDLL|Win32
		{98A9F59D-FDFE-4B27-88FE-2625F1E7597F}.ReleaseDLL|x64.ActiveCfg = ReleaseDLL|x64
		{98A9F59D-FDFE-4B27-88FE-2625F1E7597F}.ReleaseDLL|x64.Build.0 = ReleaseDLL|x64
		{E796088F-0EE6-4EC7-ABA0-8A18F54A4DD7}.Debug|Win32.ActiveCfg = Debug|Win32
		{E796088F-0EE6-4EC7-ABA0-8A18F54A4DD7}.Debug|Win32.Build.0 = Debug|Win32
		{E796088F-0EE6-4EC7-ABA0-8A18F54A4DD7}.Debug|x64.ActiveCfg = Debug|x64
		{E796088F-0EE6-4EC7-ABA0-8A18F54A4DD7}.Debug|x64.Build.0 = Debug|x64
		{E796088F-0EE6-4EC7-ABA0-8A18F54A4DD7}.DebugDLL|Win32.ActiveCfg = DebugDLL|Win32
		{E796088F-0EE6-4EC7-ABA0-8A18F54A4DD7}.DebugDLL|Win32.Build.0 = DebugDLL|Win32
		{E796088F-0EE6-4EC7-ABA0-8A18F54A4DD7}.DebugDLL|x64.ActiveCfg = DebugDLL|x64
		{E796088F-0EE6-4EC7-ABA0-8A18F54A4DD7}.DebugDLL|x64.Build.0 = DebugDLL|x64
		{E796088F-0EE6-4EC7-ABA0-8A18F54A4DD7}.Release|Win32.ActiveCfg = Release|Win32
		{E796088F-0EE6-4EC7-ABA0-8A18F54A4DD7}.Release|Win32.Build.0 = Release|Win32
		{E796088F-0EE6-4EC7-ABA0-8A18F54A4DD7}.Release|x64.ActiveCfg = Release|x64
		{E796088F-0EE6-4EC7-ABA0-8A18F54A4DD7}.Release|x64.Build.0 = Release|x64
		{E796088F-0EE6-4EC7-ABA0-8A18F54A4DD7}.ReleaseDLL|Win32.ActiveCfg = ReleaseDLL|Win32
		{E796088F-0EE6-4EC7-ABA0-8A18F54A4DD7}.ReleaseDLL|Win32.Build.0 = ReleaseDLL|Win32
		{E796088F-0EE6-4EC7-ABA0-8A18F54A4DD7}.ReleaseDLL|x64.ActiveCfg = ReleaseDLL|x64
		{E796088F-0EE6-4EC7-ABA0-8A18F54A4DD7}.ReleaseDLL|x64.Build.0 = ReleaseDLL|x64
		{FEF9C19E-F774-4D8A-991C-A566C1B2E8B6}.Debug|Win32.ActiveCfg = Debug|Win32
		{FEF9C19E-F774-4D8A-991C-A566C1B2E8B6}.Debug|Win32.Build.0 = Debug|Win32
		{FEF9C19E-F774-4D8A-991C-A566C1B2E8B6}.Debug|x64.ActiveCfg = Debug|x64
		{FEF9C19E-F774-4D8A-991C-A566C1B2E8B6}.Debug|x64.Build.0 = Debug|x64
		{FEF9C19E-F774-4D8A-991C-A566C1B2E8B6}.DebugDLL|Win32.ActiveCfg = DebugDLL|Win32
		{FEF9C19E-F774-4D8A-991C-A566C1B2E8B6}.DebugDLL|Win32.Build.0 = DebugDLL|Win32
		{FEF9C19E-F774-4D8A-991C-A566C1B2E8B6}.DebugDLL|x64.ActiveCfg = DebugDLL|x64
		{FEF9C19E-F774-4D8A-991C-A566C1B2E8B6}.DebugDLL|x64.Build.0 = DebugDLL|x64
		{FEF9C19E-F774-4D8A-991C-A566C1B2E8B6}.Release|Win32.ActiveCfg = Release|Win32
		{FEF9C19E-F774-4D8A-991C-A566C1B2E8B6}.Release|Win32.Build.0 = Release|Win32
		{FEF9C19E-F774-4D8A-991C-A566C1B2E8B6}.Release|x64.ActiveCfg = Release|x64
		{FEF9C19E-F774-4D8A-991C-A566C1B2E8B6}.Release|x64.Build.0 = Release|x64
		{FEF9C19E-F774-4D8A-991C-A566C1B2E8B6}.ReleaseDLL|Win32.ActiveCfg = ReleaseDLL|Win32
		{FEF9C19E-F774-4D8A-991C-A566C1B2E8B6}.ReleaseDLL|Win32.Build.0 = ReleaseDLL|Win32
		{FEF9C19E-F774-4D8A-991C-A566C1B2E8B6}.ReleaseDLL|x64.ActiveCfg = ReleaseDLL|x64
		{FEF9C19E-F774-4D8A-991C-A566C1B2E8B6}.ReleaseDLL|x64.Build.0 = ReleaseDLL|x64
		{BFB98A96-7ABD-4F78-BA8B-2C2C257D74D8}.Debug|Win32.ActiveCfg = Debug|Win32
		{BFB98A96-7ABD-4F78-BA8B-2C2C257D74D8}.Debug|Win32.Build.0 = Debug|Win32
		{BFB98A96-7ABD-4F78-BA8B-2C2C257D74D8}.Debug|x64.ActiveCfg = Debug|x64
		{BFB98A96-7ABD-4F78-BA8B-2C2C257D74D8}.Debug|x64.Build.0 = Debug|x64
		{BFB98A96-7ABD-4F78-BA8B-2C2C257D74D8}.DebugDLL|Win32.ActiveCfg = DebugDLL|Win32
		{BFB98A96-7ABD-4F78-BA8B-2C2C257D74D8}.DebugDLL|Win32.Build.0 = DebugDLL|Win32
		{BFB98A96-7ABD-4F78-BA8B-2C2C257D74D8}.DebugDLL|x64.ActiveCfg = DebugDLL|x64
		{BFB98A96-7ABD-4F78-BA8B-2C2C257D74D8}.DebugDLL|x64.Build.0 = DebugDLL|x64
		{BFB98A96-7ABD-4F78-BA8B-2C2C257D74D8}.Release|Win32.ActiveCfg = Release|Win32
		{BFB98A96-7ABD-4F78-BA8B-2C2C257D74D8}.Release|Win32.Build.0 = Release|Win32
		{BFB98A96-7ABD-4F78-BA8B-2C2C257D74D8}.Release|x64.ActiveCfg = Release|x64
		{BFB98A96-7ABD-4F78-BA8B-2C2C257D74D8}.Release|x64.Build.0 = Release|x64
		{BFB98A96-7ABD-4F78-BA8B-2C2C257D74D8}.ReleaseDLL|Win32.ActiveCfg = ReleaseDLL|Win32
		{BFB98A96-7ABD-4F78-BA8B-2C2C257D74D8}.ReleaseDLL|Win32.Build.0 = ReleaseDLL|Win32
		{BFB98A96-7ABD-4F78-BA8B-2C2C257D74D8}.ReleaseDLL|x64.ActiveCfg = ReleaseDLL|x64
		{BFB98A96-7ABD-4F78-BA8B-2C2C257D74D8}.ReleaseDLL|x64.Build.0 = ReleaseDLL|x64
		{45CA5427-4260-4F4A-86B0-FB7AE233D76B}.Debug|Win32.ActiveCfg = Debug|Win32
		{45CA5427-4260-4F4A-86B0-FB7AE233D76B}.Debug|Win32.Build.0 = Debug|Win32
		{45CA5427-4260-4F4A-86B0-FB7AE233D76B}.Debug|x64.ActiveCfg = Debug|x64
		{45CA5427-4260-4F4A-86B0-FB7AE233D76B}.Debug|x64.Build.0 = Debug|x64
		{45CA5427-4260-4F4A-86B0-FB7AE233D76B}.DebugDLL|Win32.ActiveCfg = DebugDLL|Win32
		{45CA5427-4260-4F4A-86B0-FB7AE233D76B}.DebugDLL|Win32.Build.0 = DebugDLL|Win32
		{45CA5427-4260-4F4A-86B0-FB7AE233D76B}.DebugDLL|x64.ActiveCfg = DebugDLL|x64
		{45CA5427-4260-4F4A-86B0-FB7AE233D76B}.DebugDLL|x64.Build.0 = DebugDLL|x64
		{45CA5427-4260-4F4A-86B0-FB7AE233D76B}.Release|Win32.ActiveCfg = Release|Win32
		{45CA5427-4260-4F4A-86B0-FB7AE233D76B}.Release|Win32.Build.0 = Release|Win32
		{45CA5427-4260-4F4A-86B0-FB7AE233D76B}.Release|x64.ActiveCfg = Release|x64
		{45CA5427-4260-4F4A-86B0-FB7AE233D76B}.Release|x64.Build.0 = Release|x64
		{45CA5427-4260-4F4A-86B0-FB7AE233D76B}.ReleaseDLL|Win32.ActiveCfg = ReleaseDLL|Win32
		{45CA5427-4260-4F4A-86B0-FB7AE233D76B}.ReleaseDLL|Win32.Build.0 = ReleaseDLL|Win32
		{45CA5427-4260-4F4A-86B0-FB7AE233D76B}.ReleaseDLL|x64.ActiveCfg = ReleaseDLL|x64
		{45CA5427-4260-4F4A-86B0-FB7AE233D76B}.ReleaseDLL|x64.Build.0 = ReleaseDLL|x64
		{85121FD0-01A1-49BA-B168-CC8D90F91A6F}.Debug|Win32.ActiveCfg = Debug|Win32
		{85121FD0-01A1-49BA-B168-CC8D90F91A6F}.Debug|Win32.Build.0 = Debug|Win32
		{85121FD0-01A1-49BA-B168-CC8D90F91A6F}.Debug|x64.ActiveCfg = Debug|x64
		{85121FD0-01A1-49BA-B168-CC8D90F91A6F}.Debug|x64.Build.0 = Debug|x64
		{85121FD0-01A1-49BA-B168-CC8D90F91A6F}.DebugDLL|Win32.ActiveCfg = DebugDLL|Win32
		{85121FD0-01A1-49BA-B168-CC8D90F91A6F}.DebugDLL|Win32.Build.0 = DebugDLL|Win32
		{85121FD0-01A1-49BA-B168-CC8D90F91A6F}.DebugDLL|x64.ActiveCfg = DebugDLL|x64
		{85121FD0-01A1-49BA-B168-CC8D90F91A6F}.DebugDLL|x64.Build.0 = DebugDLL|x64
		{85121FD0-01A1-49BA-B168-CC8D90F91A6F}.Release|Win32.ActiveCfg = Release|Win32
		{85121FD0-01A1-49BA-B168-CC8D90F91A6F}.Release|Win32.Build.0 = Release|Win32
		{85121FD0-01A1-49BA-B168-CC8D90F91A6F}.Release|x64.ActiveCfg = Release|x64
		{85121FD0-01A1-49BA-B168-CC8D90F91A6F}.Release|x64.Build.0 = Release|x64
		{85121FD0-01A1-49BA-B168-CC8D90F91A6F}.ReleaseDLL|Win32.ActiveCfg = ReleaseDLL|Win32
		{85121FD0-01A1-49BA-B168-CC8D90F91A6F}.ReleaseDLL|Win32.Build.0 = ReleaseDLL|Win32
		{85121FD0-01A1-49BA-B168-CC8D90F91A6F}.ReleaseDLL|x64.ActiveCfg = ReleaseDLL|x64
		{85121FD0-01A1-49BA-B168-CC8D90F91A6F}.ReleaseDLL|x64.Build.0 = ReleaseDLL|x64
		{1708EFC1-414E-4712-80A5-813A6F38814C}.Debug|Win32.ActiveCfg = Debug|Win32
		{1708EFC1-414E-4712-80A5-813A6F38814C}.Debug|Win32.Build.0 = Debug|Win32
		{1708EFC1-414E-4712-80A5-813A6F38814C}.Debug|x64.ActiveCfg = Debug|x64
		{1708EFC1-414E-4712-80A5-813A6F38814C}.Debug|x64.Build.0 = Debug|x64
		{1708EFC1-414E-4712-80A5-813A6F38814C}.DebugDLL|Win32.ActiveCfg = DebugDLL|Win32
		{1708EFC1-414E-4712-80A5-813A6F38814C}.DebugDLL|Win32.Build.0 = DebugDLL|Win32
		{1708EFC1-414E-4712-80A5-813A6F38814C}.DebugDLL|x64.ActiveCfg = DebugDLL|x64
		{1708EFC1-414E-4712-80A5-813A6F38814C}.DebugDLL|x64.Build.0 = DebugDLL|x64
		{1708EFC1-414E-4712-80A5-813A6F38814C}.Release|Win32.ActiveCfg = Release|Win32
		{1708EFC1-414E-4712-80A5-813A6F38814C}.Release|Win32.Build.0 = Release|Win32
		{1708EFC1-414E-4712-80A5-813A6F38814C}.Release|x64.ActiveCfg = Release|x64
		{1708EFC1-414E-4712-80A5-813A6F38814C}.Release|x64.Build.0 = Release|x64
		{1708EFC1-414E-4712-80A5-813A6F38814C}.ReleaseDLL|Win32.ActiveCfg = ReleaseDLL|Win32
		{1708EFC1-414E-4712-80A5-813A6F38814C}.ReleaseDLL|Win32.Build.0 = ReleaseDLL|Win32
		{1708EFC1-414E-4712-80A5-813A6F38814C}.ReleaseDLL|x64.ActiveCfg = ReleaseDLL|x64
		{1708EFC1-414E-4712-80A5-813A6F38814C}.ReleaseDLL|x64.Build.0 = ReleaseDLL|x64
		{D291B6EF-986B-4222-ADA6-38A2EC2A56CE}.Debug|Win32.ActiveCfg = Debug|Win32
		{D291B6EF-986B-4222-ADA6-38A2EC2A56CE}.Debug|Win32.Build.0 = Debug|Win32
		{D291B6EF-986B-4222-ADA6-38A2EC2A56CE}.Debug|x64.ActiveCfg = Debug|x64
		{D291B6EF-986B-4222-ADA6-38A2EC2A56CE}.Debug|x64.Build.0 = Debug|x64
		{D291B6EF-986B-4222-ADA6-38A2EC2A56CE}.DebugDLL|Win32.ActiveCfg = DebugDLL|Win32
		{D291B6EF-986B-4222-ADA6-38A2EC2A56CE}.DebugDLL|Win32.Build.0 = DebugDLL|Win32
		{D291B6EF-986B-4222-ADA6-38A2EC2A56CE}.DebugDLL|x64.ActiveCfg = DebugDLL|x64
		{D291B6EF-986B-4222-ADA6-38A2EC2A56CE}.DebugDLL|x64.Build.0 = DebugDLL|x64
		{D291B6EF-986B-4222-ADA6-38A2EC2A56CE}.Release|Win32.ActiveCfg = Release|Win32
		{D291B6EF-986B-4222-ADA6-38A2EC2A56CE}.Release|Win32.Build.0 = Release|Win32
		{D291B6EF-986B-4222-ADA6-38A2EC2A56CE}.Release|x64.ActiveCfg = Release|x64
		{D291B6EF-986B-4222-ADA6-38A2EC2A56CE}.Release|x64.Build.0 = Release|x64
		{D291B6EF-986B-4222-ADA6-38A2EC2A56CE}.ReleaseDLL|Win32.ActiveCfg = ReleaseDLL|Win32
		{D291B6EF-986B-4222-ADA6-38A2EC2A56CE}.ReleaseDLL|Win32.Build.0 = ReleaseDLL|Win32
		{D291B6EF-986B-4222-ADA6-38A2EC2A56CE}.ReleaseDLL|x64.ActiveCfg = ReleaseDLL|x64
		{D291B6EF-986B-4222-ADA6-38A2EC2A56CE}.ReleaseDLL|x64.Build.0 = ReleaseDLL|x64
		{AD231915-942F-4083-9671-85E26A5798B0}.Debug|Win32.ActiveCfg = Debug|Win32
		{AD231915-942F-4083-9671-85E26A5798B0}.Debug|Win32.Build.0 = Debug|Win32
		{AD231915-942F-4083-9671-85E26A5798B0}.Debug|x64.ActiveCfg = Debug|x64
		{AD231915-942F-4083-9671-85E26A5798B0}.Debug|x64.Build.0 = Debug|x64
		{AD231915-942F-4083-9671-85E26A5798B0}.DebugDLL|Win32.ActiveCfg = DebugDLL|Win32
		{AD231915-942F-4083-9671-85E26A5798B0}.DebugDLL|Win32.Build.0 = DebugDLL|Win32
		{AD231915-942F-4083-9671-85E26A5798B0}.DebugDLL|x64.ActiveCfg = DebugDLL|x64
		{AD231915-942F-4083-9671-85E26A5798B0}.DebugDLL|x64.Build.0 = DebugDLL|x64
		{AD231915-942F-4083-9671-85E26A5798B0}.Release|Win32.ActiveCfg = Release|Win32
		{AD231915-942F-4083-9671-85E26A5798B0}.Release|Win32.Build.0 = Release|Win32
		{AD231915-942F-4083-9671-85E26A5798B0}.Release|x64.ActiveCfg = Release|x64
		{AD231915-942F-4083-9671-85E26A5798B0}.Release|x64.Build.0 = Release|x64
		{AD231915-942F-4083-9671-85E26A5798B0}.ReleaseDLL|Win32.ActiveCfg = ReleaseDLL|Win32
		{AD231915-942F-4083-9671-85E26A5798B0}.ReleaseDLL|Win32.Build.0 = ReleaseDLL|Win32
		{AD231915-942F-4083-9671-85E26A5798B0}.ReleaseDLL|x64.ActiveCfg = ReleaseDLL|x64
		{AD231915-942F-4083-9671-85E26A5798B0}.ReleaseDLL|x64.Build.0 = ReleaseDLL|x64
		{E04D48BF-F529-4267-9311-908E94DF5A49}.Debug|Win32.ActiveCfg = Debug|Win32
		{E04D48BF-F529-4267-9311-908E94DF5A49}.Debug|Win32.Build.0 = Debug|Win32
		{E04D48BF-F529-4267-9311-908E94DF5A49}.Debug|x64.ActiveCfg = Debug|x64
		{E04D48BF-F529-4267-9311-908E94DF5A49}.Debug|x64.Build.0 = Debug|x64
		{E04D48BF-F529-4267-9311-908E94DF5A49}.DebugDLL|Win32.ActiveCfg = DebugDLL|Win32
		{E04D48BF-F529-4267-9311-908E94DF5A49}.DebugDLL|Win32.Build.0 = DebugDLL|Win32
		{E04D48BF-F529-4267-9311-908E94DF5A49}.DebugDLL|x64.ActiveCfg = DebugDLL|x64
		{E04D48BF-F529-4267-9311-908E94DF5A49}.DebugDLL|x64.Build.0 = DebugDLL|x64
		{E04D48BF-F529-4267-9311-908E94DF5A49}.Release|Win32.ActiveCfg = Release|Win32
		{E04D48BF-F529-4267-9311-908E94DF5A49}.Release|Win32.Build.0 = Release|Win32
		{E04D48BF-F529-4267-9311-908E94DF5A49}.Release|x64.ActiveCfg = Release|x64
		{E04D48BF-F529-4267-9311-908E94DF5A49}.Release|x64.Build.0 = Release|x64
		{E04D48BF-F529-4267-9311-908E94DF5A49}.ReleaseDLL|Win32.ActiveCfg = ReleaseDLL|Win32
		{E04D48BF-F529-4267-9311-908E94DF5A49}.ReleaseDLL|Win32.Build.0 = ReleaseDLL|Win32
		{E04D48BF-F529-4267-9311-908E94DF5A49}.ReleaseDLL|x64.ActiveCfg = ReleaseDLL|x64
		{E04D48BF-F529-4267-9311-908E94DF5A49}.ReleaseDLL|x64.Build.0 = ReleaseDLL|x64
		{6860BB9B-2053-46CD-9E2D-EEC199D68982}.Debug|Win32.ActiveCfg = Debug|Win32
		{6860BB9B-2053-46CD-9E2D-EEC199D68982}.Debug|Win32.Build.0 = Debug|Win32
		{6860BB9B-2053-46CD-9E2D-EEC199D68982}.Debug|x64.ActiveCfg = Debug|x64
		{6860BB9B-2053-46CD-9E2D-EEC199D68982}.Debug|x64.Build.0 = Debug|x64
		{6860BB9B-2053-46CD-9E2D-EEC199D68982}.DebugDLL|Win32.ActiveCfg = DebugDLL|Win32
		{6860BB9B-2053-46CD-9E2D-EEC199D68982}.DebugDLL|Win32.Build.0 = DebugDLL|Win32
		{6860BB9B-2053-46CD-9E2D-EEC199D68982}.DebugDLL|x64.ActiveCfg = DebugDLL|x64
		{6860BB9B-2053-46CD-9E2D-EEC199D68982}.DebugDLL|x64.Build.0 = DebugDLL|x64
		{6860BB9B-2053-46CD-9E2D-EEC199D68982}.Release|Win32.ActiveCfg = Release|Win32
		{6860BB9B-2053-46CD-9E2D-EEC199D68982}.Release|Win32.Build.0 = Release|Win32
		{6860BB9B-2053-46CD-9E2D-EEC199D68982}.Release|x64.ActiveCfg = Release|x64
		{6860BB9B-2053-46CD-9E2D-EEC199D68982}.Release|x64.Build.0 = Release|x64
		{6860BB9B-2053-46CD-9E2D-EEC199D68982}.ReleaseDLL|Win32.ActiveCfg = ReleaseDLL|Win32
		{6860BB9B-2053-46CD-9E2D-EEC199D68982}.ReleaseDLL|Win32.Build.0 = ReleaseDLL|Win32
		{6860BB9B-2053-46CD-9E2D-EEC199D68982}.ReleaseDLL|x64.ActiveCfg = ReleaseDLL|x64
		{6860BB9B-2053-46CD-9E2D-EEC199D68982}.ReleaseDLL|x64.Build.0 = ReleaseDLL|x64
		{DBD630FC-0DA9-41EB-925D-70654D01F6FA}.Debug|Win32.ActiveCfg = Debug|Win32
		{DBD630FC-0DA9-41EB-925D-70654D01F6FA}.Debug|Win32.Build.0 = Debug|Win32
		{DBD630FC-0DA9-41EB-925D-70654D01F6FA}.Debug|x64.ActiveCfg = Debug|x64
		{DBD630FC-0DA9-41EB-925D-70654D01F6FA}.Debug|x64.Build.0 = Debug|x64
		{DBD630FC-0DA9-41EB-925D-70654D01F6FA}.DebugDLL|Win32.ActiveCfg = DebugDLL|Win32
		{DBD630FC-0DA9-41EB-925D-70654D01F6FA}.DebugDLL|Win32.Build.0 = DebugDLL|Win32
		{DBD630FC-0DA9-41EB-925D-70654D01F6FA}.DebugDLL|x64.ActiveCfg = DebugDLL|x64
		{DBD630FC-0DA9-41EB-925D-70654D01F6FA}.DebugDLL|x64.Build.0 = DebugDLL|x64
		{DBD630FC-0DA9-41EB-925D-70654D01F6FA}.Release|Win32.ActiveCfg = Release|Win32
		{DBD630FC-0DA9-41EB-925D-70654D01F6FA}.Release|Win32.Build.0 = Release|Win32
		{DBD630FC-0DA9-41EB-925D-70654D01F6FA}.Release|x64.ActiveCfg = Release|x64
		{DBD630FC-0DA9-41EB-925D-70654D01F6FA}.Release|x64.Build.0 = Release|x64
		{DBD630FC-0DA9-41EB-925D-70654D01F6FA}.ReleaseDLL|Win32.ActiveCfg = ReleaseDLL|Win32
		{DBD630FC-0DA9-41EB-925D-70654D01F6FA}.ReleaseDLL|Win32.Build.0 = ReleaseDLL|Win32
		{DBD630FC-0DA9-41EB-925D-70654D01F6FA}.ReleaseDLL|x64.ActiveCfg = ReleaseDLL|x64
		{DBD630FC-0DA9-41EB-925D-70654D01F6FA}.ReleaseDLL|x64.Build.0 = ReleaseDLL|x64
		{495BC686-DF50-4250-B469-9C6B7B33A4B8}.Debug|Win32.ActiveCfg = Debug|Win32
		{495BC686-DF50-4250-B469-9C6B7B33A4B8}.Debug|Win32.Build.0 = Debug|Win32
		{495BC686-DF50-4250-B469-9C6B7B33A4B8}.Debug|x64.ActiveCfg = Debug|x64
		{495BC686-DF50-4250-B469-9C6B7B33A4B8}.Debug|x64.Build.0 = Debug|x64
		{495BC686-DF50-4250-B469-9C6B7B33A4B8}.DebugDLL|Win32.ActiveCfg = DebugDLL|Win32
		{495BC686-DF50-4250-B469-9C6B7B33A4B8}.DebugDLL|Win32.Build.0 = DebugDLL|Win32
		{495BC686-DF50-4250-B469-9C6B7B33A4B8}.DebugDLL|x64.ActiveCfg = DebugDLL|x64
		{495BC686-DF50-4250-B469-9C6B7B33A4B8}.DebugDLL|x64.Build.0 = DebugDLL|x64
		{495BC686-DF50-4250-B469-9C6B7B33A4B8}.Release|Win32.ActiveCfg = Release|Win32
		{495BC686-DF50-4250-B469-9C6B7B33A4B8}.Release|Win32.Build.0 = Release|Win32
		{495BC686-DF50-4250-B469-9C6B7B33A4B8}.Release|x64.ActiveCfg = Release|x64
		{495BC686-DF50-4250-B469-9C6B7B33A4B8}.Release|x64.Build.0 = Release|x64
		{495BC686-DF50-4250-B469-9C6B7B33A4B8}.ReleaseDLL|Win32.ActiveCfg = ReleaseDLL|Win32
		{495BC686-DF50-4250-B469-9C6B7B33A4B8}.ReleaseDLL|Win32.Build.0 = ReleaseDLL|Win32
		{495BC686-DF50-4250-B469-9C6B7B33A4B8}.ReleaseDLL|x64.ActiveCfg = ReleaseDLL|x64
		{495BC686-DF50-4250-B469-9C6B7B33A4B8}.ReleaseDLL|x64.Build.0 = ReleaseDLL|x64
		{E3073076-4837-4DDB-89E5-5AC297C7481D}.Debug|Win32.ActiveCfg = Debug|Win32
		{E3073076-4837-4DDB-89E5-5AC297C7481D}.Debug|Win32.Build.0 = Debug|Win32
		{E3073076-4837-4DDB-89E5-5AC297C7481D}.Debug|x64.ActiveCfg = Debug|x64
		{E3073076-4837-4DDB-89E5-5AC297C7481D}.Debug|x64.Build.0 = Debug|x64
		{E3073076-4837-4DDB-89E5-5AC297C7481D}.DebugDLL|Win32.ActiveCfg = DebugDLL|Win32
		{E3073076-4837-4DDB-89E5-5AC297C7481D}.DebugDLL|Win32.Build.0 = DebugDLL|Win32
		{E3073076-4837-4DDB-89E5-5AC297C7481D}.DebugDLL|x64.ActiveCfg = DebugDLL|x64
		{E3073076-4837-4DDB-89E5-5AC297C7481D}.DebugDLL|x64.Build.0 = DebugDLL|x64
		{E3073076-4837-4DDB-89E5-5AC297C7481D}.Release|Win32.ActiveCfg = Release|Win32
		{E3073076-4837-4DDB-89E5-5AC297C7481D}.Release|Win32.Build.0 = Release|Win32
		{E3073076-4837-4DDB-89E5-5AC297C7481D}.Release|x64.ActiveCfg = Release|x64
		{E3073076-4837-4DDB-89E5-5AC297C7481D}.Release|x64.Build.0 = Release|x64
		{E3073076-4837-4DDB-89E5-5AC297C7481D}.ReleaseDLL|Win32.ActiveCfg = ReleaseDLL|Win32
		{E3073076-4837-4DDB-89E5-5AC297C7481D}.ReleaseDLL|Win32.Build.0 = ReleaseDLL|Win32
		{E3073076-4837-4DDB-89E5-5AC297C7481D}.ReleaseDLL|x64.ActiveCfg = ReleaseDLL|x64
		{E3073076-4837-4DDB-89E5-5AC297C7481D}.ReleaseDLL|x64.Build.0 = ReleaseDLL|x64
		{4AC6B957-1506-4EDB-BF6A-CF7CCE86EC1F}.Debug|Win32.ActiveCfg = Debug|Win32
		{4AC6B957-1506-4EDB-BF6A-CF7CCE86EC1F}.Debug|Win32.Build.0 = Debug|Win32
		{4AC6B957-1506-4EDB-BF6A-CF7CCE86EC1F}.Debug|x64.ActiveCfg = Debug|x64
		{4AC6B957-1506-4EDB-BF6A-CF7CCE86EC1F}.Debug|x64.Build.0 = Debug|x64
		{4AC6B957-1506-4EDB-BF6A-CF7CCE86EC1F}.DebugDLL|Win32.ActiveCfg = DebugDLL|Win32
		{4AC6B957-1506-4EDB-BF6A-CF7CCE86EC1F}.DebugDLL|Win32.Build.0 = DebugDLL|Win32
		{4AC6B957-1506-4EDB-BF6A-CF7CCE86EC1F}.DebugDLL|x64.ActiveCfg = DebugDLL|x64
		{4AC6B957-1506-4EDB-BF6A-CF7CCE86EC1F}.DebugDLL|x64.Build.0 = DebugDLL|x64
		{4AC6B957-1506-4EDB-BF6A-CF7CCE86EC1F}.Release|Win32.ActiveCfg = Release|Win32
		{4AC6B957-1506-4EDB-BF6A-CF7CCE86EC1F}.Release|Win32.Build.0 = Release|Win32
		{4AC6B957-1506-4EDB-BF6A-CF7CCE86EC1F}.Release|x64.ActiveCfg = Release|x64
		{4AC6B957-1506-4EDB-BF6A-CF7CCE86EC1F}.Release|x64.Build.0 = Release|x64
		{4AC6B957-1506-4EDB-BF6A-CF7CCE86EC1F}.ReleaseDLL|Win32.ActiveCfg = ReleaseDLL|Win32
		{4AC6B957-1506-4EDB-BF6A-CF7CCE86EC1F}.ReleaseDLL|Win32.Build.0 = ReleaseDLL|Win32
		{4AC6B957-1506-4EDB-BF6A-CF7CCE86EC1F}.ReleaseDLL|x64.ActiveCfg = ReleaseDLL|x64
		{4AC6B957-1506-4EDB-BF6A-CF7CCE86EC1F}.ReleaseDLL|x64.Build.0 = ReleaseDLL|x64
		{4171BC51-2FDD-4BF5-BB80-1D9B2ACB03B9}.Debug|Win32.ActiveCfg = Debug|Win32
		{4171BC51-2FDD-4BF5-BB80-1D9B2ACB03B9}.Debug|Win32.Build.0 = Debug|Win32
		{4171BC51-2FDD-4BF5-BB80-1D9B2ACB03B9}.Debug|x64.ActiveCfg = Debug|x64
		{4171BC51-2FDD-4BF5-BB80-1D9B2ACB03B9}.Debug|x64.Build.0 = Debug|x64
		{4171BC51-2FDD-4BF5-BB80-1D9B2ACB03B9}.DebugDLL|Win32.ActiveCfg = DebugDLL|Win32
		{4171BC51-2FDD-4BF5-BB80-1D9B2ACB03B9}.DebugDLL|Win32.Build.0 = DebugDLL|Win32
		{4171BC51-2FDD-4BF5-BB80-1D9B2ACB03B9}.DebugDLL|x64.ActiveCfg = DebugDLL|x64
		{4171BC51-2FDD-4BF5-BB80-1D9B2ACB03B9}.DebugDLL|x64.Build.0 = DebugDLL|x64
		{4171BC51-2FDD-4BF5-BB80-1D9B2ACB03B9}.Release|Win32.ActiveCfg = Release|Win32
		{4171BC51-2FDD-4BF5-BB80-1D9B2ACB03B9}.Release|Win32.Build.0 = Release|Win32
		{4171BC51-2FDD-4BF5-BB80-1D9B2ACB03B9}.Release|x64.ActiveCfg = Release|x64
		{4171BC51-2FDD-4BF5-BB80-1D9B2ACB03B9}.Release|x64.Build.0 = Release|x64
		{4171BC51-2FDD-4BF5-BB80-1D9B2ACB03B9}.ReleaseDLL|Win32.ActiveCfg = ReleaseDLL|Win32
		{4171BC51-2FDD-4BF5-BB80-1D9B2ACB03B9}.ReleaseDLL|Win32.Build.0 = ReleaseDLL|Win32
		{4171BC51-2FDD-4BF5-BB80-1D9B2ACB03B9}.ReleaseDLL|x64.ActiveCfg = ReleaseDLL|x64
		{4171BC51-2FDD-4BF5-BB80-1D9B2ACB03B9}.ReleaseDLL|x64.Build.0 = ReleaseDLL|x64
		{F36F075A-880D-47BA-805F-C47850062121}.Debug|Win32.ActiveCfg = Debug|Win32
		{F36F075A-880D-47BA-805F-C47850062121}.Debug|Win32.Build.0 = Debug|Win32
		{F36F075A-880D-47BA-805F-C47850062121}.Debug|x64.ActiveCfg = Debug|x64
		{F36F075A-880D-47BA-805F-C47850062121}.Debug|x64.Build.0 = Debug|x64
		{F36F075A-880D-47BA-805F-C47850062121}.DebugDLL|Win32.ActiveCfg = DebugDLL|Win32
		{F36F075A-880D-47BA-805F-C47850062121}.DebugDLL|Win32.Build.0 = DebugDLL|Win32
		{F36F075A-880D-47BA-805F-C47850062121}.DebugDLL|x64.ActiveCfg = DebugDLL|x64
		{F36F075A-880D-47BA-805F-C47850062121}.DebugDLL|x64.Build.0 = DebugDLL|x64
		{F36F075A-880D-47BA-805F-C47850062121}.Release|Win32.ActiveCfg = Release|Win32
		{F36F075A-880D-47BA-805F-C47850062121}.Release|Win32.Build.0 = Release|Win32
		{F36F075A-880D-47BA-805F-C47850062121}.Release|x64.ActiveCfg = Release|x64
		{F36F075A-880D-47BA-805F-C47850062121}.Release|x64.Build.0 = Release|x64
		{F36F075A-880D-47BA-805F-C47850062121}.ReleaseDLL|Win32.ActiveCfg = ReleaseDLL|Win32
		{F36F075A-880D-47BA-805F-C47850062121}.ReleaseDLL|Win32.Build.0 = ReleaseDLL|Win32
		{F36F075A-880D-47BA-805F-C47850062121}.ReleaseDLL|x64.ActiveCfg = ReleaseDLL|x64
		{F36F075A-880D-47BA-805F-C47850062121}.ReleaseDLL|x64.Build.0 = ReleaseDLL|x64
		{B25A3F96-68E8-4FD4-860E-2C33E539B892}.Debug|Win32.ActiveCfg = Debug|Win32
		{B25A3F96-68E8-4FD4-860E-2C33E539B892}.Debug|Win32.Build.0 = Debug|Win32
		{B25A3F96-68E8-4FD4-860E-2C33E539B892}.Debug|x64.ActiveCfg = Debug|x64
		{B25A3F96-68E8-4FD4-860E-2C33E539B892}.Debug|x64.Build.0 = Debug|x64
		{B25A3F96-68E8-4FD4-860E-2C33E539B892}.DebugDLL|Win32.ActiveCfg = DebugDLL|Win32
		{B25A3F96-68E8-4FD4-860E-2C33E539B892}.DebugDLL|Win32.Build.0 = DebugDLL|Win32
		{B25A3F96-68E8-4FD4-860E-2C33E539B892}.DebugDLL|x64.ActiveCfg = DebugDLL|x64
		{B25A3F96-68E8-4FD4-860E-2C33E539B892}.DebugDLL|x64.Build.0 = DebugDLL|x64
		{B25A3F96-68E8-4FD4-860E-2C33E539B892}.Release|Win32.ActiveCfg = Release|Win32
		{B25A3F96-68E8-4FD4-860E-2C33E539B892}.Release|Win32.Build.0 = Release|Win32
		{B25A3F96-68E8-4FD4-860E-2C33E539B892}.Release|x64.ActiveCfg = Release|x64
		{B25A3F96-68E8-4FD4-860E-2C33E539B892}.Release|x64.Build.0 = Release|x64
		{B25A3F96-68E8-4FD4-860E-2C33E539B892}.ReleaseDLL|Win32.ActiveCfg = ReleaseDLL|Win32
		{B25A3F96-68E8-4FD4-860E-2C33E539B892}.ReleaseDLL|Win32.Build.0 = ReleaseDLL|Win32
		{B25A3F96-68E8-4FD4-860E-2C33E539B892}.ReleaseDLL|x64.ActiveCfg = ReleaseDLL|x64
		{B25A3F96-68E8-4FD4-860E-2C33E539B892}.ReleaseDLL|x64.Build.0 = ReleaseDLL|x64
		{E015DB8C-C463-4A6B-88EA-AFC671D84B5B}.Debug|Win32.ActiveCfg = Debug|Win32
		{E015DB8C-C463-4A6B-88EA-AFC671D84B5B}.Debug|Win32.Build.0 = Debug|Win32
		{E015DB8C-C463-4A6B-88EA-AFC671D84B5B}.Debug|x64.ActiveCfg = Debug|x64
		{E015DB8C-C463-4A6B-88EA-AFC671D84B5B}.Debug|x64.Build.0 = Debug|x64
		{E015DB8C-C463-4A6B-88EA-AFC671D84B5B}.DebugDLL|Win32.ActiveCfg = DebugDLL|Win32
		{E015DB8C-C463-4A6B-88EA-AFC671D84B5B}.DebugDLL|Win32.Build.0 = DebugDLL|Win32
		{E015DB8C-C463-4A6B-88EA-AFC671D84B5B}.DebugDLL|x64.ActiveCfg = DebugDLL|x64
		{E015DB8C-C463-4A6B-88EA-AFC671D84B5B}.DebugDLL|x64.Build.0 = DebugDLL|x64
		{E015DB8C-C463-4A6B-88EA-AFC671D84B5B}.Release|Win32.ActiveCfg = Release|Win32
		{E015DB8C-C463-4A6B-88EA-AFC671D84B5B}.Release|Win32.Build.0 = Release|Win32
		{E015DB8C-C463-4A6B-88EA-AFC671D84B5B}.Release|x64.ActiveCfg = Release|x64
		{E015DB8C-C463-4A6B-88EA-AFC671D84B5B}.Release|x64.Build.0 = Release|x64
		{E015DB8C-C463-4A6B-88EA-AFC671D84B5B}.ReleaseDLL|Win32.ActiveCfg = ReleaseDLL|Win32
		{E015DB8C-C463-4A6B-88EA-AFC671D84B5B}.ReleaseDLL|Win32.Build.0 = ReleaseDLL|Win32
		{E015DB8C-C463-4A6B-88EA-AFC671D84B5B}.ReleaseDLL|x64.ActiveCfg = ReleaseDLL|x64
		{E015DB8C-C463-4A6B-88EA-AFC671D84B5B}.ReleaseDLL|x64.Build.0 = ReleaseDLL|x64
		{729E4E11-3BBA-4306-B53C-8AEC45E70E10}.Debug|Win32.ActiveCfg = Debug|Win32
		{729E4E11-3BBA-4306-B53C-8AEC45E70E10}.Debug|Win32.Build.0 = Debug|Win32
		{729E4E11-3BBA-4306-B53C-8AEC45E70E10}.Debug|x64.ActiveCfg = Debug|x64
		{729E4E11-3BBA-4306-B53C-8AEC45E70E10}.Debug|x64.Build.0 = Debug|x64
		{729E4E11-3BBA-4306-B53C-8AEC45E70E10}.DebugDLL|Win32.ActiveCfg = DebugDLL|Win32
		{729E4E11-3BBA-4306-B53C-8AEC45E70E10}.DebugDLL|Win32.Build.0 = DebugDLL|Win32
		{729E4E11-3BBA-4306-B53C-8AEC45E70E10}.DebugDLL|x64.ActiveCfg = DebugDLL|x64
		{729E4E11-3BBA-4306-B53C-8AEC45E70E10}.DebugDLL|x64.Build.0 = DebugDLL|x64
		{729E4E11-3BBA-4306-B53C-8AEC45E70E10}.Release|Win32.ActiveCfg = Release|Win32
		{729E4E11-3BBA-4306-B53C-8AEC45E70E10}.Release|Win32.Build.0 = Release|Win32
		{729E4E11-3BBA-4306-B53C-8AEC45E70E10}.Release|x64.ActiveCfg = Release|x64
		{729E4E11-3BBA-4306-B53C-8AEC45E70E10}.Release|x64.Build.0 = Release|x64
		{729E4E11-3BBA-4306-B53C-8AEC45E70E10}.ReleaseDLL|Win32.ActiveCfg = ReleaseDLL|Win32
		{729E4E11-3BBA-4306-B53C-8AEC45E70E10}.ReleaseDLL|Win32.Build.0 = ReleaseDLL|Win32
		{729E4E11-3BBA-4306-B53C-8AEC45E70E10}.ReleaseDLL|x64.ActiveCfg = ReleaseDLL|x64
		{729E4E11-3BBA-4306-B53C-8AEC45E70E10}.ReleaseDLL|x64.Build.0 = ReleaseDLL|x64
		{3D77E4F8-02EE-491F-B01C-EE8012CABA18}.Debug|Win32.ActiveCfg = Debug|Win32
		{3D77E4F8-02EE-491F-B01C-EE8012CABA18}.Debug|Win32.Build.0 = Debug|Win32
		{3D77E4F8-02EE-491F-B01C-EE8012CABA18}.Debug|x64.ActiveCfg = Debug|x64
		{3D77E4F8-02EE-491F-B01C-EE8012CABA18}.Debug|x64.Build.0 = Debug|x64
		{3D77E4F8-02EE-491F-B01C-EE8012CABA18}.DebugDLL|Win32.ActiveCfg = DebugDLL|Win32
		{3D77E4F8-02EE-491F-B01C-EE8012CABA18}.DebugDLL|Win32.Build.0 = DebugDLL|Win32
		{3D77E4F8-02EE-491F-B01C-EE8012CABA18}.DebugDLL|x64.ActiveCfg = DebugDLL|x64
		{3D77E4F8-02EE-491F-B01C-EE8012CABA18}.DebugDLL|x64.Build.0 = DebugDLL|x64
		{3D77E4F8-02EE-491F-B01C-EE8012CABA18}.Release|Win32.ActiveCfg = Release|Win32
		{3D77E4F8-02EE-491F-B01C-EE8012CABA18}.Release|Win32.Build.0 = Release|Win32
		{3D77E4F8-02EE-491F-B01C-EE8012CABA18}.Release|x64.ActiveCfg = Release|x64
		{3D77E4F8-02EE-491F-B01C-EE8012CABA18}.Release|x64.Build.0 = Release|x64
		{3D77E4F8-02EE-491F-B01C-EE8012CABA18}.ReleaseDLL|Win32.ActiveCfg = ReleaseDLL|Win32
		{3D77E4F8-02EE-491F-B01C-EE8012CABA18}.ReleaseDLL|Win32.Build.0 = ReleaseDLL|Win32
		{3D77E4F8-02EE-491F-B01C-EE8012CABA18}.ReleaseDLL|x64.ActiveCfg = ReleaseDLL|x64
		{3D77E4F8-02EE-491F-B01C-EE8012CABA18}.ReleaseDLL|x64.Build.0 = ReleaseDLL|x64
		{2C117585-9BA4-4BFE-8335-E3E9D51D4DA7}.Debug|Win32.ActiveCfg = Debug|Win32
		{2C117585-9BA4-4BFE-8335-E3E9D51D4DA7}.Debug|Win32.Build.0 = Debug|Win32
		{2C117585-9BA4-4BFE-8335-E3E9D51D4DA7}.Debug|x64.ActiveCfg = Debug|x64
		{2C117585-9BA4-4BFE-8335-E3E9D51D4DA7}.Debug|x64.Build.0 = Debug|x64
		{2C117585-9BA4-4BFE-8335-E3E9D51D4DA7}.DebugDLL|Win32.ActiveCfg = DebugDLL|Win32
		{2C117585-9BA4-4BFE-8335-E3E9D51D4DA7}.DebugDLL|Win32.Build.0 = DebugDLL|Win32
		{2C117585-9BA4-4BFE-8335-E3E9D51D4DA7}.DebugDLL|x64.ActiveCfg = DebugDLL|x64
		{2C117585-9BA4-4BFE-8335-E3E9D51D4DA7}.DebugDLL|x64.Build.0 = DebugDLL|x64
		{2C117585-9BA4-4BFE-8335-E3E9D51D4DA7}.Release|Win32.ActiveCfg = Release|Win32
		{2C117585-9BA4-4BFE-8335-E3E9D51D4DA7}.Release|Win32.Build.0 = Release|Win32
		{2C117585-9BA4-4BFE-8335-E3E9D51D4DA7}.Release|x64.ActiveCfg = Release|x64
		{2C117585-9BA4-4BFE-8335-E3E9D51D4DA7}.Release|x64.Build.0 = Release|x64
		{2C117585-9BA4-4BFE-8335-E3E9D51D4DA7}.ReleaseDLL|Win32.ActiveCfg = ReleaseDLL|Win32
		{2C117585-9BA4-4BFE-8335-E3E9D51D4DA7}.ReleaseDLL|Win32.Build.0 = ReleaseDLL|Win32
		{2C117585-9BA4-4BFE-8335-E3E9D51D4DA7}.ReleaseDLL|x64.ActiveCfg = ReleaseDLL|x64
		{2C117585-9BA4-4BFE-8335-E3E9D51D4DA7}.ReleaseDLL|x64.Build.0 = ReleaseDLL|x64
		{6ABBF8BA-0A23-4C5C-8AEB-1B2577625DFA}.Debug|Win32.ActiveCfg = Debug|Win32
		{6ABBF8BA-0A23-4C5C-8AEB-1B2577625DFA}.Debug|Win32.Build.0 = Debug|Win32
		{6ABBF8BA-0A23-4C5C-8AEB-1B2577625DFA}.Debug|x64.ActiveCfg = Debug|x64
		{6ABBF8BA-0A23-4C5C-8AEB-1B2577625DFA}.DebugDLL|Win32.ActiveCfg = DebugDLL|Win32
		{6ABBF8BA-0A23-4C5C-8AEB-1B2577625DFA}.DebugDLL|Win32.Build.0 = DebugDLL|Win32
		{6ABBF8BA-0A23-4C5C-8AEB-1B2577625DFA}.DebugDLL|x64.ActiveCfg = DebugDLL|x64
		{6ABBF8BA-0A23-4C5C-8AEB-1B2577625DFA}.Release|Win32.ActiveCfg = Release|Win32
		{6ABBF8BA-0A23-4C5C-8AEB-1B2577625DFA}.Release|Win32.Build.0 = Release|Win32
		{6ABBF8BA-0A23-4C5C-8AEB-1B2577625DFA}.Release|x64.ActiveCfg = Release|x64
		{6ABBF8BA-0A23-4C5C-8AEB-1B2577625DFA}.ReleaseDLL|Win32.ActiveCfg = ReleaseDLL|Win32
		{6ABBF8BA-0A23-4C5C-8AEB-1B2577625DFA}.ReleaseDLL|Win32.Build.0 = ReleaseDLL|Win32
		{6ABBF8BA-0A23-4C5C-8AEB-1B2577625DFA}.ReleaseDLL|x64.ActiveCfg = ReleaseDLL|x64
		{6ABBF8BA-0A23-4C5C-8AEB-1B2577625DFA}.ReleaseDLL|x64.Build.0 = ReleaseDLL|x64
		{1A091C40-C0F3-4405-B99E-CA60B9855D77}.Debug|Win32.ActiveCfg = Debug|Win32
		{1A091C40-C0F3-4405-B99E-CA60B9855D77}.Debug|Win32.Build.0 = Debug|Win32
		{1A091C40-C0F3-4405-B99E-CA60B9855D77}.Debug|x64.ActiveCfg = Debug|x64
		{1A091C40-C0F3-4405-B99E-CA60B9855D77}.Debug|x64.Build.0 = Debug|x64
		{1A091C40-C0F3-4405-B99E-CA60B9855D77}.DebugDLL|Win32.ActiveCfg = DebugDLL|Win32
		{1A091C40-C0F3-4405-B99E-CA60B9855D77}.DebugDLL|Win32.Build.0 = DebugDLL|Win32
		{1A091C40-C0F3-4405-B99E-CA60B9855D77}.DebugDLL|x64.ActiveCfg = DebugDLL|x64
		{1A091C40-C0F3-4405-B99E-CA60B9855D77}.DebugDLL|x64.Build.0 = DebugDLL|x64
		{1A091C40-C0F3-4405-B99E-CA60B9855D77}.Release|Win32.ActiveCfg = Release|Win32
		{1A091C40-C0F3-4405-B99E-CA60B9855D77}.Release|Win32.Build.0 = Release|Win32
		{1A091C40-C0F3-4405-B99E-CA60B9855D77}.Release|x64.ActiveCfg = Release|x64
		{1A091C40-C0F3-4405-B99E-CA60B9855D77}.Release|x64.Build.0 = Release|x64
		{1A091C40-C0F3-4405-B99E-CA60B9855D77}.ReleaseDLL|Win32.ActiveCfg = ReleaseDLL|Win32
		{1A091C40-C0F3-4405-B99E-CA60B9855D77}.ReleaseDLL|Win32.Build.0 = ReleaseDLL|Win32
		{1A091C40-C0F3-4405-B99E-CA60B9855D77}.ReleaseDLL|x64.ActiveCfg = ReleaseDLL|x64
		{1A091C40-C0F3-4405-B99E-CA60B9855D77}.ReleaseDLL|x64.Build.0 = ReleaseDLL|x64
		{B85BDC90-013A-4D6B-B774-F2D7E0067DA6}.Debug|Win32.ActiveCfg = Debug|Win32
		{B85BDC90-013A-4D6B-B774-F2D7E0067DA6}.Debug|Win32.Build.0 = Debug|Win32
		{B85BDC90-013A-4D6B-B774-F2D7E0067DA6}.Debug|x64.ActiveCfg = Debug|x64
		{B85BDC90-013A-4D6B-B774-F2D7E0067DA6}.Debug|x64.Build.0 = Debug|x64
		{B85BDC90-013A-4D6B-B774-F2D7E0067DA6}.DebugDLL|Win32.ActiveCfg = DebugDLL|Win32
		{B85BDC90-013A-4D6B-B774-F2D7E0067DA6}.DebugDLL|Win32.Build.0 = DebugDLL|Win32
		{B85BDC90-013A-4D6B-B774-F2D7E0067DA6}.DebugDLL|x64.ActiveCfg = DebugDLL|x64
		{B85BDC90-013A-4D6B-B774-F2D7E0067DA6}.DebugDLL|x64.Build.0 = DebugDLL|x64
		{B85BDC90-013A-4D6B-B774-F2D7E0067DA6}.Release|Win32.ActiveCfg = Release|Win32
		{B85BDC90-013A-4D6B-B774-F2D7E0067DA6}.Release|Win32.Build.0 = Release|Win32
		{B85BDC90-013A-4D6B-B774-F2D7E0067DA6}.Release|x64.ActiveCfg = Release|x64
		{B85BDC90-013A-4D6B-B774-F2D7E0067DA6}.Release|x64.Build.0 = Release|x64
		{B85BDC90-013A-4D6B-B774-F2D7E0067DA6}.ReleaseDLL|Win32.ActiveCfg = ReleaseDLL|Win32
		{B85BDC90-013A-4D6B-B774-F2D7E0067DA6}.ReleaseDLL|Win32.Build.0 = ReleaseDLL|Win32
		{B85BDC90-013A-4D6B-B774-F2D7E0067DA6}.ReleaseDLL|x64.ActiveCfg = ReleaseDLL|x64
		{B85BDC90-013A-4D6B-B774-F2D7E0067DA6}.ReleaseDLL|x64.Build.0 = ReleaseDLL|x64
	EndGlobalSection
	GlobalSection(SolutionProperties) = preSolution
		HideSolutionNode = FALSE
	EndGlobalSection
EndGlobal
