Microsoft Visual Studio Solution File, Format Version 8.00
Project("{8BC9CEB8-8B4A-11D0-8D11-00A0C91BC942}") = "exifprint", "exifprint\exifprint.vcproj", "{8391174F-52D5-4111-A0FE-E87135301CFB}"
	ProjectSection(ProjectDependencies) = postProject
		{831EF580-92C8-4CA8-B0CE-3D906280A54D} = {831EF580-92C8-4CA8-B0CE-3D906280A54D}
	EndProjectSection
EndProject
Project("{8BC9CEB8-8B4A-11D0-8D11-00A0C91BC942}") = "exiv2lib", "exiv2lib\exiv2lib.vcproj", "{831EF580-92C8-4CA8-B0CE-3D906280A54D}"
	ProjectSection(ProjectDependencies) = postProject
		{09877CF4-83B6-44FE-A2E2-629AA5C8093E} = {09877CF4-83B6-44FE-A2E2-629AA5C8093E}
	EndProjectSection
EndProject
Project("{8BC9CEB8-8B4A-11D0-8D11-00A0C91BC942}") = "exiv2", "exiv2\exiv2.vcproj", "{07293CAC-00DA-493E-90C9-5D010C2B1B53}"
	ProjectSection(ProjectDependencies) = postProject
		{831EF580-92C8-4CA8-B0CE-3D906280A54D} = {831EF580-92C8-4CA8-B0CE-3D906280A54D}
	EndProjectSection
EndProject
Project("{8BC9CEB8-8B4A-11D0-8D11-00A0C91BC942}") = "exifcomment", "exifcomment\exifcomment.vcproj", "{0BDCE87F-A5FE-49AE-BE6D-A2A3E2BB69CE}"
	ProjectSection(ProjectDependencies) = postProject
		{831EF580-92C8-4CA8-B0CE-3D906280A54D} = {831EF580-92C8-4CA8-B0CE-3D906280A54D}
	EndProjectSection
EndProject
Project("{8BC9CEB8-8B4A-11D0-8D11-00A0C91BC942}") = "addmoddel", "addmoddel\addmoddel.vcproj", "{271E59C4-81F9-4231-85D3-E7DDB2E2BC08}"
	ProjectSection(ProjectDependencies) = postProject
		{831EF580-92C8-4CA8-B0CE-3D906280A54D} = {831EF580-92C8-4CA8-B0CE-3D906280A54D}
	EndProjectSection
EndProject
Project("{8BC9CEB8-8B4A-11D0-8D11-00A0C91BC942}") = "taglist", "taglist\taglist.vcproj", "{2CDD0F47-E4B8-4C48-AD56-64C0A67EC89B}"
	ProjectSection(ProjectDependencies) = postProject
		{831EF580-92C8-4CA8-B0CE-3D906280A54D} = {831EF580-92C8-4CA8-B0CE-3D906280A54D}
	EndProjectSection
EndProject
Project("{8BC9CEB8-8B4A-11D0-8D11-00A0C91BC942}") = "utiltest", "utiltest\utiltest.vcproj", "{7E0025E8-CFBE-4941-BEB7-825F14A87EE1}"
	ProjectSection(ProjectDependencies) = postProject
		{831EF580-92C8-4CA8-B0CE-3D906280A54D} = {831EF580-92C8-4CA8-B0CE-3D906280A54D}
	EndProjectSection
EndProject
Project("{8BC9CEB8-8B4A-11D0-8D11-00A0C91BC942}") = "metacopy", "metacopy\metacopy.vcproj", "{F59D0AD2-6948-474B-B506-AD14EC9BE551}"
	ProjectSection(ProjectDependencies) = postProject
		{831EF580-92C8-4CA8-B0CE-3D906280A54D} = {831EF580-92C8-4CA8-B0CE-3D906280A54D}
	EndProjectSection
EndProject
Project("{8BC9CEB8-8B4A-11D0-8D11-00A0C91BC942}") = "iptcprint", "iptcprint\iptcprint.vcproj", "{52034F65-28AA-4E3F-A44D-C91F6F0922F8}"
	ProjectSection(ProjectDependencies) = postProject
		{831EF580-92C8-4CA8-B0CE-3D906280A54D} = {831EF580-92C8-4CA8-B0CE-3D906280A54D}
	EndProjectSection
EndProject
Project("{8BC9CEB8-8B4A-11D0-8D11-00A0C91BC942}") = "iptctest", "iptctest\iptctest.vcproj", "{C8F41CDA-76AA-4053-A8DE-F80892C1C2FC}"
	ProjectSection(ProjectDependencies) = postProject
		{831EF580-92C8-4CA8-B0CE-3D906280A54D} = {831EF580-92C8-4CA8-B0CE-3D906280A54D}
	EndProjectSection
EndProject
Project("{8BC9CEB8-8B4A-11D0-8D11-00A0C91BC942}") = "exivsimple", "exivsimple\exivsimple.vcproj", "{EB7F30DE-DD77-4311-BB66-FFDF972052C7}"
	ProjectSection(ProjectDependencies) = postProject
		{831EF580-92C8-4CA8-B0CE-3D906280A54D} = {831EF580-92C8-4CA8-B0CE-3D906280A54D}
	EndProjectSection
EndProject
Project("{8BC9CEB8-8B4A-11D0-8D11-00A0C91BC942}") = "write2-test", "write2-test\write2-test.vcproj", "{BBDB5742-0A55-4C2C-973C-E876AAED6ABE}"
	ProjectSection(ProjectDependencies) = postProject
		{831EF580-92C8-4CA8-B0CE-3D906280A54D} = {831EF580-92C8-4CA8-B0CE-3D906280A54D}
	EndProjectSection
EndProject
Project("{8BC9CEB8-8B4A-11D0-8D11-00A0C91BC942}") = "write-test", "write-test\write-test.vcproj", "{94A7505B-3A53-40F0-95A2-2ECB1CEC7C57}"
	ProjectSection(ProjectDependencies) = postProject
		{831EF580-92C8-4CA8-B0CE-3D906280A54D} = {831EF580-92C8-4CA8-B0CE-3D906280A54D}
	EndProjectSection
EndProject
Project("{8BC9CEB8-8B4A-11D0-8D11-00A0C91BC942}") = "iotest", "iotest\iotest.vcproj", "{5D43ECB3-681D-4732-9395-AB81CD283F6C}"
	ProjectSection(ProjectDependencies) = postProject
		{831EF580-92C8-4CA8-B0CE-3D906280A54D} = {831EF580-92C8-4CA8-B0CE-3D906280A54D}
	EndProjectSection
EndProject
Project("{8BC9CEB8-8B4A-11D0-8D11-00A0C91BC942}") = "iptceasy", "iptceasy\iptceasy.vcproj", "{D8B36F3A-34BB-4540-A731-EEABF1DC2E05}"
	ProjectSection(ProjectDependencies) = postProject
		{831EF580-92C8-4CA8-B0CE-3D906280A54D} = {831EF580-92C8-4CA8-B0CE-3D906280A54D}
	EndProjectSection
EndProject
Project("{8BC9CEB8-8B4A-11D0-8D11-00A0C91BC942}") = "exifdata-test", "exifdata-test\exifdata-test.vcproj", "{36F0C797-F6BD-4F5C-8DB2-651D8502872D}"
	ProjectSection(ProjectDependencies) = postProject
		{831EF580-92C8-4CA8-B0CE-3D906280A54D} = {831EF580-92C8-4CA8-B0CE-3D906280A54D}
	EndProjectSection
EndProject
Project("{8BC9CEB8-8B4A-11D0-8D11-00A0C91BC942}") = "largeiptc-test", "largeiptc-test\largeiptc-test.vcproj", "{408EB518-B855-404E-9BDC-B58F60DFA9B2}"
	ProjectSection(ProjectDependencies) = postProject
		{831EF580-92C8-4CA8-B0CE-3D906280A54D} = {831EF580-92C8-4CA8-B0CE-3D906280A54D}
	EndProjectSection
EndProject
Project("{8BC9CEB8-8B4A-11D0-8D11-00A0C91BC942}") = "xmpsdk", "xmpsdk\xmpsdk.vcproj", "{09877CF4-83B6-44FE-A2E2-629AA5C8093E}"
	ProjectSection(ProjectDependencies) = postProject
	EndProjectSection
EndProject
Project("{8BC9CEB8-8B4A-11D0-8D11-00A0C91BC942}") = "xmpsample", "xmpsample\xmpsample.vcproj", "{948E8E86-7F47-46B0-95B2-ED24805F3C9F}"
	ProjectSection(ProjectDependencies) = postProject
		{07293CAC-00DA-493E-90C9-5D010C2B1B53} = {07293CAC-00DA-493E-90C9-5D010C2B1B53}
		{09877CF4-83B6-44FE-A2E2-629AA5C8093E} = {09877CF4-83B6-44FE-A2E2-629AA5C8093E}
	EndProjectSection
EndProject
Project("{8BC9CEB8-8B4A-11D0-8D11-00A0C91BC942}") = "xmpparse", "xmpparse\xmpparse.vcproj", "{948E8E86-7F47-46B0-95B2-ED24805F3CAF}"
	ProjectSection(ProjectDependencies) = postProject
		{831EF580-92C8-4CA8-B0CE-3D906280A54D} = {831EF580-92C8-4CA8-B0CE-3D906280A54D}
		{09877CF4-83B6-44FE-A2E2-629AA5C8093E} = {09877CF4-83B6-44FE-A2E2-629AA5C8093E}
	EndProjectSection
EndProject
Project("{8BC9CEB8-8B4A-11D0-8D11-00A0C91BC942}") = "xmpparser-test", "xmpparser-test\xmpparser-test.vcproj", "{948E8E86-7F47-46B0-95B2-ED24805F3CBF}"
	ProjectSection(ProjectDependencies) = postProject
		{831EF580-92C8-4CA8-B0CE-3D906280A54D} = {831EF580-92C8-4CA8-B0CE-3D906280A54D}
		{09877CF4-83B6-44FE-A2E2-629AA5C8093E} = {09877CF4-83B6-44FE-A2E2-629AA5C8093E}
	EndProjectSection
EndProject
Project("{8BC9CEB8-8B4A-11D0-8D11-00A0C91BC942}") = "stringto-test", "stringto-test\stringto-test.vcproj", "{156423D3-5FBB-45C6-A7CA-675B32F45C15}"
	ProjectSection(ProjectDependencies) = postProject
		{831EF580-92C8-4CA8-B0CE-3D906280A54D} = {831EF580-92C8-4CA8-B0CE-3D906280A54D}
	EndProjectSection
EndProject
Project("{8BC9CEB8-8B4A-11D0-8D11-00A0C91BC942}") = "prevtest", "prevtest\prevtest.vcproj", "{9D2A443C-93D3-4144-B911-D7CA7CD85DE7}"
	ProjectSection(ProjectDependencies) = postProject
		{831EF580-92C8-4CA8-B0CE-3D906280A54D} = {831EF580-92C8-4CA8-B0CE-3D906280A54D}
	EndProjectSection
EndProject
Project("{8BC9CEB8-8B4A-11D0-8D11-00A0C91BC942}") = "mmap-test", "mmap-test\mmap-test.vcproj", "{2F4235D0-B5F5-4C59-981D-BA006734B56E}"
	ProjectSection(ProjectDependencies) = postProject
		{831EF580-92C8-4CA8-B0CE-3D906280A54D} = {831EF580-92C8-4CA8-B0CE-3D906280A54D}
	EndProjectSection
EndProject
Project("{8BC9CEB8-8B4A-11D0-8D11-00A0C91BC942}") = "convert-test", "convert-test\convert-test.vcproj", "{2F4235D0-B5F5-4C59-981D-BA006734B56E}"
	ProjectSection(ProjectDependencies) = postProject
		{831EF580-92C8-4CA8-B0CE-3D906280A54D} = {831EF580-92C8-4CA8-B0CE-3D906280A54D}
	EndProjectSection
EndProject
Project("{8BC9CEB8-8B4A-11D0-8D11-00A0C91BC942}") = "tiff-test", "tiff-test\tiff-test.vcproj", "{2F4235D0-B5F5-4C59-981D-BA006734B56E}"
	ProjectSection(ProjectDependencies) = postProject
		{831EF580-92C8-4CA8-B0CE-3D906280A54D} = {831EF580-92C8-4CA8-B0CE-3D906280A54D}
	EndProjectSection
EndProject
Global
	GlobalSection(SolutionConfiguration) = preSolution
		Debug = Debug
		DebugDLL = DebugDLL
		Release = Release
		ReleaseDLL = ReleaseDLL
	EndGlobalSection
	GlobalSection(ProjectConfiguration) = postSolution
		{8391174F-52D5-4111-A0FE-E87135301CFB}.Debug.ActiveCfg = Debug|Win32
		{8391174F-52D5-4111-A0FE-E87135301CFB}.Debug.Build.0 = Debug|Win32
		{8391174F-52D5-4111-A0FE-E87135301CFB}.DebugDLL.ActiveCfg = DebugDLL|Win32
		{8391174F-52D5-4111-A0FE-E87135301CFB}.DebugDLL.Build.0 = DebugDLL|Win32
		{8391174F-52D5-4111-A0FE-E87135301CFB}.Release.ActiveCfg = Release|Win32
		{8391174F-52D5-4111-A0FE-E87135301CFB}.Release.Build.0 = Release|Win32
		{8391174F-52D5-4111-A0FE-E87135301CFB}.ReleaseDLL.ActiveCfg = ReleaseDLL|Win32
		{8391174F-52D5-4111-A0FE-E87135301CFB}.ReleaseDLL.Build.0 = ReleaseDLL|Win32
		{831EF580-92C8-4CA8-B0CE-3D906280A54D}.Debug.ActiveCfg = Debug|Win32
		{831EF580-92C8-4CA8-B0CE-3D906280A54D}.Debug.Build.0 = Debug|Win32
		{831EF580-92C8-4CA8-B0CE-3D906280A54D}.DebugDLL.ActiveCfg = DebugDLL|Win32
		{831EF580-92C8-4CA8-B0CE-3D906280A54D}.DebugDLL.Build.0 = DebugDLL|Win32
		{831EF580-92C8-4CA8-B0CE-3D906280A54D}.Release.ActiveCfg = Release|Win32
		{831EF580-92C8-4CA8-B0CE-3D906280A54D}.Release.Build.0 = Release|Win32
		{831EF580-92C8-4CA8-B0CE-3D906280A54D}.ReleaseDLL.ActiveCfg = ReleaseDLL|Win32
		{831EF580-92C8-4CA8-B0CE-3D906280A54D}.ReleaseDLL.Build.0 = ReleaseDLL|Win32
		{07293CAC-00DA-493E-90C9-5D010C2B1B53}.Debug.ActiveCfg = Debug|Win32
		{07293CAC-00DA-493E-90C9-5D010C2B1B53}.Debug.Build.0 = Debug|Win32
		{07293CAC-00DA-493E-90C9-5D010C2B1B53}.DebugDLL.ActiveCfg = DebugDLL|Win32
		{07293CAC-00DA-493E-90C9-5D010C2B1B53}.DebugDLL.Build.0 = DebugDLL|Win32
		{07293CAC-00DA-493E-90C9-5D010C2B1B53}.Release.ActiveCfg = Release|Win32
		{07293CAC-00DA-493E-90C9-5D010C2B1B53}.Release.Build.0 = Release|Win32
		{07293CAC-00DA-493E-90C9-5D010C2B1B53}.ReleaseDLL.ActiveCfg = ReleaseDLL|Win32
		{07293CAC-00DA-493E-90C9-5D010C2B1B53}.ReleaseDLL.Build.0 = ReleaseDLL|Win32
		{0BDCE87F-A5FE-49AE-BE6D-A2A3E2BB69CE}.Debug.ActiveCfg = Debug|Win32
		{0BDCE87F-A5FE-49AE-BE6D-A2A3E2BB69CE}.Debug.Build.0 = Debug|Win32
		{0BDCE87F-A5FE-49AE-BE6D-A2A3E2BB69CE}.DebugDLL.ActiveCfg = DebugDLL|Win32
		{0BDCE87F-A5FE-49AE-BE6D-A2A3E2BB69CE}.DebugDLL.Build.0 = DebugDLL|Win32
		{0BDCE87F-A5FE-49AE-BE6D-A2A3E2BB69CE}.Release.ActiveCfg = Release|Win32
		{0BDCE87F-A5FE-49AE-BE6D-A2A3E2BB69CE}.Release.Build.0 = Release|Win32
		{0BDCE87F-A5FE-49AE-BE6D-A2A3E2BB69CE}.ReleaseDLL.ActiveCfg = ReleaseDLL|Win32
		{0BDCE87F-A5FE-49AE-BE6D-A2A3E2BB69CE}.ReleaseDLL.Build.0 = ReleaseDLL|Win32
		{271E59C4-81F9-4231-85D3-E7DDB2E2BC08}.Debug.ActiveCfg = Debug|Win32
		{271E59C4-81F9-4231-85D3-E7DDB2E2BC08}.Debug.Build.0 = Debug|Win32
		{271E59C4-81F9-4231-85D3-E7DDB2E2BC08}.DebugDLL.ActiveCfg = DebugDLL|Win32
		{271E59C4-81F9-4231-85D3-E7DDB2E2BC08}.DebugDLL.Build.0 = DebugDLL|Win32
		{271E59C4-81F9-4231-85D3-E7DDB2E2BC08}.Release.ActiveCfg = Release|Win32
		{271E59C4-81F9-4231-85D3-E7DDB2E2BC08}.Release.Build.0 = Release|Win32
		{271E59C4-81F9-4231-85D3-E7DDB2E2BC08}.ReleaseDLL.ActiveCfg = ReleaseDLL|Win32
		{271E59C4-81F9-4231-85D3-E7DDB2E2BC08}.ReleaseDLL.Build.0 = ReleaseDLL|Win32
		{2CDD0F47-E4B8-4C48-AD56-64C0A67EC89B}.Debug.ActiveCfg = Debug|Win32
		{2CDD0F47-E4B8-4C48-AD56-64C0A67EC89B}.Debug.Build.0 = Debug|Win32
		{2CDD0F47-E4B8-4C48-AD56-64C0A67EC89B}.DebugDLL.ActiveCfg = DebugDLL|Win32
		{2CDD0F47-E4B8-4C48-AD56-64C0A67EC89B}.DebugDLL.Build.0 = DebugDLL|Win32
		{2CDD0F47-E4B8-4C48-AD56-64C0A67EC89B}.Release.ActiveCfg = Release|Win32
		{2CDD0F47-E4B8-4C48-AD56-64C0A67EC89B}.Release.Build.0 = Release|Win32
		{2CDD0F47-E4B8-4C48-AD56-64C0A67EC89B}.ReleaseDLL.ActiveCfg = ReleaseDLL|Win32
		{2CDD0F47-E4B8-4C48-AD56-64C0A67EC89B}.ReleaseDLL.Build.0 = ReleaseDLL|Win32
		{7E0025E8-CFBE-4941-BEB7-825F14A87EE1}.Debug.ActiveCfg = Debug|Win32
		{7E0025E8-CFBE-4941-BEB7-825F14A87EE1}.Debug.Build.0 = Debug|Win32
		{7E0025E8-CFBE-4941-BEB7-825F14A87EE1}.DebugDLL.ActiveCfg = DebugDLL|Win32
		{7E0025E8-CFBE-4941-BEB7-825F14A87EE1}.DebugDLL.Build.0 = DebugDLL|Win32
		{7E0025E8-CFBE-4941-BEB7-825F14A87EE1}.Release.ActiveCfg = Release|Win32
		{7E0025E8-CFBE-4941-BEB7-825F14A87EE1}.Release.Build.0 = Release|Win32
		{7E0025E8-CFBE-4941-BEB7-825F14A87EE1}.ReleaseDLL.ActiveCfg = ReleaseDLL|Win32
		{7E0025E8-CFBE-4941-BEB7-825F14A87EE1}.ReleaseDLL.Build.0 = ReleaseDLL|Win32
		{F59D0AD2-6948-474B-B506-AD14EC9BE551}.Debug.ActiveCfg = Debug|Win32
		{F59D0AD2-6948-474B-B506-AD14EC9BE551}.Debug.Build.0 = Debug|Win32
		{F59D0AD2-6948-474B-B506-AD14EC9BE551}.DebugDLL.ActiveCfg = DebugDLL|Win32
		{F59D0AD2-6948-474B-B506-AD14EC9BE551}.DebugDLL.Build.0 = DebugDLL|Win32
		{F59D0AD2-6948-474B-B506-AD14EC9BE551}.Release.ActiveCfg = Release|Win32
		{F59D0AD2-6948-474B-B506-AD14EC9BE551}.Release.Build.0 = Release|Win32
		{F59D0AD2-6948-474B-B506-AD14EC9BE551}.ReleaseDLL.ActiveCfg = ReleaseDLL|Win32
		{F59D0AD2-6948-474B-B506-AD14EC9BE551}.ReleaseDLL.Build.0 = ReleaseDLL|Win32
		{52034F65-28AA-4E3F-A44D-C91F6F0922F8}.Debug.ActiveCfg = Debug|Win32
		{52034F65-28AA-4E3F-A44D-C91F6F0922F8}.Debug.Build.0 = Debug|Win32
		{52034F65-28AA-4E3F-A44D-C91F6F0922F8}.DebugDLL.ActiveCfg = DebugDLL|Win32
		{52034F65-28AA-4E3F-A44D-C91F6F0922F8}.DebugDLL.Build.0 = DebugDLL|Win32
		{52034F65-28AA-4E3F-A44D-C91F6F0922F8}.Release.ActiveCfg = Release|Win32
		{52034F65-28AA-4E3F-A44D-C91F6F0922F8}.Release.Build.0 = Release|Win32
		{52034F65-28AA-4E3F-A44D-C91F6F0922F8}.ReleaseDLL.ActiveCfg = ReleaseDLL|Win32
		{52034F65-28AA-4E3F-A44D-C91F6F0922F8}.ReleaseDLL.Build.0 = ReleaseDLL|Win32
		{C8F41CDA-76AA-4053-A8DE-F80892C1C2FC}.Debug.ActiveCfg = Debug|Win32
		{C8F41CDA-76AA-4053-A8DE-F80892C1C2FC}.Debug.Build.0 = Debug|Win32
		{C8F41CDA-76AA-4053-A8DE-F80892C1C2FC}.DebugDLL.ActiveCfg = DebugDLL|Win32
		{C8F41CDA-76AA-4053-A8DE-F80892C1C2FC}.DebugDLL.Build.0 = DebugDLL|Win32
		{C8F41CDA-76AA-4053-A8DE-F80892C1C2FC}.Release.ActiveCfg = Release|Win32
		{C8F41CDA-76AA-4053-A8DE-F80892C1C2FC}.Release.Build.0 = Release|Win32
		{C8F41CDA-76AA-4053-A8DE-F80892C1C2FC}.ReleaseDLL.ActiveCfg = ReleaseDLL|Win32
		{C8F41CDA-76AA-4053-A8DE-F80892C1C2FC}.ReleaseDLL.Build.0 = ReleaseDLL|Win32
		{EB7F30DE-DD77-4311-BB66-FFDF972052C7}.Debug.ActiveCfg = Debug|Win32
		{EB7F30DE-DD77-4311-BB66-FFDF972052C7}.Debug.Build.0 = Debug|Win32
		{EB7F30DE-DD77-4311-BB66-FFDF972052C7}.DebugDLL.ActiveCfg = DebugDLL|Win32
		{EB7F30DE-DD77-4311-BB66-FFDF972052C7}.DebugDLL.Build.0 = DebugDLL|Win32
		{EB7F30DE-DD77-4311-BB66-FFDF972052C7}.Release.ActiveCfg = Release|Win32
		{EB7F30DE-DD77-4311-BB66-FFDF972052C7}.Release.Build.0 = Release|Win32
		{EB7F30DE-DD77-4311-BB66-FFDF972052C7}.ReleaseDLL.ActiveCfg = ReleaseDLL|Win32
		{EB7F30DE-DD77-4311-BB66-FFDF972052C7}.ReleaseDLL.Build.0 = ReleaseDLL|Win32
		{BBDB5742-0A55-4C2C-973C-E876AAED6ABE}.Debug.ActiveCfg = Debug|Win32
		{BBDB5742-0A55-4C2C-973C-E876AAED6ABE}.Debug.Build.0 = Debug|Win32
		{BBDB5742-0A55-4C2C-973C-E876AAED6ABE}.DebugDLL.ActiveCfg = DebugDLL|Win32
		{BBDB5742-0A55-4C2C-973C-E876AAED6ABE}.DebugDLL.Build.0 = DebugDLL|Win32
		{BBDB5742-0A55-4C2C-973C-E876AAED6ABE}.Release.ActiveCfg = Release|Win32
		{BBDB5742-0A55-4C2C-973C-E876AAED6ABE}.Release.Build.0 = Release|Win32
		{BBDB5742-0A55-4C2C-973C-E876AAED6ABE}.ReleaseDLL.ActiveCfg = ReleaseDLL|Win32
		{BBDB5742-0A55-4C2C-973C-E876AAED6ABE}.ReleaseDLL.Build.0 = ReleaseDLL|Win32
		{94A7505B-3A53-40F0-95A2-2ECB1CEC7C57}.Debug.ActiveCfg = Debug|Win32
		{94A7505B-3A53-40F0-95A2-2ECB1CEC7C57}.Debug.Build.0 = Debug|Win32
		{94A7505B-3A53-40F0-95A2-2ECB1CEC7C57}.DebugDLL.ActiveCfg = DebugDLL|Win32
		{94A7505B-3A53-40F0-95A2-2ECB1CEC7C57}.DebugDLL.Build.0 = DebugDLL|Win32
		{94A7505B-3A53-40F0-95A2-2ECB1CEC7C57}.Release.ActiveCfg = Release|Win32
		{94A7505B-3A53-40F0-95A2-2ECB1CEC7C57}.Release.Build.0 = Release|Win32
		{94A7505B-3A53-40F0-95A2-2ECB1CEC7C57}.ReleaseDLL.ActiveCfg = ReleaseDLL|Win32
		{94A7505B-3A53-40F0-95A2-2ECB1CEC7C57}.ReleaseDLL.Build.0 = ReleaseDLL|Win32
		{5D43ECB3-681D-4732-9395-AB81CD283F6C}.Debug.ActiveCfg = Debug|Win32
		{5D43ECB3-681D-4732-9395-AB81CD283F6C}.Debug.Build.0 = Debug|Win32
		{5D43ECB3-681D-4732-9395-AB81CD283F6C}.DebugDLL.ActiveCfg = DebugDLL|Win32
		{5D43ECB3-681D-4732-9395-AB81CD283F6C}.DebugDLL.Build.0 = DebugDLL|Win32
		{5D43ECB3-681D-4732-9395-AB81CD283F6C}.Release.ActiveCfg = Release|Win32
		{5D43ECB3-681D-4732-9395-AB81CD283F6C}.Release.Build.0 = Release|Win32
		{5D43ECB3-681D-4732-9395-AB81CD283F6C}.ReleaseDLL.ActiveCfg = ReleaseDLL|Win32
		{5D43ECB3-681D-4732-9395-AB81CD283F6C}.ReleaseDLL.Build.0 = ReleaseDLL|Win32
		{D8B36F3A-34BB-4540-A731-EEABF1DC2E05}.Debug.ActiveCfg = Debug|Win32
		{D8B36F3A-34BB-4540-A731-EEABF1DC2E05}.Debug.Build.0 = Debug|Win32
		{D8B36F3A-34BB-4540-A731-EEABF1DC2E05}.DebugDLL.ActiveCfg = DebugDLL|Win32
		{D8B36F3A-34BB-4540-A731-EEABF1DC2E05}.DebugDLL.Build.0 = DebugDLL|Win32
		{D8B36F3A-34BB-4540-A731-EEABF1DC2E05}.Release.ActiveCfg = Release|Win32
		{D8B36F3A-34BB-4540-A731-EEABF1DC2E05}.Release.Build.0 = Release|Win32
		{D8B36F3A-34BB-4540-A731-EEABF1DC2E05}.ReleaseDLL.ActiveCfg = ReleaseDLL|Win32
		{D8B36F3A-34BB-4540-A731-EEABF1DC2E05}.ReleaseDLL.Build.0 = ReleaseDLL|Win32
		{36F0C797-F6BD-4F5C-8DB2-651D8502872D}.Debug.ActiveCfg = Debug|Win32
		{36F0C797-F6BD-4F5C-8DB2-651D8502872D}.Debug.Build.0 = Debug|Win32
		{36F0C797-F6BD-4F5C-8DB2-651D8502872D}.DebugDLL.ActiveCfg = DebugDLL|Win32
		{36F0C797-F6BD-4F5C-8DB2-651D8502872D}.DebugDLL.Build.0 = DebugDLL|Win32
		{36F0C797-F6BD-4F5C-8DB2-651D8502872D}.Release.ActiveCfg = Release|Win32
		{36F0C797-F6BD-4F5C-8DB2-651D8502872D}.Release.Build.0 = Release|Win32
		{36F0C797-F6BD-4F5C-8DB2-651D8502872D}.ReleaseDLL.ActiveCfg = ReleaseDLL|Win32
		{36F0C797-F6BD-4F5C-8DB2-651D8502872D}.ReleaseDLL.Build.0 = ReleaseDLL|Win32
		{408EB518-B855-404E-9BDC-B58F60DFA9B2}.Debug.ActiveCfg = Debug|Win32
		{408EB518-B855-404E-9BDC-B58F60DFA9B2}.Debug.Build.0 = Debug|Win32
		{408EB518-B855-404E-9BDC-B58F60DFA9B2}.DebugDLL.ActiveCfg = DebugDLL|Win32
		{408EB518-B855-404E-9BDC-B58F60DFA9B2}.DebugDLL.Build.0 = DebugDLL|Win32
		{408EB518-B855-404E-9BDC-B58F60DFA9B2}.Release.ActiveCfg = Release|Win32
		{408EB518-B855-404E-9BDC-B58F60DFA9B2}.Release.Build.0 = Release|Win32
		{408EB518-B855-404E-9BDC-B58F60DFA9B2}.ReleaseDLL.ActiveCfg = ReleaseDLL|Win32
		{408EB518-B855-404E-9BDC-B58F60DFA9B2}.ReleaseDLL.Build.0 = ReleaseDLL|Win32
		{09877CF4-83B6-44FE-A2E2-629AA5C8093E}.Debug.ActiveCfg = Debug|Win32
		{09877CF4-83B6-44FE-A2E2-629AA5C8093E}.Debug.Build.0 = Debug|Win32
		{09877CF4-83B6-44FE-A2E2-629AA5C8093E}.DebugDLL.ActiveCfg = DebugDLL|Win32
		{09877CF4-83B6-44FE-A2E2-629AA5C8093E}.DebugDLL.Build.0 = DebugDLL|Win32
		{09877CF4-83B6-44FE-A2E2-629AA5C8093E}.Release.ActiveCfg = Release|Win32
		{09877CF4-83B6-44FE-A2E2-629AA5C8093E}.Release.Build.0 = Release|Win32
		{09877CF4-83B6-44FE-A2E2-629AA5C8093E}.ReleaseDLL.ActiveCfg = ReleaseDLL|Win32
		{09877CF4-83B6-44FE-A2E2-629AA5C8093E}.ReleaseDLL.Build.0 = ReleaseDLL|Win32
		{948E8E86-7F47-46B0-95B2-ED24805F3C9F}.Debug.ActiveCfg = Debug|Win32
		{948E8E86-7F47-46B0-95B2-ED24805F3C9F}.Debug.Build.0 = Debug|Win32
		{948E8E86-7F47-46B0-95B2-ED24805F3C9F}.DebugDLL.ActiveCfg = DebugDLL|Win32
		{948E8E86-7F47-46B0-95B2-ED24805F3C9F}.DebugDLL.Build.0 = DebugDLL|Win32
		{948E8E86-7F47-46B0-95B2-ED24805F3C9F}.Release.ActiveCfg = Release|Win32
		{948E8E86-7F47-46B0-95B2-ED24805F3C9F}.Release.Build.0 = Release|Win32
		{948E8E86-7F47-46B0-95B2-ED24805F3C9F}.ReleaseDLL.ActiveCfg = ReleaseDLL|Win32
		{948E8E86-7F47-46B0-95B2-ED24805F3C9F}.ReleaseDLL.Build.0 = ReleaseDLL|Win32
		{948E8E86-7F47-46B0-95B2-ED24805F3CAF}.Debug.ActiveCfg = Debug|Win32
		{948E8E86-7F47-46B0-95B2-ED24805F3CAF}.Debug.Build.0 = Debug|Win32
		{948E8E86-7F47-46B0-95B2-ED24805F3CAF}.DebugDLL.ActiveCfg = DebugDLL|Win32
		{948E8E86-7F47-46B0-95B2-ED24805F3CAF}.DebugDLL.Build.0 = DebugDLL|Win32
		{948E8E86-7F47-46B0-95B2-ED24805F3CAF}.Release.ActiveCfg = Release|Win32
		{948E8E86-7F47-46B0-95B2-ED24805F3CAF}.Release.Build.0 = Release|Win32
		{948E8E86-7F47-46B0-95B2-ED24805F3CAF}.ReleaseDLL.ActiveCfg = ReleaseDLL|Win32
		{948E8E86-7F47-46B0-95B2-ED24805F3CAF}.ReleaseDLL.Build.0 = ReleaseDLL|Win32
		{948E8E86-7F47-46B0-95B2-ED24805F3CBF}.Debug.ActiveCfg = Debug|Win32
		{948E8E86-7F47-46B0-95B2-ED24805F3CBF}.Debug.Build.0 = Debug|Win32
		{948E8E86-7F47-46B0-95B2-ED24805F3CBF}.DebugDLL.ActiveCfg = DebugDLL|Win32
		{948E8E86-7F47-46B0-95B2-ED24805F3CBF}.DebugDLL.Build.0 = DebugDLL|Win32
		{948E8E86-7F47-46B0-95B2-ED24805F3CBF}.Release.ActiveCfg = Release|Win32
		{948E8E86-7F47-46B0-95B2-ED24805F3CBF}.Release.Build.0 = Release|Win32
		{948E8E86-7F47-46B0-95B2-ED24805F3CBF}.ReleaseDLL.ActiveCfg = ReleaseDLL|Win32
		{948E8E86-7F47-46B0-95B2-ED24805F3CBF}.ReleaseDLL.Build.0 = ReleaseDLL|Win32
		{156423D3-5FBB-45C6-A7CA-675B32F45C15}.Debug.ActiveCfg = Debug|Win32
		{156423D3-5FBB-45C6-A7CA-675B32F45C15}.Debug.Build.0 = Debug|Win32
		{156423D3-5FBB-45C6-A7CA-675B32F45C15}.DebugDLL.ActiveCfg = DebugDLL|Win32
		{156423D3-5FBB-45C6-A7CA-675B32F45C15}.DebugDLL.Build.0 = DebugDLL|Win32
		{156423D3-5FBB-45C6-A7CA-675B32F45C15}.Release.ActiveCfg = Release|Win32
		{156423D3-5FBB-45C6-A7CA-675B32F45C15}.Release.Build.0 = Release|Win32
		{156423D3-5FBB-45C6-A7CA-675B32F45C15}.ReleaseDLL.ActiveCfg = ReleaseDLL|Win32
		{156423D3-5FBB-45C6-A7CA-675B32F45C15}.ReleaseDLL.Build.0 = ReleaseDLL|Win32
		{9D2A443C-93D3-4144-B911-D7CA7CD85DE7}.Debug.ActiveCfg = Debug|Win32
		{9D2A443C-93D3-4144-B911-D7CA7CD85DE7}.Debug.Build.0 = Debug|Win32
		{9D2A443C-93D3-4144-B911-D7CA7CD85DE7}.DebugDLL.ActiveCfg = DebugDLL|Win32
		{9D2A443C-93D3-4144-B911-D7CA7CD85DE7}.DebugDLL.Build.0 = DebugDLL|Win32
		{9D2A443C-93D3-4144-B911-D7CA7CD85DE7}.Release.ActiveCfg = Release|Win32
		{9D2A443C-93D3-4144-B911-D7CA7CD85DE7}.Release.Build.0 = Release|Win32
		{9D2A443C-93D3-4144-B911-D7CA7CD85DE7}.ReleaseDLL.ActiveCfg = ReleaseDLL|Win32
		{9D2A443C-93D3-4144-B911-D7CA7CD85DE7}.ReleaseDLL.Build.0 = ReleaseDLL|Win32
		{2F4235D0-B5F5-4C59-981D-BA006734B56E}.Debug.ActiveCfg = Debug|Win32
		{2F4235D0-B5F5-4C59-981D-BA006734B56E}.Debug.Build.0 = Debug|Win32
		{2F4235D0-B5F5-4C59-981D-BA006734B56E}.DebugDLL.ActiveCfg = DebugDLL|Win32
		{2F4235D0-B5F5-4C59-981D-BA006734B56E}.DebugDLL.Build.0 = DebugDLL|Win32
		{2F4235D0-B5F5-4C59-981D-BA006734B56E}.Release.ActiveCfg = Release|Win32
		{2F4235D0-B5F5-4C59-981D-BA006734B56E}.Release.Build.0 = Release|Win32
		{2F4235D0-B5F5-4C59-981D-BA006734B56E}.ReleaseDLL.ActiveCfg = ReleaseDLL|Win32
		{2F4235D0-B5F5-4C59-981D-BA006734B56E}.ReleaseDLL.Build.0 = ReleaseDLL|Win32
		{2F4235D0-B5F5-4C59-981D-BA006734B56E}.Debug.ActiveCfg = Debug|Win32
		{2F4235D0-B5F5-4C59-981D-BA006734B56E}.Debug.Build.0 = Debug|Win32
		{2F4235D0-B5F5-4C59-981D-BA006734B56E}.DebugDLL.ActiveCfg = DebugDLL|Win32
		{2F4235D0-B5F5-4C59-981D-BA006734B56E}.DebugDLL.Build.0 = DebugDLL|Win32
		{2F4235D0-B5F5-4C59-981D-BA006734B56E}.Release.ActiveCfg = Release|Win32
		{2F4235D0-B5F5-4C59-981D-BA006734B56E}.Release.Build.0 = Release|Win32
		{2F4235D0-B5F5-4C59-981D-BA006734B56E}.ReleaseDLL.ActiveCfg = ReleaseDLL|Win32
		{2F4235D0-B5F5-4C59-981D-BA006734B56E}.ReleaseDLL.Build.0 = ReleaseDLL|Win32
		{2F4235D0-B5F5-4C59-981D-BA006734B56E}.Debug.ActiveCfg = Debug|Win32
		{2F4235D0-B5F5-4C59-981D-BA006734B56E}.Debug.Build.0 = Debug|Win32
		{2F4235D0-B5F5-4C59-981D-BA006734B56E}.DebugDLL.ActiveCfg = DebugDLL|Win32
		{2F4235D0-B5F5-4C59-981D-BA006734B56E}.DebugDLL.Build.0 = DebugDLL|Win32
		{2F4235D0-B5F5-4C59-981D-BA006734B56E}.Release.ActiveCfg = Release|Win32
		{2F4235D0-B5F5-4C59-981D-BA006734B56E}.Release.Build.0 = Release|Win32
		{2F4235D0-B5F5-4C59-981D-BA006734B56E}.ReleaseDLL.ActiveCfg = ReleaseDLL|Win32
		{2F4235D0-B5F5-4C59-981D-BA006734B56E}.ReleaseDLL.Build.0 = ReleaseDLL|Win32
	EndGlobalSection
	GlobalSection(ExtensibilityGlobals) = postSolution
	EndGlobalSection
	GlobalSection(ExtensibilityAddIns) = postSolution
	EndGlobalSection
	GlobalSection(SolutionConfigurationPlatforms) = preSolution
		Debug|Win32 = Debug|Win32
		DebugDLL|Win32 = DebugDLL|Win32
		Release|Win32 = Release|Win32
		ReleaseDLL|Win32 = ReleaseDLL|Win32
	EndGlobalSection
	GlobalSection(ProjectConfigurationPlatforms) = postSolution
		{8391174F-52D5-4111-A0FE-E87135301CFB}.Debug|Win32.ActiveCfg = Debug|Win32
		{8391174F-52D5-4111-A0FE-E87135301CFB}.Debug|Win32.Build.0 = Debug|Win32
		{8391174F-52D5-4111-A0FE-E87135301CFB}.DebugDLL|Win32.ActiveCfg = DebugDLL|Win32
		{8391174F-52D5-4111-A0FE-E87135301CFB}.DebugDLL|Win32.Build.0 = DebugDLL|Win32
		{8391174F-52D5-4111-A0FE-E87135301CFB}.Release|Win32.ActiveCfg = Release|Win32
		{8391174F-52D5-4111-A0FE-E87135301CFB}.Release|Win32.Build.0 = Release|Win32
		{8391174F-52D5-4111-A0FE-E87135301CFB}.ReleaseDLL|Win32.ActiveCfg = ReleaseDLL|Win32
		{8391174F-52D5-4111-A0FE-E87135301CFB}.ReleaseDLL|Win32.Build.0 = ReleaseDLL|Win32
		{831EF580-92C8-4CA8-B0CE-3D906280A54D}.Debug|Win32.ActiveCfg = Debug|Win32
		{831EF580-92C8-4CA8-B0CE-3D906280A54D}.Debug|Win32.Build.0 = Debug|Win32
		{831EF580-92C8-4CA8-B0CE-3D906280A54D}.DebugDLL|Win32.ActiveCfg = DebugDLL|Win32
		{831EF580-92C8-4CA8-B0CE-3D906280A54D}.DebugDLL|Win32.Build.0 = DebugDLL|Win32
		{831EF580-92C8-4CA8-B0CE-3D906280A54D}.Release|Win32.ActiveCfg = Release|Win32
		{831EF580-92C8-4CA8-B0CE-3D906280A54D}.Release|Win32.Build.0 = Release|Win32
		{831EF580-92C8-4CA8-B0CE-3D906280A54D}.ReleaseDLL|Win32.ActiveCfg = ReleaseDLL|Win32
		{831EF580-92C8-4CA8-B0CE-3D906280A54D}.ReleaseDLL|Win32.Build.0 = ReleaseDLL|Win32
		{07293CAC-00DA-493E-90C9-5D010C2B1B53}.Debug|Win32.ActiveCfg = Debug|Win32
		{07293CAC-00DA-493E-90C9-5D010C2B1B53}.Debug|Win32.Build.0 = Debug|Win32
		{07293CAC-00DA-493E-90C9-5D010C2B1B53}.DebugDLL|Win32.ActiveCfg = DebugDLL|Win32
		{07293CAC-00DA-493E-90C9-5D010C2B1B53}.DebugDLL|Win32.Build.0 = DebugDLL|Win32
		{07293CAC-00DA-493E-90C9-5D010C2B1B53}.Release|Win32.ActiveCfg = Release|Win32
		{07293CAC-00DA-493E-90C9-5D010C2B1B53}.Release|Win32.Build.0 = Release|Win32
		{07293CAC-00DA-493E-90C9-5D010C2B1B53}.ReleaseDLL|Win32.ActiveCfg = ReleaseDLL|Win32
		{07293CAC-00DA-493E-90C9-5D010C2B1B53}.ReleaseDLL|Win32.Build.0 = ReleaseDLL|Win32
		{0BDCE87F-A5FE-49AE-BE6D-A2A3E2BB69CE}.Debug|Win32.ActiveCfg = Debug|Win32
		{0BDCE87F-A5FE-49AE-BE6D-A2A3E2BB69CE}.Debug|Win32.Build.0 = Debug|Win32
		{0BDCE87F-A5FE-49AE-BE6D-A2A3E2BB69CE}.DebugDLL|Win32.ActiveCfg = DebugDLL|Win32
		{0BDCE87F-A5FE-49AE-BE6D-A2A3E2BB69CE}.DebugDLL|Win32.Build.0 = DebugDLL|Win32
		{0BDCE87F-A5FE-49AE-BE6D-A2A3E2BB69CE}.Release|Win32.ActiveCfg = Release|Win32
		{0BDCE87F-A5FE-49AE-BE6D-A2A3E2BB69CE}.Release|Win32.Build.0 = Release|Win32
		{0BDCE87F-A5FE-49AE-BE6D-A2A3E2BB69CE}.ReleaseDLL|Win32.ActiveCfg = ReleaseDLL|Win32
		{0BDCE87F-A5FE-49AE-BE6D-A2A3E2BB69CE}.ReleaseDLL|Win32.Build.0 = ReleaseDLL|Win32
		{271E59C4-81F9-4231-85D3-E7DDB2E2BC08}.Debug|Win32.ActiveCfg = Debug|Win32
		{271E59C4-81F9-4231-85D3-E7DDB2E2BC08}.Debug|Win32.Build.0 = Debug|Win32
		{271E59C4-81F9-4231-85D3-E7DDB2E2BC08}.DebugDLL|Win32.ActiveCfg = DebugDLL|Win32
		{271E59C4-81F9-4231-85D3-E7DDB2E2BC08}.DebugDLL|Win32.Build.0 = DebugDLL|Win32
		{271E59C4-81F9-4231-85D3-E7DDB2E2BC08}.Release|Win32.ActiveCfg = Release|Win32
		{271E59C4-81F9-4231-85D3-E7DDB2E2BC08}.Release|Win32.Build.0 = Release|Win32
		{271E59C4-81F9-4231-85D3-E7DDB2E2BC08}.ReleaseDLL|Win32.ActiveCfg = ReleaseDLL|Win32
		{271E59C4-81F9-4231-85D3-E7DDB2E2BC08}.ReleaseDLL|Win32.Build.0 = ReleaseDLL|Win32
		{2CDD0F47-E4B8-4C48-AD56-64C0A67EC89B}.Debug|Win32.ActiveCfg = Debug|Win32
		{2CDD0F47-E4B8-4C48-AD56-64C0A67EC89B}.Debug|Win32.Build.0 = Debug|Win32
		{2CDD0F47-E4B8-4C48-AD56-64C0A67EC89B}.DebugDLL|Win32.ActiveCfg = DebugDLL|Win32
		{2CDD0F47-E4B8-4C48-AD56-64C0A67EC89B}.DebugDLL|Win32.Build.0 = DebugDLL|Win32
		{2CDD0F47-E4B8-4C48-AD56-64C0A67EC89B}.Release|Win32.ActiveCfg = Release|Win32
		{2CDD0F47-E4B8-4C48-AD56-64C0A67EC89B}.Release|Win32.Build.0 = Release|Win32
		{2CDD0F47-E4B8-4C48-AD56-64C0A67EC89B}.ReleaseDLL|Win32.ActiveCfg = ReleaseDLL|Win32
		{2CDD0F47-E4B8-4C48-AD56-64C0A67EC89B}.ReleaseDLL|Win32.Build.0 = ReleaseDLL|Win32
		{7E0025E8-CFBE-4941-BEB7-825F14A87EE1}.Debug|Win32.ActiveCfg = Debug|Win32
		{7E0025E8-CFBE-4941-BEB7-825F14A87EE1}.Debug|Win32.Build.0 = Debug|Win32
		{7E0025E8-CFBE-4941-BEB7-825F14A87EE1}.DebugDLL|Win32.ActiveCfg = DebugDLL|Win32
		{7E0025E8-CFBE-4941-BEB7-825F14A87EE1}.DebugDLL|Win32.Build.0 = DebugDLL|Win32
		{7E0025E8-CFBE-4941-BEB7-825F14A87EE1}.Release|Win32.ActiveCfg = Release|Win32
		{7E0025E8-CFBE-4941-BEB7-825F14A87EE1}.Release|Win32.Build.0 = Release|Win32
		{7E0025E8-CFBE-4941-BEB7-825F14A87EE1}.ReleaseDLL|Win32.ActiveCfg = ReleaseDLL|Win32
		{7E0025E8-CFBE-4941-BEB7-825F14A87EE1}.ReleaseDLL|Win32.Build.0 = ReleaseDLL|Win32
		{F59D0AD2-6948-474B-B506-AD14EC9BE551}.Debug|Win32.ActiveCfg = Debug|Win32
		{F59D0AD2-6948-474B-B506-AD14EC9BE551}.Debug|Win32.Build.0 = Debug|Win32
		{F59D0AD2-6948-474B-B506-AD14EC9BE551}.DebugDLL|Win32.ActiveCfg = DebugDLL|Win32
		{F59D0AD2-6948-474B-B506-AD14EC9BE551}.DebugDLL|Win32.Build.0 = DebugDLL|Win32
		{F59D0AD2-6948-474B-B506-AD14EC9BE551}.Release|Win32.ActiveCfg = Release|Win32
		{F59D0AD2-6948-474B-B506-AD14EC9BE551}.Release|Win32.Build.0 = Release|Win32
		{F59D0AD2-6948-474B-B506-AD14EC9BE551}.ReleaseDLL|Win32.ActiveCfg = ReleaseDLL|Win32
		{F59D0AD2-6948-474B-B506-AD14EC9BE551}.ReleaseDLL|Win32.Build.0 = ReleaseDLL|Win32
		{52034F65-28AA-4E3F-A44D-C91F6F0922F8}.Debug|Win32.ActiveCfg = Debug|Win32
		{52034F65-28AA-4E3F-A44D-C91F6F0922F8}.Debug|Win32.Build.0 = Debug|Win32
		{52034F65-28AA-4E3F-A44D-C91F6F0922F8}.DebugDLL|Win32.ActiveCfg = DebugDLL|Win32
		{52034F65-28AA-4E3F-A44D-C91F6F0922F8}.DebugDLL|Win32.Build.0 = DebugDLL|Win32
		{52034F65-28AA-4E3F-A44D-C91F6F0922F8}.Release|Win32.ActiveCfg = Release|Win32
		{52034F65-28AA-4E3F-A44D-C91F6F0922F8}.Release|Win32.Build.0 = Release|Win32
		{52034F65-28AA-4E3F-A44D-C91F6F0922F8}.ReleaseDLL|Win32.ActiveCfg = ReleaseDLL|Win32
		{52034F65-28AA-4E3F-A44D-C91F6F0922F8}.ReleaseDLL|Win32.Build.0 = ReleaseDLL|Win32
		{C8F41CDA-76AA-4053-A8DE-F80892C1C2FC}.Debug|Win32.ActiveCfg = Debug|Win32
		{C8F41CDA-76AA-4053-A8DE-F80892C1C2FC}.Debug|Win32.Build.0 = Debug|Win32
		{C8F41CDA-76AA-4053-A8DE-F80892C1C2FC}.DebugDLL|Win32.ActiveCfg = DebugDLL|Win32
		{C8F41CDA-76AA-4053-A8DE-F80892C1C2FC}.DebugDLL|Win32.Build.0 = DebugDLL|Win32
		{C8F41CDA-76AA-4053-A8DE-F80892C1C2FC}.Release|Win32.ActiveCfg = Release|Win32
		{C8F41CDA-76AA-4053-A8DE-F80892C1C2FC}.Release|Win32.Build.0 = Release|Win32
		{C8F41CDA-76AA-4053-A8DE-F80892C1C2FC}.ReleaseDLL|Win32.ActiveCfg = ReleaseDLL|Win32
		{C8F41CDA-76AA-4053-A8DE-F80892C1C2FC}.ReleaseDLL|Win32.Build.0 = ReleaseDLL|Win32
		{EB7F30DE-DD77-4311-BB66-FFDF972052C7}.Debug|Win32.ActiveCfg = Debug|Win32
		{EB7F30DE-DD77-4311-BB66-FFDF972052C7}.Debug|Win32.Build.0 = Debug|Win32
		{EB7F30DE-DD77-4311-BB66-FFDF972052C7}.DebugDLL|Win32.ActiveCfg = DebugDLL|Win32
		{EB7F30DE-DD77-4311-BB66-FFDF972052C7}.DebugDLL|Win32.Build.0 = DebugDLL|Win32
		{EB7F30DE-DD77-4311-BB66-FFDF972052C7}.Release|Win32.ActiveCfg = Release|Win32
		{EB7F30DE-DD77-4311-BB66-FFDF972052C7}.Release|Win32.Build.0 = Release|Win32
		{EB7F30DE-DD77-4311-BB66-FFDF972052C7}.ReleaseDLL|Win32.ActiveCfg = ReleaseDLL|Win32
		{EB7F30DE-DD77-4311-BB66-FFDF972052C7}.ReleaseDLL|Win32.Build.0 = ReleaseDLL|Win32
		{2F4235D0-B5F5-4C59-981D-BA006734B56E}.Debug|Win32.ActiveCfg = Debug|Win32
		{2F4235D0-B5F5-4C59-981D-BA006734B56E}.Debug|Win32.Build.0 = Debug|Win32
		{2F4235D0-B5F5-4C59-981D-BA006734B56E}.DebugDLL|Win32.ActiveCfg = DebugDLL|Win32
		{2F4235D0-B5F5-4C59-981D-BA006734B56E}.Release|Win32.ActiveCfg = Release|Win32
		{2F4235D0-B5F5-4C59-981D-BA006734B56E}.ReleaseDLL|Win32.ActiveCfg = ReleaseDLL|Win32
		{BBDB5742-0A55-4C2C-973C-E876AAED6ABE}.Debug|Win32.ActiveCfg = Debug|Win32
		{BBDB5742-0A55-4C2C-973C-E876AAED6ABE}.Debug|Win32.Build.0 = Debug|Win32
		{BBDB5742-0A55-4C2C-973C-E876AAED6ABE}.DebugDLL|Win32.ActiveCfg = DebugDLL|Win32
		{BBDB5742-0A55-4C2C-973C-E876AAED6ABE}.DebugDLL|Win32.Build.0 = DebugDLL|Win32
		{BBDB5742-0A55-4C2C-973C-E876AAED6ABE}.Release|Win32.ActiveCfg = Release|Win32
		{BBDB5742-0A55-4C2C-973C-E876AAED6ABE}.Release|Win32.Build.0 = Release|Win32
		{BBDB5742-0A55-4C2C-973C-E876AAED6ABE}.ReleaseDLL|Win32.ActiveCfg = ReleaseDLL|Win32
		{BBDB5742-0A55-4C2C-973C-E876AAED6ABE}.ReleaseDLL|Win32.Build.0 = ReleaseDLL|Win32
		{94A7505B-3A53-40F0-95A2-2ECB1CEC7C57}.Debug|Win32.ActiveCfg = Debug|Win32
		{94A7505B-3A53-40F0-95A2-2ECB1CEC7C57}.Debug|Win32.Build.0 = Debug|Win32
		{94A7505B-3A53-40F0-95A2-2ECB1CEC7C57}.DebugDLL|Win32.ActiveCfg = DebugDLL|Win32
		{94A7505B-3A53-40F0-95A2-2ECB1CEC7C57}.DebugDLL|Win32.Build.0 = DebugDLL|Win32
		{94A7505B-3A53-40F0-95A2-2ECB1CEC7C57}.Release|Win32.ActiveCfg = Release|Win32
		{94A7505B-3A53-40F0-95A2-2ECB1CEC7C57}.Release|Win32.Build.0 = Release|Win32
		{94A7505B-3A53-40F0-95A2-2ECB1CEC7C57}.ReleaseDLL|Win32.ActiveCfg = ReleaseDLL|Win32
		{94A7505B-3A53-40F0-95A2-2ECB1CEC7C57}.ReleaseDLL|Win32.Build.0 = ReleaseDLL|Win32
		{5D43ECB3-681D-4732-9395-AB81CD283F6C}.Debug|Win32.ActiveCfg = Debug|Win32
		{5D43ECB3-681D-4732-9395-AB81CD283F6C}.Debug|Win32.Build.0 = Debug|Win32
		{5D43ECB3-681D-4732-9395-AB81CD283F6C}.DebugDLL|Win32.ActiveCfg = DebugDLL|Win32
		{5D43ECB3-681D-4732-9395-AB81CD283F6C}.DebugDLL|Win32.Build.0 = DebugDLL|Win32
		{5D43ECB3-681D-4732-9395-AB81CD283F6C}.Release|Win32.ActiveCfg = Release|Win32
		{5D43ECB3-681D-4732-9395-AB81CD283F6C}.Release|Win32.Build.0 = Release|Win32
		{5D43ECB3-681D-4732-9395-AB81CD283F6C}.ReleaseDLL|Win32.ActiveCfg = ReleaseDLL|Win32
		{5D43ECB3-681D-4732-9395-AB81CD283F6C}.ReleaseDLL|Win32.Build.0 = ReleaseDLL|Win32
		{D8B36F3A-34BB-4540-A731-EEABF1DC2E05}.Debug|Win32.ActiveCfg = Debug|Win32
		{D8B36F3A-34BB-4540-A731-EEABF1DC2E05}.Debug|Win32.Build.0 = Debug|Win32
		{D8B36F3A-34BB-4540-A731-EEABF1DC2E05}.DebugDLL|Win32.ActiveCfg = DebugDLL|Win32
		{D8B36F3A-34BB-4540-A731-EEABF1DC2E05}.DebugDLL|Win32.Build.0 = DebugDLL|Win32
		{D8B36F3A-34BB-4540-A731-EEABF1DC2E05}.Release|Win32.ActiveCfg = Release|Win32
		{D8B36F3A-34BB-4540-A731-EEABF1DC2E05}.Release|Win32.Build.0 = Release|Win32
		{D8B36F3A-34BB-4540-A731-EEABF1DC2E05}.ReleaseDLL|Win32.ActiveCfg = ReleaseDLL|Win32
		{D8B36F3A-34BB-4540-A731-EEABF1DC2E05}.ReleaseDLL|Win32.Build.0 = ReleaseDLL|Win32
		{36F0C797-F6BD-4F5C-8DB2-651D8502872D}.Debug|Win32.ActiveCfg = Debug|Win32
		{36F0C797-F6BD-4F5C-8DB2-651D8502872D}.Debug|Win32.Build.0 = Debug|Win32
		{36F0C797-F6BD-4F5C-8DB2-651D8502872D}.DebugDLL|Win32.ActiveCfg = DebugDLL|Win32
		{36F0C797-F6BD-4F5C-8DB2-651D8502872D}.DebugDLL|Win32.Build.0 = DebugDLL|Win32
		{36F0C797-F6BD-4F5C-8DB2-651D8502872D}.Release|Win32.ActiveCfg = Release|Win32
		{36F0C797-F6BD-4F5C-8DB2-651D8502872D}.Release|Win32.Build.0 = Release|Win32
		{36F0C797-F6BD-4F5C-8DB2-651D8502872D}.ReleaseDLL|Win32.ActiveCfg = ReleaseDLL|Win32
		{36F0C797-F6BD-4F5C-8DB2-651D8502872D}.ReleaseDLL|Win32.Build.0 = ReleaseDLL|Win32
		{408EB518-B855-404E-9BDC-B58F60DFA9B2}.Debug|Win32.ActiveCfg = Debug|Win32
		{408EB518-B855-404E-9BDC-B58F60DFA9B2}.Debug|Win32.Build.0 = Debug|Win32
		{408EB518-B855-404E-9BDC-B58F60DFA9B2}.DebugDLL|Win32.ActiveCfg = DebugDLL|Win32
		{408EB518-B855-404E-9BDC-B58F60DFA9B2}.DebugDLL|Win32.Build.0 = DebugDLL|Win32
		{408EB518-B855-404E-9BDC-B58F60DFA9B2}.Release|Win32.ActiveCfg = Release|Win32
		{408EB518-B855-404E-9BDC-B58F60DFA9B2}.Release|Win32.Build.0 = Release|Win32
		{408EB518-B855-404E-9BDC-B58F60DFA9B2}.ReleaseDLL|Win32.ActiveCfg = ReleaseDLL|Win32
		{408EB518-B855-404E-9BDC-B58F60DFA9B2}.ReleaseDLL|Win32.Build.0 = ReleaseDLL|Win32
		{09877CF4-83B6-44FE-A2E2-629AA5C8093E}.Debug|Win32.ActiveCfg = Debug|Win32
		{09877CF4-83B6-44FE-A2E2-629AA5C8093E}.Debug|Win32.Build.0 = Debug|Win32
		{09877CF4-83B6-44FE-A2E2-629AA5C8093E}.DebugDLL|Win32.ActiveCfg = DebugDLL|Win32
		{09877CF4-83B6-44FE-A2E2-629AA5C8093E}.DebugDLL|Win32.Build.0 = DebugDLL|Win32
		{09877CF4-83B6-44FE-A2E2-629AA5C8093E}.Release|Win32.ActiveCfg = Release|Win32
		{09877CF4-83B6-44FE-A2E2-629AA5C8093E}.Release|Win32.Build.0 = Release|Win32
		{09877CF4-83B6-44FE-A2E2-629AA5C8093E}.ReleaseDLL|Win32.ActiveCfg = ReleaseDLL|Win32
		{09877CF4-83B6-44FE-A2E2-629AA5C8093E}.ReleaseDLL|Win32.Build.0 = ReleaseDLL|Win32
		{948E8E86-7F47-46B0-95B2-ED24805F3C9F}.Debug|Win32.ActiveCfg = Debug|Win32
		{948E8E86-7F47-46B0-95B2-ED24805F3C9F}.Debug|Win32.Build.0 = Debug|Win32
		{948E8E86-7F47-46B0-95B2-ED24805F3C9F}.DebugDLL|Win32.ActiveCfg = DebugDLL|Win32
		{948E8E86-7F47-46B0-95B2-ED24805F3C9F}.DebugDLL|Win32.Build.0 = DebugDLL|Win32
		{948E8E86-7F47-46B0-95B2-ED24805F3C9F}.Release|Win32.ActiveCfg = Release|Win32
		{948E8E86-7F47-46B0-95B2-ED24805F3C9F}.Release|Win32.Build.0 = Release|Win32
		{948E8E86-7F47-46B0-95B2-ED24805F3C9F}.ReleaseDLL|Win32.ActiveCfg = ReleaseDLL|Win32
		{948E8E86-7F47-46B0-95B2-ED24805F3C9F}.ReleaseDLL|Win32.Build.0 = ReleaseDLL|Win32
		{948E8E86-7F47-46B0-95B2-ED24805F3CAF}.Debug|Win32.ActiveCfg = Debug|Win32
		{948E8E86-7F47-46B0-95B2-ED24805F3CAF}.Debug|Win32.Build.0 = Debug|Win32
		{948E8E86-7F47-46B0-95B2-ED24805F3CAF}.DebugDLL|Win32.ActiveCfg = DebugDLL|Win32
		{948E8E86-7F47-46B0-95B2-ED24805F3CAF}.DebugDLL|Win32.Build.0 = DebugDLL|Win32
		{948E8E86-7F47-46B0-95B2-ED24805F3CAF}.Release|Win32.ActiveCfg = Release|Win32
		{948E8E86-7F47-46B0-95B2-ED24805F3CAF}.Release|Win32.Build.0 = Release|Win32
		{948E8E86-7F47-46B0-95B2-ED24805F3CAF}.ReleaseDLL|Win32.ActiveCfg = ReleaseDLL|Win32
		{948E8E86-7F47-46B0-95B2-ED24805F3CAF}.ReleaseDLL|Win32.Build.0 = ReleaseDLL|Win32
		{948E8E86-7F47-46B0-95B2-ED24805F3CBF}.Debug|Win32.ActiveCfg = Debug|Win32
		{948E8E86-7F47-46B0-95B2-ED24805F3CBF}.Debug|Win32.Build.0 = Debug|Win32
		{948E8E86-7F47-46B0-95B2-ED24805F3CBF}.DebugDLL|Win32.ActiveCfg = DebugDLL|Win32
		{948E8E86-7F47-46B0-95B2-ED24805F3CBF}.DebugDLL|Win32.Build.0 = DebugDLL|Win32
		{948E8E86-7F47-46B0-95B2-ED24805F3CBF}.Release|Win32.ActiveCfg = Release|Win32
		{948E8E86-7F47-46B0-95B2-ED24805F3CBF}.Release|Win32.Build.0 = Release|Win32
		{948E8E86-7F47-46B0-95B2-ED24805F3CBF}.ReleaseDLL|Win32.ActiveCfg = ReleaseDLL|Win32
		{948E8E86-7F47-46B0-95B2-ED24805F3CBF}.ReleaseDLL|Win32.Build.0 = ReleaseDLL|Win32
		{156423D3-5FBB-45C6-A7CA-675B32F45C15}.Debug|Win32.ActiveCfg = Debug|Win32
		{156423D3-5FBB-45C6-A7CA-675B32F45C15}.Debug|Win32.Build.0 = Debug|Win32
		{156423D3-5FBB-45C6-A7CA-675B32F45C15}.DebugDLL|Win32.ActiveCfg = DebugDLL|Win32
		{156423D3-5FBB-45C6-A7CA-675B32F45C15}.DebugDLL|Win32.Build.0 = DebugDLL|Win32
		{156423D3-5FBB-45C6-A7CA-675B32F45C15}.Release|Win32.ActiveCfg = Release|Win32
		{156423D3-5FBB-45C6-A7CA-675B32F45C15}.Release|Win32.Build.0 = Release|Win32
		{156423D3-5FBB-45C6-A7CA-675B32F45C15}.ReleaseDLL|Win32.ActiveCfg = ReleaseDLL|Win32
		{156423D3-5FBB-45C6-A7CA-675B32F45C15}.ReleaseDLL|Win32.Build.0 = ReleaseDLL|Win32
		{9D2A443C-93D3-4144-B911-D7CA7CD85DE7}.Debug|Win32.ActiveCfg = Debug|Win32
		{9D2A443C-93D3-4144-B911-D7CA7CD85DE7}.Debug|Win32.Build.0 = Debug|Win32
		{9D2A443C-93D3-4144-B911-D7CA7CD85DE7}.DebugDLL|Win32.ActiveCfg = DebugDLL|Win32
		{9D2A443C-93D3-4144-B911-D7CA7CD85DE7}.DebugDLL|Win32.Build.0 = DebugDLL|Win32
		{9D2A443C-93D3-4144-B911-D7CA7CD85DE7}.Release|Win32.ActiveCfg = Release|Win32
		{9D2A443C-93D3-4144-B911-D7CA7CD85DE7}.Release|Win32.Build.0 = Release|Win32
		{9D2A443C-93D3-4144-B911-D7CA7CD85DE7}.ReleaseDLL|Win32.ActiveCfg = ReleaseDLL|Win32
		{9D2A443C-93D3-4144-B911-D7CA7CD85DE7}.ReleaseDLL|Win32.Build.0 = ReleaseDLL|Win32
	EndGlobalSection
	GlobalSection(SolutionProperties) = preSolution
		HideSolutionNode = FALSE
	EndGlobalSection
EndGlobal
