
Microsoft Visual Studio Solution File, Format Version 12.00
# Visual Studio 2012
Project("{8BC9CEB8-8B4A-11D0-8D11-00A0C91BC942}") = "libjasper", "libjasper.vcxproj", "{772BA20B-B01B-47C8-A5D6-DCF66A29EB0E}"
EndProject
Global
	GlobalSection(SolutionConfigurationPlatforms) = preSolution
		Debug|Win32 = Debug|Win32
		Release|Win32 = Release|Win32
		Template|Win32 = Template|Win32
	EndGlobalSection
	GlobalSection(ProjectConfigurationPlatforms) = postSolution
		{772BA20B-B01B-47C8-A5D6-DCF66A29EB0E}.Debug|Win32.ActiveCfg = Debug|Win32
		{772BA20B-B01B-47C8-A5D6-DCF66A29EB0E}.Debug|Win32.Build.0 = Debug|Win32
		{772BA20B-B01B-47C8-A5D6-DCF66A29EB0E}.Release|Win32.ActiveCfg = Release|Win32
		{772BA20B-B01B-47C8-A5D6-DCF66A29EB0E}.Release|Win32.Build.0 = Release|Win32
		{772BA20B-B01B-47C8-A5D6-DCF66A29EB0E}.Template|Win32.ActiveCfg = Template|Win32
		{772BA20B-B01B-47C8-A5D6-DCF66A29EB0E}.Template|Win32.Build.0 = Template|Win32
	EndGlobalSection
	GlobalSection(SolutionProperties) = preSolution
		HideSolutionNode = FALSE
	EndGlobalSection
EndGlobal
