
Microsoft Visual Studio Solution File, Format Version 11.00
# Visual Studio 2010
Project("{8BC9CEB8-8B4A-11D0-8D11-00A0C91BC942}") = "nomacs", "src\nomacs.vcxproj", "{1DE7C7DF-7FF9-4203-A3F0-319CFB1F4E0D}"
EndProject
Global
	GlobalSection(SolutionConfigurationPlatforms) = preSolution
		Debug DLL|Win32 = Debug DLL|Win32
		Debug|Win32 = Debug|Win32
		Really Release|Win32 = Really Release|Win32
		Release DLL|Win32 = Release DLL|Win32
		Release|Win32 = Release|Win32
	EndGlobalSection
	GlobalSection(ProjectConfigurationPlatforms) = postSolution
		{1DE7C7DF-7FF9-4203-A3F0-319CFB1F4E0D}.Debug DLL|Win32.ActiveCfg = Debug DLL|Win32
		{1DE7C7DF-7FF9-4203-A3F0-319CFB1F4E0D}.Debug DLL|Win32.Build.0 = Debug DLL|Win32
		{1DE7C7DF-7FF9-4203-A3F0-319CFB1F4E0D}.Debug|Win32.ActiveCfg = Debug|Win32
		{1DE7C7DF-7FF9-4203-A3F0-319CFB1F4E0D}.Debug|Win32.Build.0 = Debug|Win32
		{1DE7C7DF-7FF9-4203-A3F0-319CFB1F4E0D}.Really Release|Win32.ActiveCfg = Really Release|Win32
		{1DE7C7DF-7FF9-4203-A3F0-319CFB1F4E0D}.Really Release|Win32.Build.0 = Really Release|Win32
		{1DE7C7DF-7FF9-4203-A3F0-319CFB1F4E0D}.Release DLL|Win32.ActiveCfg = Release DLL|Win32
		{1DE7C7DF-7FF9-4203-A3F0-319CFB1F4E0D}.Release DLL|Win32.Build.0 = Release DLL|Win32
		{1DE7C7DF-7FF9-4203-A3F0-319CFB1F4E0D}.Release|Win32.ActiveCfg = Release|Win32
		{1DE7C7DF-7FF9-4203-A3F0-319CFB1F4E0D}.Release|Win32.Build.0 = Release|Win32
	EndGlobalSection
	GlobalSection(SolutionProperties) = preSolution
		HideSolutionNode = FALSE
	EndGlobalSection
	GlobalSection(ExtensibilityGlobals) = postSolution
		BuildVersion_AssemblyInfoFilename = nomacs\nomacs.rc
		BuildVersion_UpdateFileVersion = True
		BuildVersion_UpdateAssemblyVersion = True
		BuildVersion_BuildVersioningStyle = None.None.Increment.TimeStamp
		BuildVersion_UseGlobalSettings = True
	EndGlobalSection
EndGlobal
