Microsoft Visual Studio Solution File, Format Version 10.00
# Visual Studio 2008
Project("{8BC9CEB8-8B4A-11D0-8D11-00A0C91BC942}") = "libraw", "buildfiles\libraw.vcproj", "{2FBFAA81-822F-33B9-8371-3AB3C515F19C}"
EndProject
Project("{8BC9CEB8-8B4A-11D0-8D11-00A0C91BC942}") = "dcraw_emu", "buildfiles\dcraw_emu.vcproj", "{C82D4C5B-2870-3178-A0CF-784324C61739}"
EndProject
Project("{8BC9CEB8-8B4A-11D0-8D11-00A0C91BC942}") = "dcraw_half", "buildfiles\dcraw_half.vcproj", "{F7B693FE-0B0B-3479-9975-3C8D22C46EC5}"
EndProject
Project("{8BC9CEB8-8B4A-11D0-8D11-00A0C91BC942}") = "half_mt", "buildfiles\half_mt.vcproj", "{34B83B81-817D-30CB-9490-C9DF7C92C002}"
EndProject
Project("{8BC9CEB8-8B4A-11D0-8D11-00A0C91BC942}") = "mem_image", "buildfiles\mem_image.vcproj", "{EEC2A34F-EC49-36EC-AEB9-668ED8D9D774}"
EndProject
Project("{8BC9CEB8-8B4A-11D0-8D11-00A0C91BC942}") = "raw-identify", "buildfiles\raw-identify.vcproj", "{2C04DB64-E5A7-33FC-B2FB-796909A8CA70}"
EndProject
Project("{8BC9CEB8-8B4A-11D0-8D11-00A0C91BC942}") = "simple_dcraw", "buildfiles\simple_dcraw.vcproj", "{229D76B0-5D05-37DD-ABCD-111E6815AF22}"
EndProject
Project("{8BC9CEB8-8B4A-11D0-8D11-00A0C91BC942}") = "multirender_test", "buildfiles\multirender_test.vcproj", "{333626F0-EC45-3771-92C8-5E276A8799C7}"
EndProject
Project("{8BC9CEB8-8B4A-11D0-8D11-00A0C91BC942}") = "postprocessing_benchmark", "buildfiles\postprocessing_benchmark.vcproj", "{7101B5EF-6757-30FF-840F-8A022ECE3065}"
EndProject
Project("{8BC9CEB8-8B4A-11D0-8D11-00A0C91BC942}") = "unprocessed_raw", "buildfiles\unprocessed_raw.vcproj", "{2433FF3D-BAC0-3744-9185-555CC2EF0CD0}"
EndProject
Project("{8BC9CEB8-8B4A-11D0-8D11-00A0C91BC942}") = "4channels", "buildfiles\4channels.vcproj", "{4CC3EBFB-7831-3671-B550-F42B151855E5}"
EndProject
Global
	GlobalSection(SolutionConfiguration) = preSolution
		ConfigName.0 = Debug|Win32
		ConfigName.1 = Release|Win32
	EndGlobalSection
	GlobalSection(ProjectDependencies) = postSolution
	EndGlobalSection
	GlobalSection(ProjectConfiguration) = postSolution
		{2FBFAA81-822F-33B9-8371-3AB3C515F19C}.Debug|Win32.ActiveCfg = Debug|Win32
		{2FBFAA81-822F-33B9-8371-3AB3C515F19C}.Debug|Win32.Build.0 = Debug|Win32
		{2FBFAA81-822F-33B9-8371-3AB3C515F19C}.Release|Win32.ActiveCfg = Release|Win32
		{2FBFAA81-822F-33B9-8371-3AB3C515F19C}.Release|Win32.Build.0 = Release|Win32
		{C82D4C5B-2870-3178-A0CF-784324C61739}.Debug|Win32.ActiveCfg = Debug|Win32
		{C82D4C5B-2870-3178-A0CF-784324C61739}.Debug|Win32.Build.0 = Debug|Win32
		{C82D4C5B-2870-3178-A0CF-784324C61739}.Release|Win32.ActiveCfg = Release|Win32
		{C82D4C5B-2870-3178-A0CF-784324C61739}.Release|Win32.Build.0 = Release|Win32
		{F7B693FE-0B0B-3479-9975-3C8D22C46EC5}.Debug|Win32.ActiveCfg = Debug|Win32
		{F7B693FE-0B0B-3479-9975-3C8D22C46EC5}.Debug|Win32.Build.0 = Debug|Win32
		{F7B693FE-0B0B-3479-9975-3C8D22C46EC5}.Release|Win32.ActiveCfg = Release|Win32
		{F7B693FE-0B0B-3479-9975-3C8D22C46EC5}.Release|Win32.Build.0 = Release|Win32
		{34B83B81-817D-30CB-9490-C9DF7C92C002}.Debug|Win32.ActiveCfg = Debug|Win32
		{34B83B81-817D-30CB-9490-C9DF7C92C002}.Debug|Win32.Build.0 = Debug|Win32
		{34B83B81-817D-30CB-9490-C9DF7C92C002}.Release|Win32.ActiveCfg = Release|Win32
		{34B83B81-817D-30CB-9490-C9DF7C92C002}.Release|Win32.Build.0 = Release|Win32
		{EEC2A34F-EC49-36EC-AEB9-668ED8D9D774}.Debug|Win32.ActiveCfg = Debug|Win32
		{EEC2A34F-EC49-36EC-AEB9-668ED8D9D774}.Debug|Win32.Build.0 = Debug|Win32
		{EEC2A34F-EC49-36EC-AEB9-668ED8D9D774}.Release|Win32.ActiveCfg = Release|Win32
		{EEC2A34F-EC49-36EC-AEB9-668ED8D9D774}.Release|Win32.Build.0 = Release|Win32
		{2C04DB64-E5A7-33FC-B2FB-796909A8CA70}.Debug|Win32.ActiveCfg = Debug|Win32
		{2C04DB64-E5A7-33FC-B2FB-796909A8CA70}.Debug|Win32.Build.0 = Debug|Win32
		{2C04DB64-E5A7-33FC-B2FB-796909A8CA70}.Release|Win32.ActiveCfg = Release|Win32
		{2C04DB64-E5A7-33FC-B2FB-796909A8CA70}.Release|Win32.Build.0 = Release|Win32
		{229D76B0-5D05-37DD-ABCD-111E6815AF22}.Debug|Win32.ActiveCfg = Debug|Win32
		{229D76B0-5D05-37DD-ABCD-111E6815AF22}.Debug|Win32.Build.0 = Debug|Win32
		{229D76B0-5D05-37DD-ABCD-111E6815AF22}.Release|Win32.ActiveCfg = Release|Win32
		{229D76B0-5D05-37DD-ABCD-111E6815AF22}.Release|Win32.Build.0 = Release|Win32
		{333626F0-EC45-3771-92C8-5E276A8799C7}.Debug|Win32.ActiveCfg = Debug|Win32
		{333626F0-EC45-3771-92C8-5E276A8799C7}.Debug|Win32.Build.0 = Debug|Win32
		{333626F0-EC45-3771-92C8-5E276A8799C7}.Release|Win32.ActiveCfg = Release|Win32
		{333626F0-EC45-3771-92C8-5E276A8799C7}.Release|Win32.Build.0 = Release|Win32
		{7101B5EF-6757-30FF-840F-8A022ECE3065}.Debug|Win32.ActiveCfg = Debug|Win32
		{7101B5EF-6757-30FF-840F-8A022ECE3065}.Debug|Win32.Build.0 = Debug|Win32
		{7101B5EF-6757-30FF-840F-8A022ECE3065}.Release|Win32.ActiveCfg = Release|Win32
		{7101B5EF-6757-30FF-840F-8A022ECE3065}.Release|Win32.Build.0 = Release|Win32
		{2433FF3D-BAC0-3744-9185-555CC2EF0CD0}.Debug|Win32.ActiveCfg = Debug|Win32
		{2433FF3D-BAC0-3744-9185-555CC2EF0CD0}.Debug|Win32.Build.0 = Debug|Win32
		{2433FF3D-BAC0-3744-9185-555CC2EF0CD0}.Release|Win32.ActiveCfg = Release|Win32
		{2433FF3D-BAC0-3744-9185-555CC2EF0CD0}.Release|Win32.Build.0 = Release|Win32
		{4CC3EBFB-7831-3671-B550-F42B151855E5}.Debug|Win32.ActiveCfg = Debug|Win32
		{4CC3EBFB-7831-3671-B550-F42B151855E5}.Debug|Win32.Build.0 = Debug|Win32
		{4CC3EBFB-7831-3671-B550-F42B151855E5}.Release|Win32.ActiveCfg = Release|Win32
		{4CC3EBFB-7831-3671-B550-F42B151855E5}.Release|Win32.Build.0 = Release|Win32
	EndGlobalSection
	GlobalSection(ExtensibilityGlobals) = postSolution
	EndGlobalSection
	GlobalSection(ExtensibilityAddIns) = postSolution
	EndGlobalSection
EndGlobal